
Microsoft Visual Studio Solution File, Format Version 12.00
# Visual Studio Version 16
VisualStudioVersion = 16.0.30413.136
MinimumVisualStudioVersion = 10.0.40219.1
Project("{2150E333-8FDC-42A3-9474-1A3956D46DE8}") = "src", "src", "{3C8FB746-12E4-446B-9CCC-50E7D62C492C}"
EndProject
Project("{2150E333-8FDC-42A3-9474-1A3956D46DE8}") = "test", "test", "{01208498-9B53-4362-A459-0C28825149A8}"
EndProject
Project("{9A19103F-16F7-4668-BE54-9A1E7A4F7556}") = "LG.Sms.Test", "test\LG.Sms.Test\LG.Sms.Test.csproj", "{CEF1C530-5BD0-42BF-A218-CEC4CDE3F921}"
EndProject
Project("{9A19103F-16F7-4668-BE54-9A1E7A4F7556}") = "LG.Sms.Aliyun", "src\LG.Sms.Aliyun\LG.Sms.Aliyun.csproj", "{94A25055-4FF8-43E1-9D82-81670855B8E3}"
EndProject
Project("{9A19103F-16F7-4668-BE54-9A1E7A4F7556}") = "LG.Sms.ChinaMobile", "src\LG.Sms.ChinaMobile\LG.Sms.ChinaMobile.csproj", "{5C23D2FE-7125-449C-9F9E-9FAE3256DF72}"
EndProject
Project("{9A19103F-16F7-4668-BE54-9A1E7A4F7556}") = "LG.Sms.Core", "src\LG.Sms.Core\LG.Sms.Core.csproj", "{2505289D-692A-43DD-B005-F764BBD26530}"
EndProject
Global
	GlobalSection(SolutionConfigurationPlatforms) = preSolution
		Debug|Any CPU = Debug|Any CPU
		Release|Any CPU = Release|Any CPU
	EndGlobalSection
	GlobalSection(ProjectConfigurationPlatforms) = postSolution
		{CEF1C530-5BD0-42BF-A218-CEC4CDE3F921}.Debug|Any CPU.ActiveCfg = Debug|Any CPU
		{CEF1C530-5BD0-42BF-A218-CEC4CDE3F921}.Debug|Any CPU.Build.0 = Debug|Any CPU
		{CEF1C530-5BD0-42BF-A218-CEC4CDE3F921}.Release|Any CPU.ActiveCfg = Release|Any CPU
		{CEF1C530-5BD0-42BF-A218-CEC4CDE3F921}.Release|Any CPU.Build.0 = Release|Any CPU
		{94A25055-4FF8-43E1-9D82-81670855B8E3}.Debug|Any CPU.ActiveCfg = Debug|Any CPU
		{94A25055-4FF8-43E1-9D82-81670855B8E3}.Debug|Any CPU.Build.0 = Debug|Any CPU
		{94A25055-4FF8-43E1-9D82-81670855B8E3}.Release|Any CPU.ActiveCfg = Release|Any CPU
		{94A25055-4FF8-43E1-9D82-81670855B8E3}.Release|Any CPU.Build.0 = Release|Any CPU
		{5C23D2FE-7125-449C-9F9E-9FAE3256DF72}.Debug|Any CPU.ActiveCfg = Debug|Any CPU
		{5C23D2FE-7125-449C-9F9E-9FAE3256DF72}.Debug|Any CPU.Build.0 = Debug|Any CPU
		{5C23D2FE-7125-449C-9F9E-9FAE3256DF72}.Release|Any CPU.ActiveCfg = Release|Any CPU
		{5C23D2FE-7125-449C-9F9E-9FAE3256DF72}.Release|Any CPU.Build.0 = Release|Any CPU
		{2505289D-692A-43DD-B005-F764BBD26530}.Debug|Any CPU.ActiveCfg = Debug|Any CPU
		{2505289D-692A-43DD-B005-F764BBD26530}.Debug|Any CPU.Build.0 = Debug|Any CPU
		{2505289D-692A-43DD-B005-F764BBD26530}.Release|Any CPU.ActiveCfg = Release|Any CPU
		{2505289D-692A-43DD-B005-F764BBD26530}.Release|Any CPU.Build.0 = Release|Any CPU
	EndGlobalSection
	GlobalSection(SolutionProperties) = preSolution
		HideSolutionNode = FALSE
	EndGlobalSection
	GlobalSection(NestedProjects) = preSolution
		{CEF1C530-5BD0-42BF-A218-CEC4CDE3F921} = {01208498-9B53-4362-A459-0C28825149A8}
		{94A25055-4FF8-43E1-9D82-81670855B8E3} = {3C8FB746-12E4-446B-9CCC-50E7D62C492C}
		{5C23D2FE-7125-449C-9F9E-9FAE3256DF72} = {3C8FB746-12E4-446B-9CCC-50E7D62C492C}
		{2505289D-692A-43DD-B005-F764BBD26530} = {3C8FB746-12E4-446B-9CCC-50E7D62C492C}
	EndGlobalSection
	GlobalSection(ExtensibilityGlobals) = postSolution
		SolutionGuid = {9C7A6993-958C-4B92-AA15-662A64815396}
	EndGlobalSection
EndGlobal
