
Microsoft Visual Studio Solution File, Format Version 12.00
# Visual Studio Version 17
VisualStudioVersion = 17.0.31919.166
MinimumVisualStudioVersion = 10.0.40219.1
Project("{9A19103F-16F7-4668-BE54-9A1E7A4F7556}") = "Hugin.Wechat.Abstractions", "src\Hugin.Wechat.Abstractions\Hugin.Wechat.Abstractions.csproj", "{B4790EBA-D01F-4AD6-9582-CF5DBAFA3F1C}"
EndProject
Project("{9A19103F-16F7-4668-BE54-9A1E7A4F7556}") = "Hugin.Wechat.Senparc", "src\Hugin.Wechat.Senparc\Hugin.Wechat.Senparc.csproj", "{5F71DA3E-EF7F-4BAB-9819-B69D8860E5D2}"
EndProject
Project("{9A19103F-16F7-4668-BE54-9A1E7A4F7556}") = "Hugin.Wechat.Senparc.HttpApi", "src\Hugin.Wechat.Senparc.HttpApi\Hugin.Wechat.Senparc.HttpApi.csproj", "{CC8D9515-9920-4B60-A862-254D0E0E5F4B}"
EndProject
Global
	GlobalSection(SolutionConfigurationPlatforms) = preSolution
		Debug|Any CPU = Debug|Any CPU
		Release|Any CPU = Release|Any CPU
	EndGlobalSection
	GlobalSection(ProjectConfigurationPlatforms) = postSolution
		{B4790EBA-D01F-4AD6-9582-CF5DBAFA3F1C}.Debug|Any CPU.ActiveCfg = Debug|Any CPU
		{B4790EBA-D01F-4AD6-9582-CF5DBAFA3F1C}.Debug|Any CPU.Build.0 = Debug|Any CPU
		{B4790EBA-D01F-4AD6-9582-CF5DBAFA3F1C}.Release|Any CPU.ActiveCfg = Release|Any CPU
		{B4790EBA-D01F-4AD6-9582-CF5DBAFA3F1C}.Release|Any CPU.Build.0 = Release|Any CPU
		{5F71DA3E-EF7F-4BAB-9819-B69D8860E5D2}.Debug|Any CPU.ActiveCfg = Debug|Any CPU
		{5F71DA3E-EF7F-4BAB-9819-B69D8860E5D2}.Debug|Any CPU.Build.0 = Debug|Any CPU
		{5F71DA3E-EF7F-4BAB-9819-B69D8860E5D2}.Release|Any CPU.ActiveCfg = Release|Any CPU
		{5F71DA3E-EF7F-4BAB-9819-B69D8860E5D2}.Release|Any CPU.Build.0 = Release|Any CPU
		{CC8D9515-9920-4B60-A862-254D0E0E5F4B}.Debug|Any CPU.ActiveCfg = Debug|Any CPU
		{CC8D9515-9920-4B60-A862-254D0E0E5F4B}.Debug|Any CPU.Build.0 = Debug|Any CPU
		{CC8D9515-9920-4B60-A862-254D0E0E5F4B}.Release|Any CPU.ActiveCfg = Release|Any CPU
		{CC8D9515-9920-4B60-A862-254D0E0E5F4B}.Release|Any CPU.Build.0 = Release|Any CPU
	EndGlobalSection
	GlobalSection(SolutionProperties) = preSolution
		HideSolutionNode = FALSE
	EndGlobalSection
	GlobalSection(ExtensibilityGlobals) = postSolution
		SolutionGuid = {9C7A6993-958C-4B92-AA15-662A64815396}
	EndGlobalSection
EndGlobal
