
Microsoft Visual Studio Solution File, Format Version 12.00
# Visual Studio Version 16
VisualStudioVersion = 16.0.29001.49
MinimumVisualStudioVersion = 10.0.40219.1
Project("{2150E333-8FDC-42A3-9474-1A3956D46DE8}") = "_Infrastructure", "_Infrastructure", "{915F14F3-3C73-4851-8F6F-B111F80CF9BF}"
EndProject
Project("{2150E333-8FDC-42A3-9474-1A3956D46DE8}") = "_module", "_module", "{005226C7-DCC8-44DA-B135-0BD398DB7397}"
EndProject
Project("{2150E333-8FDC-42A3-9474-1A3956D46DE8}") = "_abp", "_abp", "{E25469C1-426C-4D9A-97C5-17371DE488A0}"
EndProject
Project("{2150E333-8FDC-42A3-9474-1A3956D46DE8}") = "_cache", "_cache", "{1365E4A7-CA36-47D6-B22E-8CAECA6A04A7}"
EndProject
Project("{2150E333-8FDC-42A3-9474-1A3956D46DE8}") = "host", "host", "{E400416D-2895-4512-9D17-90681EEC7E0A}"
EndProject
Project("{2150E333-8FDC-42A3-9474-1A3956D46DE8}") = "sample", "sample", "{1F597882-1515-4979-81E8-C6DE8C81597E}"
EndProject
Project("{2150E333-8FDC-42A3-9474-1A3956D46DE8}") = "test", "test", "{CCD2960C-23CC-4AB4-B84D-60C7AAA52F4D}"
EndProject
Project("{2150E333-8FDC-42A3-9474-1A3956D46DE8}") = "identity", "identity", "{8BAD8DAC-81AB-41E7-831C-7FF8FD10F3C6}"
EndProject
Project("{9A19103F-16F7-4668-BE54-9A1E7A4F7556}") = "Hugin.HostShared", "host\Hugin.HostShared\Hugin.HostShared.csproj", "{4D4AEBA9-F6F6-456F-99E2-7097381094C9}"
EndProject
Project("{9A19103F-16F7-4668-BE54-9A1E7A4F7556}") = "Hugin.IdentityServer", "host\Hugin.IdentityServer\Hugin.IdentityServer.csproj", "{A2DAA2D5-8F1A-4F24-B509-F8C0FAB901D6}"
EndProject
Project("{9A19103F-16F7-4668-BE54-9A1E7A4F7556}") = "Hugin.Sample.Host", "host\Hugin.Sample.Host\Hugin.Sample.Host.csproj", "{4A2BB416-195D-4DCB-9B7A-8236F61A01D8}"
EndProject
Project("{9A19103F-16F7-4668-BE54-9A1E7A4F7556}") = "Hugin.Sample.Web.Host", "host\Hugin.Sample.Web.Host\Hugin.Sample.Web.Host.csproj", "{78FF3220-6C9F-4D21-AD63-E702FCFFECAE}"
EndProject
Project("{9A19103F-16F7-4668-BE54-9A1E7A4F7556}") = "Hugin.Identity.Application.Contracts", "src\Hugin.Identity.Application.Contracts\Hugin.Identity.Application.Contracts.csproj", "{F6370C19-4BBF-4252-87F0-234205D6F967}"
EndProject
Project("{9A19103F-16F7-4668-BE54-9A1E7A4F7556}") = "Hugin.Identity.Domain", "src\Hugin.Identity.Domain\Hugin.Identity.Domain.csproj", "{5911A215-6947-4E56-8479-0EFCDF0F71CD}"
EndProject
Project("{9A19103F-16F7-4668-BE54-9A1E7A4F7556}") = "Hugin.Identity.EntityFrameworkCore", "src\Hugin.Identity.EntityFrameworkCore\Hugin.Identity.EntityFrameworkCore.csproj", "{DCB6556E-34A7-4D3E-ADD7-80C8AFED2D1E}"
EndProject
Project("{9A19103F-16F7-4668-BE54-9A1E7A4F7556}") = "Hugin.Identity.HttpApi.Client", "src\Hugin.Identity.HttpApi.Client\Hugin.Identity.HttpApi.Client.csproj", "{6BBC0638-9C21-4C8B-B4AF-9249CCBF14CA}"
EndProject
Project("{9A19103F-16F7-4668-BE54-9A1E7A4F7556}") = "Hugin.Sample.Application.Tests", "test\Hugin.Sample.Application.Tests\Hugin.Sample.Application.Tests.csproj", "{15D2E401-B3C3-4585-8579-0F77F7A89C57}"
EndProject
Project("{9A19103F-16F7-4668-BE54-9A1E7A4F7556}") = "Hugin.Sample.Domain.Tests", "test\Hugin.Sample.Domain.Tests\Hugin.Sample.Domain.Tests.csproj", "{D7E4DA7F-A5D5-4256-B05C-300F6307736F}"
EndProject
Project("{9A19103F-16F7-4668-BE54-9A1E7A4F7556}") = "Hugin.Sample.EntityFrameworkCore.Tests", "test\Hugin.Sample.EntityFrameworkCore.Tests\Hugin.Sample.EntityFrameworkCore.Tests.csproj", "{0216A96B-1DA0-4E5A-A9B7-944B8B7A557C}"
EndProject
Project("{9A19103F-16F7-4668-BE54-9A1E7A4F7556}") = "Hugin.Sample.TestBase", "test\Hugin.Sample.TestBase\Hugin.Sample.TestBase.csproj", "{AFCDE03F-F450-4A9D-AE81-6BC111519DA1}"
EndProject
Project("{9A19103F-16F7-4668-BE54-9A1E7A4F7556}") = "Hugin.Sample.Application", "src\Hugin.Sample.Application\Hugin.Sample.Application.csproj", "{BB821624-C6BB-4C2D-A2C9-3D154AD0643D}"
EndProject
Project("{9A19103F-16F7-4668-BE54-9A1E7A4F7556}") = "Hugin.Sample.Application.Contracts", "src\Hugin.Sample.Application.Contracts\Hugin.Sample.Application.Contracts.csproj", "{018295DD-CB61-4711-A9C8-543B5E5B3E28}"
EndProject
Project("{9A19103F-16F7-4668-BE54-9A1E7A4F7556}") = "Hugin.Sample.BackgroundJob", "src\Hugin.Sample.BackgroundJob\Hugin.Sample.BackgroundJob.csproj", "{0D6F28C4-21FB-41DD-96B3-30278E71825C}"
EndProject
Project("{9A19103F-16F7-4668-BE54-9A1E7A4F7556}") = "Hugin.Sample.Cap", "src\Hugin.Sample.Cap\Hugin.Sample.Cap.csproj", "{AC249774-C432-4B5B-9BB9-BA58366D8353}"
EndProject
Project("{9A19103F-16F7-4668-BE54-9A1E7A4F7556}") = "Hugin.Sample.Data", "src\Hugin.Sample.Data\Hugin.Sample.Data.csproj", "{DBDCFEB0-75AA-4EFD-8EFF-5748D86CE6A7}"
EndProject
Project("{9A19103F-16F7-4668-BE54-9A1E7A4F7556}") = "Hugin.Sample.Domain", "src\Hugin.Sample.Domain\Hugin.Sample.Domain.csproj", "{2279B3CB-6305-41D2-873E-C9CEC1FB8C75}"
EndProject
Project("{9A19103F-16F7-4668-BE54-9A1E7A4F7556}") = "Hugin.Sample.Domain.Shared", "src\Hugin.Sample.Domain.Shared\Hugin.Sample.Domain.Shared.csproj", "{98F243B0-7CCF-40D6-8C59-2297FCC82CB1}"
EndProject
Project("{9A19103F-16F7-4668-BE54-9A1E7A4F7556}") = "Hugin.Sample.EntityFrameworkCore", "src\Hugin.Sample.EntityFrameworkCore\Hugin.Sample.EntityFrameworkCore.csproj", "{418C1287-8B4A-4487-A983-0A72D7D191FE}"
EndProject
Project("{9A19103F-16F7-4668-BE54-9A1E7A4F7556}") = "Hugin.Sample.HttpApi", "src\Hugin.Sample.HttpApi\Hugin.Sample.HttpApi.csproj", "{98EB439D-0138-4A09-B912-6C06A3544322}"
EndProject
Project("{9A19103F-16F7-4668-BE54-9A1E7A4F7556}") = "Hugin.Sample.HttpApi.Client", "src\Hugin.Sample.HttpApi.Client\Hugin.Sample.HttpApi.Client.csproj", "{B8223765-5D1B-49CC-8D66-2056758B3D29}"
EndProject
Project("{9A19103F-16F7-4668-BE54-9A1E7A4F7556}") = "Hugin.Sample.Web", "src\Hugin.Sample.Web\Hugin.Sample.Web.csproj", "{E7EF3A78-9DC1-43A7-BD3B-8CCFD70FA9D2}"
EndProject
Project("{9A19103F-16F7-4668-BE54-9A1E7A4F7556}") = "Hugin.Infrastructure.Cache", "infrastructure\Hugin.Infrastructure.Cache\Hugin.Infrastructure.Cache.csproj", "{8F83524B-65EB-4E58-A019-B0149C103A42}"
EndProject
Project("{9A19103F-16F7-4668-BE54-9A1E7A4F7556}") = "Hugin.Infrastructure.Cap", "infrastructure\Hugin.Infrastructure.Cap\Hugin.Infrastructure.Cap.csproj", "{FF6C0457-0C42-4F29-85E2-B27A483582CD}"
EndProject
Project("{9A19103F-16F7-4668-BE54-9A1E7A4F7556}") = "Hugin.Infrastructure.Common", "infrastructure\Hugin.Infrastructure.Common\Hugin.Infrastructure.Common.csproj", "{F906A3EC-5F99-440F-B227-76E38D09DB1D}"
EndProject
Project("{9A19103F-16F7-4668-BE54-9A1E7A4F7556}") = "Hugin.Infrastructure.Data", "infrastructure\Hugin.Infrastructure.Data\Hugin.Infrastructure.Data.csproj", "{F87A4CA9-B8F8-4770-9151-085D1BEA13BE}"
EndProject
Project("{9A19103F-16F7-4668-BE54-9A1E7A4F7556}") = "Hugin.Infrastructure.Exporting", "infrastructure\Hugin.Infrastructure.Exporting\Hugin.Infrastructure.Exporting.csproj", "{292575D7-BA9C-45F2-A114-94F2980009F7}"
EndProject
Project("{9A19103F-16F7-4668-BE54-9A1E7A4F7556}") = "Hugin.Infrastructure.Log", "infrastructure\Hugin.Infrastructure.Log\Hugin.Infrastructure.Log.csproj", "{D8918B67-CAFF-427E-9BE4-D7717AFD2568}"
EndProject
Project("{9A19103F-16F7-4668-BE54-9A1E7A4F7556}") = "Volo.Abp.AspNetCore.MultiStadium", "module\abp\src\Volo.Abp.AspNetCore.MultiStadium\Volo.Abp.AspNetCore.MultiStadium.csproj", "{2E48D931-E053-40B5-9DBC-1BAE1A4E2337}"
EndProject
Project("{9A19103F-16F7-4668-BE54-9A1E7A4F7556}") = "Volo.Abp.MultiStadium", "module\abp\src\Volo.Abp.MultiStadium\Volo.Abp.MultiStadium.csproj", "{AC6A3214-E0FA-4ABB-9D34-2023137375A4}"
EndProject
Project("{9A19103F-16F7-4668-BE54-9A1E7A4F7556}") = "Volo.Abp.OAuth.Gitlab", "module\abp\src\Volo.Abp.OAuth.Gitlab\Volo.Abp.OAuth.Gitlab.csproj", "{96EF89D3-EAD5-46D8-92BC-AF0FEAD9A957}"
EndProject
Project("{9A19103F-16F7-4668-BE54-9A1E7A4F7556}") = "Hugin.Module.Abp.Application", "module\abp\src\Hugin.Module.Abp.Application\Hugin.Module.Abp.Application.csproj", "{6479F827-F554-4799-9502-FA12832294A5}"
EndProject
Project("{9A19103F-16F7-4668-BE54-9A1E7A4F7556}") = "Hugin.Module.Abp.Domain", "module\abp\src\Hugin.Module.Abp.Domain\Hugin.Module.Abp.Domain.csproj", "{8DD02AD5-8B3F-460F-9075-8709E2F45348}"
EndProject
Project("{9A19103F-16F7-4668-BE54-9A1E7A4F7556}") = "Hugin.Module.Abp.EntityFrameworkCore", "module\abp\src\Hugin.Module.Abp.EntityFrameworkCore\Hugin.Module.Abp.EntityFrameworkCore.csproj", "{EF3CEEC7-04E6-4246-9EC9-4C88CDDD33EB}"
EndProject
Project("{9A19103F-16F7-4668-BE54-9A1E7A4F7556}") = "Hugin.Module.Abp.Mvc", "module\abp\src\Hugin.Module.Abp.Mvc\Hugin.Module.Abp.Mvc.csproj", "{A26DFA7E-142A-459B-9416-64EA55B3CD29}"
EndProject
Project("{9A19103F-16F7-4668-BE54-9A1E7A4F7556}") = "Hugin.Module.Cache.CsRedis", "module\cache\src\Hugin.Module.Cache.CsRedis\Hugin.Module.Cache.CsRedis.csproj", "{710F57CD-5AAB-4125-A394-92A0C06560A0}"
EndProject
Global
	GlobalSection(SolutionConfigurationPlatforms) = preSolution
		Debug|Any CPU = Debug|Any CPU
		Release|Any CPU = Release|Any CPU
	EndGlobalSection
	GlobalSection(ProjectConfigurationPlatforms) = postSolution
		{4D4AEBA9-F6F6-456F-99E2-7097381094C9}.Debug|Any CPU.ActiveCfg = Debug|Any CPU
		{4D4AEBA9-F6F6-456F-99E2-7097381094C9}.Debug|Any CPU.Build.0 = Debug|Any CPU
		{4D4AEBA9-F6F6-456F-99E2-7097381094C9}.Release|Any CPU.ActiveCfg = Release|Any CPU
		{4D4AEBA9-F6F6-456F-99E2-7097381094C9}.Release|Any CPU.Build.0 = Release|Any CPU
		{A2DAA2D5-8F1A-4F24-B509-F8C0FAB901D6}.Debug|Any CPU.ActiveCfg = Debug|Any CPU
		{A2DAA2D5-8F1A-4F24-B509-F8C0FAB901D6}.Debug|Any CPU.Build.0 = Debug|Any CPU
		{A2DAA2D5-8F1A-4F24-B509-F8C0FAB901D6}.Release|Any CPU.ActiveCfg = Release|Any CPU
		{A2DAA2D5-8F1A-4F24-B509-F8C0FAB901D6}.Release|Any CPU.Build.0 = Release|Any CPU
		{4A2BB416-195D-4DCB-9B7A-8236F61A01D8}.Debug|Any CPU.ActiveCfg = Debug|Any CPU
		{4A2BB416-195D-4DCB-9B7A-8236F61A01D8}.Debug|Any CPU.Build.0 = Debug|Any CPU
		{4A2BB416-195D-4DCB-9B7A-8236F61A01D8}.Release|Any CPU.ActiveCfg = Release|Any CPU
		{4A2BB416-195D-4DCB-9B7A-8236F61A01D8}.Release|Any CPU.Build.0 = Release|Any CPU
		{78FF3220-6C9F-4D21-AD63-E702FCFFECAE}.Debug|Any CPU.ActiveCfg = Debug|Any CPU
		{78FF3220-6C9F-4D21-AD63-E702FCFFECAE}.Debug|Any CPU.Build.0 = Debug|Any CPU
		{78FF3220-6C9F-4D21-AD63-E702FCFFECAE}.Release|Any CPU.ActiveCfg = Release|Any CPU
		{78FF3220-6C9F-4D21-AD63-E702FCFFECAE}.Release|Any CPU.Build.0 = Release|Any CPU
		{F6370C19-4BBF-4252-87F0-234205D6F967}.Debug|Any CPU.ActiveCfg = Debug|Any CPU
		{F6370C19-4BBF-4252-87F0-234205D6F967}.Debug|Any CPU.Build.0 = Debug|Any CPU
		{F6370C19-4BBF-4252-87F0-234205D6F967}.Release|Any CPU.ActiveCfg = Release|Any CPU
		{F6370C19-4BBF-4252-87F0-234205D6F967}.Release|Any CPU.Build.0 = Release|Any CPU
		{5911A215-6947-4E56-8479-0EFCDF0F71CD}.Debug|Any CPU.ActiveCfg = Debug|Any CPU
		{5911A215-6947-4E56-8479-0EFCDF0F71CD}.Debug|Any CPU.Build.0 = Debug|Any CPU
		{5911A215-6947-4E56-8479-0EFCDF0F71CD}.Release|Any CPU.ActiveCfg = Release|Any CPU
		{5911A215-6947-4E56-8479-0EFCDF0F71CD}.Release|Any CPU.Build.0 = Release|Any CPU
		{DCB6556E-34A7-4D3E-ADD7-80C8AFED2D1E}.Debug|Any CPU.ActiveCfg = Debug|Any CPU
		{DCB6556E-34A7-4D3E-ADD7-80C8AFED2D1E}.Debug|Any CPU.Build.0 = Debug|Any CPU
		{DCB6556E-34A7-4D3E-ADD7-80C8AFED2D1E}.Release|Any CPU.ActiveCfg = Release|Any CPU
		{DCB6556E-34A7-4D3E-ADD7-80C8AFED2D1E}.Release|Any CPU.Build.0 = Release|Any CPU
		{6BBC0638-9C21-4C8B-B4AF-9249CCBF14CA}.Debug|Any CPU.ActiveCfg = Debug|Any CPU
		{6BBC0638-9C21-4C8B-B4AF-9249CCBF14CA}.Debug|Any CPU.Build.0 = Debug|Any CPU
		{6BBC0638-9C21-4C8B-B4AF-9249CCBF14CA}.Release|Any CPU.ActiveCfg = Release|Any CPU
		{6BBC0638-9C21-4C8B-B4AF-9249CCBF14CA}.Release|Any CPU.Build.0 = Release|Any CPU
		{15D2E401-B3C3-4585-8579-0F77F7A89C57}.Debug|Any CPU.ActiveCfg = Debug|Any CPU
		{15D2E401-B3C3-4585-8579-0F77F7A89C57}.Debug|Any CPU.Build.0 = Debug|Any CPU
		{15D2E401-B3C3-4585-8579-0F77F7A89C57}.Release|Any CPU.ActiveCfg = Release|Any CPU
		{15D2E401-B3C3-4585-8579-0F77F7A89C57}.Release|Any CPU.Build.0 = Release|Any CPU
		{D7E4DA7F-A5D5-4256-B05C-300F6307736F}.Debug|Any CPU.ActiveCfg = Debug|Any CPU
		{D7E4DA7F-A5D5-4256-B05C-300F6307736F}.Debug|Any CPU.Build.0 = Debug|Any CPU
		{D7E4DA7F-A5D5-4256-B05C-300F6307736F}.Release|Any CPU.ActiveCfg = Release|Any CPU
		{D7E4DA7F-A5D5-4256-B05C-300F6307736F}.Release|Any CPU.Build.0 = Release|Any CPU
		{0216A96B-1DA0-4E5A-A9B7-944B8B7A557C}.Debug|Any CPU.ActiveCfg = Debug|Any CPU
		{0216A96B-1DA0-4E5A-A9B7-944B8B7A557C}.Debug|Any CPU.Build.0 = Debug|Any CPU
		{0216A96B-1DA0-4E5A-A9B7-944B8B7A557C}.Release|Any CPU.ActiveCfg = Release|Any CPU
		{0216A96B-1DA0-4E5A-A9B7-944B8B7A557C}.Release|Any CPU.Build.0 = Release|Any CPU
		{AFCDE03F-F450-4A9D-AE81-6BC111519DA1}.Debug|Any CPU.ActiveCfg = Debug|Any CPU
		{AFCDE03F-F450-4A9D-AE81-6BC111519DA1}.Debug|Any CPU.Build.0 = Debug|Any CPU
		{AFCDE03F-F450-4A9D-AE81-6BC111519DA1}.Release|Any CPU.ActiveCfg = Release|Any CPU
		{AFCDE03F-F450-4A9D-AE81-6BC111519DA1}.Release|Any CPU.Build.0 = Release|Any CPU
		{BB821624-C6BB-4C2D-A2C9-3D154AD0643D}.Debug|Any CPU.ActiveCfg = Debug|Any CPU
		{BB821624-C6BB-4C2D-A2C9-3D154AD0643D}.Debug|Any CPU.Build.0 = Debug|Any CPU
		{BB821624-C6BB-4C2D-A2C9-3D154AD0643D}.Release|Any CPU.ActiveCfg = Release|Any CPU
		{BB821624-C6BB-4C2D-A2C9-3D154AD0643D}.Release|Any CPU.Build.0 = Release|Any CPU
		{018295DD-CB61-4711-A9C8-543B5E5B3E28}.Debug|Any CPU.ActiveCfg = Debug|Any CPU
		{018295DD-CB61-4711-A9C8-543B5E5B3E28}.Debug|Any CPU.Build.0 = Debug|Any CPU
		{018295DD-CB61-4711-A9C8-543B5E5B3E28}.Release|Any CPU.ActiveCfg = Release|Any CPU
		{018295DD-CB61-4711-A9C8-543B5E5B3E28}.Release|Any CPU.Build.0 = Release|Any CPU
		{0D6F28C4-21FB-41DD-96B3-30278E71825C}.Debug|Any CPU.ActiveCfg = Debug|Any CPU
		{0D6F28C4-21FB-41DD-96B3-30278E71825C}.Debug|Any CPU.Build.0 = Debug|Any CPU
		{0D6F28C4-21FB-41DD-96B3-30278E71825C}.Release|Any CPU.ActiveCfg = Release|Any CPU
		{0D6F28C4-21FB-41DD-96B3-30278E71825C}.Release|Any CPU.Build.0 = Release|Any CPU
		{AC249774-C432-4B5B-9BB9-BA58366D8353}.Debug|Any CPU.ActiveCfg = Debug|Any CPU
		{AC249774-C432-4B5B-9BB9-BA58366D8353}.Debug|Any CPU.Build.0 = Debug|Any CPU
		{AC249774-C432-4B5B-9BB9-BA58366D8353}.Release|Any CPU.ActiveCfg = Release|Any CPU
		{AC249774-C432-4B5B-9BB9-BA58366D8353}.Release|Any CPU.Build.0 = Release|Any CPU
		{DBDCFEB0-75AA-4EFD-8EFF-5748D86CE6A7}.Debug|Any CPU.ActiveCfg = Debug|Any CPU
		{DBDCFEB0-75AA-4EFD-8EFF-5748D86CE6A7}.Debug|Any CPU.Build.0 = Debug|Any CPU
		{DBDCFEB0-75AA-4EFD-8EFF-5748D86CE6A7}.Release|Any CPU.ActiveCfg = Release|Any CPU
		{DBDCFEB0-75AA-4EFD-8EFF-5748D86CE6A7}.Release|Any CPU.Build.0 = Release|Any CPU
		{2279B3CB-6305-41D2-873E-C9CEC1FB8C75}.Debug|Any CPU.ActiveCfg = Debug|Any CPU
		{2279B3CB-6305-41D2-873E-C9CEC1FB8C75}.Debug|Any CPU.Build.0 = Debug|Any CPU
		{2279B3CB-6305-41D2-873E-C9CEC1FB8C75}.Release|Any CPU.ActiveCfg = Release|Any CPU
		{2279B3CB-6305-41D2-873E-C9CEC1FB8C75}.Release|Any CPU.Build.0 = Release|Any CPU
		{98F243B0-7CCF-40D6-8C59-2297FCC82CB1}.Debug|Any CPU.ActiveCfg = Debug|Any CPU
		{98F243B0-7CCF-40D6-8C59-2297FCC82CB1}.Debug|Any CPU.Build.0 = Debug|Any CPU
		{98F243B0-7CCF-40D6-8C59-2297FCC82CB1}.Release|Any CPU.ActiveCfg = Release|Any CPU
		{98F243B0-7CCF-40D6-8C59-2297FCC82CB1}.Release|Any CPU.Build.0 = Release|Any CPU
		{418C1287-8B4A-4487-A983-0A72D7D191FE}.Debug|Any CPU.ActiveCfg = Debug|Any CPU
		{418C1287-8B4A-4487-A983-0A72D7D191FE}.Debug|Any CPU.Build.0 = Debug|Any CPU
		{418C1287-8B4A-4487-A983-0A72D7D191FE}.Release|Any CPU.ActiveCfg = Release|Any CPU
		{418C1287-8B4A-4487-A983-0A72D7D191FE}.Release|Any CPU.Build.0 = Release|Any CPU
		{98EB439D-0138-4A09-B912-6C06A3544322}.Debug|Any CPU.ActiveCfg = Debug|Any CPU
		{98EB439D-0138-4A09-B912-6C06A3544322}.Debug|Any CPU.Build.0 = Debug|Any CPU
		{98EB439D-0138-4A09-B912-6C06A3544322}.Release|Any CPU.ActiveCfg = Release|Any CPU
		{98EB439D-0138-4A09-B912-6C06A3544322}.Release|Any CPU.Build.0 = Release|Any CPU
		{B8223765-5D1B-49CC-8D66-2056758B3D29}.Debug|Any CPU.ActiveCfg = Debug|Any CPU
		{B8223765-5D1B-49CC-8D66-2056758B3D29}.Debug|Any CPU.Build.0 = Debug|Any CPU
		{B8223765-5D1B-49CC-8D66-2056758B3D29}.Release|Any CPU.ActiveCfg = Release|Any CPU
		{B8223765-5D1B-49CC-8D66-2056758B3D29}.Release|Any CPU.Build.0 = Release|Any CPU
		{E7EF3A78-9DC1-43A7-BD3B-8CCFD70FA9D2}.Debug|Any CPU.ActiveCfg = Debug|Any CPU
		{E7EF3A78-9DC1-43A7-BD3B-8CCFD70FA9D2}.Debug|Any CPU.Build.0 = Debug|Any CPU
		{E7EF3A78-9DC1-43A7-BD3B-8CCFD70FA9D2}.Release|Any CPU.ActiveCfg = Release|Any CPU
		{E7EF3A78-9DC1-43A7-BD3B-8CCFD70FA9D2}.Release|Any CPU.Build.0 = Release|Any CPU
		{8F83524B-65EB-4E58-A019-B0149C103A42}.Debug|Any CPU.ActiveCfg = Debug|Any CPU
		{8F83524B-65EB-4E58-A019-B0149C103A42}.Debug|Any CPU.Build.0 = Debug|Any CPU
		{8F83524B-65EB-4E58-A019-B0149C103A42}.Release|Any CPU.ActiveCfg = Release|Any CPU
		{8F83524B-65EB-4E58-A019-B0149C103A42}.Release|Any CPU.Build.0 = Release|Any CPU
		{FF6C0457-0C42-4F29-85E2-B27A483582CD}.Debug|Any CPU.ActiveCfg = Debug|Any CPU
		{FF6C0457-0C42-4F29-85E2-B27A483582CD}.Debug|Any CPU.Build.0 = Debug|Any CPU
		{FF6C0457-0C42-4F29-85E2-B27A483582CD}.Release|Any CPU.ActiveCfg = Release|Any CPU
		{FF6C0457-0C42-4F29-85E2-B27A483582CD}.Release|Any CPU.Build.0 = Release|Any CPU
		{F906A3EC-5F99-440F-B227-76E38D09DB1D}.Debug|Any CPU.ActiveCfg = Debug|Any CPU
		{F906A3EC-5F99-440F-B227-76E38D09DB1D}.Debug|Any CPU.Build.0 = Debug|Any CPU
		{F906A3EC-5F99-440F-B227-76E38D09DB1D}.Release|Any CPU.ActiveCfg = Release|Any CPU
		{F906A3EC-5F99-440F-B227-76E38D09DB1D}.Release|Any CPU.Build.0 = Release|Any CPU
		{F87A4CA9-B8F8-4770-9151-085D1BEA13BE}.Debug|Any CPU.ActiveCfg = Debug|Any CPU
		{F87A4CA9-B8F8-4770-9151-085D1BEA13BE}.Debug|Any CPU.Build.0 = Debug|Any CPU
		{F87A4CA9-B8F8-4770-9151-085D1BEA13BE}.Release|Any CPU.ActiveCfg = Release|Any CPU
		{F87A4CA9-B8F8-4770-9151-085D1BEA13BE}.Release|Any CPU.Build.0 = Release|Any CPU
		{292575D7-BA9C-45F2-A114-94F2980009F7}.Debug|Any CPU.ActiveCfg = Debug|Any CPU
		{292575D7-BA9C-45F2-A114-94F2980009F7}.Debug|Any CPU.Build.0 = Debug|Any CPU
		{292575D7-BA9C-45F2-A114-94F2980009F7}.Release|Any CPU.ActiveCfg = Release|Any CPU
		{292575D7-BA9C-45F2-A114-94F2980009F7}.Release|Any CPU.Build.0 = Release|Any CPU
		{D8918B67-CAFF-427E-9BE4-D7717AFD2568}.Debug|Any CPU.ActiveCfg = Debug|Any CPU
		{D8918B67-CAFF-427E-9BE4-D7717AFD2568}.Debug|Any CPU.Build.0 = Debug|Any CPU
		{D8918B67-CAFF-427E-9BE4-D7717AFD2568}.Release|Any CPU.ActiveCfg = Release|Any CPU
		{D8918B67-CAFF-427E-9BE4-D7717AFD2568}.Release|Any CPU.Build.0 = Release|Any CPU
		{2E48D931-E053-40B5-9DBC-1BAE1A4E2337}.Debug|Any CPU.ActiveCfg = Debug|Any CPU
		{2E48D931-E053-40B5-9DBC-1BAE1A4E2337}.Debug|Any CPU.Build.0 = Debug|Any CPU
		{2E48D931-E053-40B5-9DBC-1BAE1A4E2337}.Release|Any CPU.ActiveCfg = Release|Any CPU
		{2E48D931-E053-40B5-9DBC-1BAE1A4E2337}.Release|Any CPU.Build.0 = Release|Any CPU
		{AC6A3214-E0FA-4ABB-9D34-2023137375A4}.Debug|Any CPU.ActiveCfg = Debug|Any CPU
		{AC6A3214-E0FA-4ABB-9D34-2023137375A4}.Debug|Any CPU.Build.0 = Debug|Any CPU
		{AC6A3214-E0FA-4ABB-9D34-2023137375A4}.Release|Any CPU.ActiveCfg = Release|Any CPU
		{AC6A3214-E0FA-4ABB-9D34-2023137375A4}.Release|Any CPU.Build.0 = Release|Any CPU
		{96EF89D3-EAD5-46D8-92BC-AF0FEAD9A957}.Debug|Any CPU.ActiveCfg = Debug|Any CPU
		{96EF89D3-EAD5-46D8-92BC-AF0FEAD9A957}.Debug|Any CPU.Build.0 = Debug|Any CPU
		{96EF89D3-EAD5-46D8-92BC-AF0FEAD9A957}.Release|Any CPU.ActiveCfg = Release|Any CPU
		{96EF89D3-EAD5-46D8-92BC-AF0FEAD9A957}.Release|Any CPU.Build.0 = Release|Any CPU
		{6479F827-F554-4799-9502-FA12832294A5}.Debug|Any CPU.ActiveCfg = Debug|Any CPU
		{6479F827-F554-4799-9502-FA12832294A5}.Debug|Any CPU.Build.0 = Debug|Any CPU
		{6479F827-F554-4799-9502-FA12832294A5}.Release|Any CPU.ActiveCfg = Release|Any CPU
		{6479F827-F554-4799-9502-FA12832294A5}.Release|Any CPU.Build.0 = Release|Any CPU
		{8DD02AD5-8B3F-460F-9075-8709E2F45348}.Debug|Any CPU.ActiveCfg = Debug|Any CPU
		{8DD02AD5-8B3F-460F-9075-8709E2F45348}.Debug|Any CPU.Build.0 = Debug|Any CPU
		{8DD02AD5-8B3F-460F-9075-8709E2F45348}.Release|Any CPU.ActiveCfg = Release|Any CPU
		{8DD02AD5-8B3F-460F-9075-8709E2F45348}.Release|Any CPU.Build.0 = Release|Any CPU
		{EF3CEEC7-04E6-4246-9EC9-4C88CDDD33EB}.Debug|Any CPU.ActiveCfg = Debug|Any CPU
		{EF3CEEC7-04E6-4246-9EC9-4C88CDDD33EB}.Debug|Any CPU.Build.0 = Debug|Any CPU
		{EF3CEEC7-04E6-4246-9EC9-4C88CDDD33EB}.Release|Any CPU.ActiveCfg = Release|Any CPU
		{EF3CEEC7-04E6-4246-9EC9-4C88CDDD33EB}.Release|Any CPU.Build.0 = Release|Any CPU
		{A26DFA7E-142A-459B-9416-64EA55B3CD29}.Debug|Any CPU.ActiveCfg = Debug|Any CPU
		{A26DFA7E-142A-459B-9416-64EA55B3CD29}.Debug|Any CPU.Build.0 = Debug|Any CPU
		{A26DFA7E-142A-459B-9416-64EA55B3CD29}.Release|Any CPU.ActiveCfg = Release|Any CPU
		{A26DFA7E-142A-459B-9416-64EA55B3CD29}.Release|Any CPU.Build.0 = Release|Any CPU
		{710F57CD-5AAB-4125-A394-92A0C06560A0}.Debug|Any CPU.ActiveCfg = Debug|Any CPU
		{710F57CD-5AAB-4125-A394-92A0C06560A0}.Debug|Any CPU.Build.0 = Debug|Any CPU
		{710F57CD-5AAB-4125-A394-92A0C06560A0}.Release|Any CPU.ActiveCfg = Release|Any CPU
		{710F57CD-5AAB-4125-A394-92A0C06560A0}.Release|Any CPU.Build.0 = Release|Any CPU
	EndGlobalSection
	GlobalSection(SolutionProperties) = preSolution
		HideSolutionNode = FALSE
	EndGlobalSection
	GlobalSection(NestedProjects) = preSolution
		{E25469C1-426C-4D9A-97C5-17371DE488A0} = {005226C7-DCC8-44DA-B135-0BD398DB7397}
		{1365E4A7-CA36-47D6-B22E-8CAECA6A04A7} = {005226C7-DCC8-44DA-B135-0BD398DB7397}
		{4D4AEBA9-F6F6-456F-99E2-7097381094C9} = {E400416D-2895-4512-9D17-90681EEC7E0A}
		{A2DAA2D5-8F1A-4F24-B509-F8C0FAB901D6} = {E400416D-2895-4512-9D17-90681EEC7E0A}
		{4A2BB416-195D-4DCB-9B7A-8236F61A01D8} = {E400416D-2895-4512-9D17-90681EEC7E0A}
		{78FF3220-6C9F-4D21-AD63-E702FCFFECAE} = {E400416D-2895-4512-9D17-90681EEC7E0A}
		{F6370C19-4BBF-4252-87F0-234205D6F967} = {8BAD8DAC-81AB-41E7-831C-7FF8FD10F3C6}
		{5911A215-6947-4E56-8479-0EFCDF0F71CD} = {8BAD8DAC-81AB-41E7-831C-7FF8FD10F3C6}
		{DCB6556E-34A7-4D3E-ADD7-80C8AFED2D1E} = {8BAD8DAC-81AB-41E7-831C-7FF8FD10F3C6}
		{6BBC0638-9C21-4C8B-B4AF-9249CCBF14CA} = {8BAD8DAC-81AB-41E7-831C-7FF8FD10F3C6}
		{15D2E401-B3C3-4585-8579-0F77F7A89C57} = {CCD2960C-23CC-4AB4-B84D-60C7AAA52F4D}
		{D7E4DA7F-A5D5-4256-B05C-300F6307736F} = {CCD2960C-23CC-4AB4-B84D-60C7AAA52F4D}
		{0216A96B-1DA0-4E5A-A9B7-944B8B7A557C} = {CCD2960C-23CC-4AB4-B84D-60C7AAA52F4D}
		{AFCDE03F-F450-4A9D-AE81-6BC111519DA1} = {CCD2960C-23CC-4AB4-B84D-60C7AAA52F4D}
		{BB821624-C6BB-4C2D-A2C9-3D154AD0643D} = {1F597882-1515-4979-81E8-C6DE8C81597E}
		{018295DD-CB61-4711-A9C8-543B5E5B3E28} = {1F597882-1515-4979-81E8-C6DE8C81597E}
		{0D6F28C4-21FB-41DD-96B3-30278E71825C} = {1F597882-1515-4979-81E8-C6DE8C81597E}
		{AC249774-C432-4B5B-9BB9-BA58366D8353} = {1F597882-1515-4979-81E8-C6DE8C81597E}
		{DBDCFEB0-75AA-4EFD-8EFF-5748D86CE6A7} = {1F597882-1515-4979-81E8-C6DE8C81597E}
		{2279B3CB-6305-41D2-873E-C9CEC1FB8C75} = {1F597882-1515-4979-81E8-C6DE8C81597E}
		{98F243B0-7CCF-40D6-8C59-2297FCC82CB1} = {1F597882-1515-4979-81E8-C6DE8C81597E}
		{418C1287-8B4A-4487-A983-0A72D7D191FE} = {1F597882-1515-4979-81E8-C6DE8C81597E}
		{98EB439D-0138-4A09-B912-6C06A3544322} = {1F597882-1515-4979-81E8-C6DE8C81597E}
		{B8223765-5D1B-49CC-8D66-2056758B3D29} = {1F597882-1515-4979-81E8-C6DE8C81597E}
		{E7EF3A78-9DC1-43A7-BD3B-8CCFD70FA9D2} = {1F597882-1515-4979-81E8-C6DE8C81597E}
		{8F83524B-65EB-4E58-A019-B0149C103A42} = {915F14F3-3C73-4851-8F6F-B111F80CF9BF}
		{FF6C0457-0C42-4F29-85E2-B27A483582CD} = {915F14F3-3C73-4851-8F6F-B111F80CF9BF}
		{F906A3EC-5F99-440F-B227-76E38D09DB1D} = {915F14F3-3C73-4851-8F6F-B111F80CF9BF}
		{F87A4CA9-B8F8-4770-9151-085D1BEA13BE} = {915F14F3-3C73-4851-8F6F-B111F80CF9BF}
		{292575D7-BA9C-45F2-A114-94F2980009F7} = {915F14F3-3C73-4851-8F6F-B111F80CF9BF}
		{D8918B67-CAFF-427E-9BE4-D7717AFD2568} = {915F14F3-3C73-4851-8F6F-B111F80CF9BF}
		{2E48D931-E053-40B5-9DBC-1BAE1A4E2337} = {E25469C1-426C-4D9A-97C5-17371DE488A0}
		{AC6A3214-E0FA-4ABB-9D34-2023137375A4} = {E25469C1-426C-4D9A-97C5-17371DE488A0}
		{96EF89D3-EAD5-46D8-92BC-AF0FEAD9A957} = {E25469C1-426C-4D9A-97C5-17371DE488A0}
		{6479F827-F554-4799-9502-FA12832294A5} = {E25469C1-426C-4D9A-97C5-17371DE488A0}
		{8DD02AD5-8B3F-460F-9075-8709E2F45348} = {E25469C1-426C-4D9A-97C5-17371DE488A0}
		{EF3CEEC7-04E6-4246-9EC9-4C88CDDD33EB} = {E25469C1-426C-4D9A-97C5-17371DE488A0}
		{A26DFA7E-142A-459B-9416-64EA55B3CD29} = {E25469C1-426C-4D9A-97C5-17371DE488A0}
		{710F57CD-5AAB-4125-A394-92A0C06560A0} = {1365E4A7-CA36-47D6-B22E-8CAECA6A04A7}
	EndGlobalSection
	GlobalSection(ExtensibilityGlobals) = postSolution
		SolutionGuid = {4324B3B4-B60B-4E3C-91D8-59576B4E26DD}
	EndGlobalSection
EndGlobal
