
Microsoft Visual Studio Solution File, Format Version 12.00
# Visual Studio Version 17
VisualStudioVersion = 17.0.31919.166
MinimumVisualStudioVersion = 10.0.40219.1
Project("{2150E333-8FDC-42A3-9474-1A3956D46DE8}") = "_infrastructure", "_infrastructure", "{32B4D9F5-064C-48E1-856B-E15635D6CAE3}"
EndProject
Project("{2150E333-8FDC-42A3-9474-1A3956D46DE8}") = "_module", "_module", "{752C2322-5A7A-4313-AFC0-1F80DB04547A}"
EndProject
Project("{2150E333-8FDC-42A3-9474-1A3956D46DE8}") = "Identity", "Identity", "{283CBCB6-8644-48CE-8BFA-44B5E5197232}"
EndProject
Project("{2150E333-8FDC-42A3-9474-1A3956D46DE8}") = "BookStore", "BookStore", "{0F85A35A-D46E-4E3C-A7EA-10E591B839EE}"
EndProject
Project("{2150E333-8FDC-42A3-9474-1A3956D46DE8}") = "BookStoreWeb", "BookStoreWeb", "{AC453ACB-92B0-4D68-ADD8-C124A38FBCC0}"
EndProject
Project("{2150E333-8FDC-42A3-9474-1A3956D46DE8}") = "_extensions", "_extensions", "{C512EB78-45D3-44B8-B6F7-649224873A75}"
EndProject
Project("{9A19103F-16F7-4668-BE54-9A1E7A4F7556}") = "Hugin.Infrastructure.Cap", "_infrastructure\Hugin.Infrastructure.Cap\Hugin.Infrastructure.Cap.csproj", "{3AE9A20E-97A1-48A6-88D5-4C028BFD1123}"
EndProject
Project("{9A19103F-16F7-4668-BE54-9A1E7A4F7556}") = "Hugin.Infrastructure.Common", "_infrastructure\Hugin.Infrastructure.Common\Hugin.Infrastructure.Common.csproj", "{EB7336F3-86E5-4F2B-836B-5E61305A2A58}"
EndProject
Project("{9A19103F-16F7-4668-BE54-9A1E7A4F7556}") = "Hugin.Infrastructure.Data", "_infrastructure\Hugin.Infrastructure.Data\Hugin.Infrastructure.Data.csproj", "{6EBB2CE7-F83B-4323-A903-1F1E4D821003}"
EndProject
Project("{9A19103F-16F7-4668-BE54-9A1E7A4F7556}") = "Hugin.Infrastructure.Log", "_infrastructure\Hugin.Infrastructure.Log\Hugin.Infrastructure.Log.csproj", "{0FCC113B-2B11-452D-9247-5FCF4A78AFA9}"
EndProject
Project("{9A19103F-16F7-4668-BE54-9A1E7A4F7556}") = "Hugin.Infrastructure.Cache.CsRedis", "_infrastructure\Hugin.Infrastructure.Cache.CsRedis\Hugin.Infrastructure.Cache.CsRedis.csproj", "{7A8EE763-C19B-4627-AE2E-037A026FCFC6}"
EndProject
Project("{9A19103F-16F7-4668-BE54-9A1E7A4F7556}") = "Hugin.Infrastructure.Log.Serilog", "_infrastructure\Hugin.Infrastructure.Log.Serilog\Hugin.Infrastructure.Log.Serilog.csproj", "{3F5C1778-3E61-4EE8-9D2D-6391E1974CBE}"
EndProject
Project("{9A19103F-16F7-4668-BE54-9A1E7A4F7556}") = "Hugin.Cache.CsRedis", "_extensions\Hugin.Cache.CsRedis\Hugin.Cache.CsRedis.csproj", "{FE9058E1-5860-4FC5-BAFF-208CA74E17C9}"
EndProject
Project("{9A19103F-16F7-4668-BE54-9A1E7A4F7556}") = "Hugin.Abp.Application", "_extensions\Hugin.Abp.Application\Hugin.Abp.Application.csproj", "{CD59016E-3D01-45E7-B4F3-9FDF659B498A}"
EndProject
Project("{9A19103F-16F7-4668-BE54-9A1E7A4F7556}") = "Hugin.Abp.Domain", "_extensions\Hugin.Abp.Domain\Hugin.Abp.Domain.csproj", "{C061A74A-7C7C-4EE2-B3E7-78FC73215AB7}"
EndProject
Project("{9A19103F-16F7-4668-BE54-9A1E7A4F7556}") = "Hugin.Abp.EntityFrameworkCore", "_extensions\Hugin.Abp.EntityFrameworkCore\Hugin.Abp.EntityFrameworkCore.csproj", "{A4FF222A-D805-4045-8E21-F3DA861787B3}"
EndProject
Project("{9A19103F-16F7-4668-BE54-9A1E7A4F7556}") = "Hugin.Abp.Mvc", "_extensions\Hugin.Abp.Mvc\Hugin.Abp.Mvc.csproj", "{36280393-6561-4E87-AB61-FC0B13F1A325}"
EndProject
Project("{9A19103F-16F7-4668-BE54-9A1E7A4F7556}") = "Volo.Abp.AspNetCore.MultiStadium", "_extensions\Volo.Abp.AspNetCore.MultiStadium\Volo.Abp.AspNetCore.MultiStadium.csproj", "{77A9F270-4595-4298-95D1-924525C9B8E0}"
EndProject
Project("{9A19103F-16F7-4668-BE54-9A1E7A4F7556}") = "Volo.Abp.MultiStadium", "_extensions\Volo.Abp.MultiStadium\Volo.Abp.MultiStadium.csproj", "{CAB35141-C21A-4203-9E79-451FC19C60C3}"
EndProject
Project("{9A19103F-16F7-4668-BE54-9A1E7A4F7556}") = "Volo.Abp.OAuth.Gitlab", "_extensions\Volo.Abp.OAuth.Gitlab\Volo.Abp.OAuth.Gitlab.csproj", "{780FB365-239D-4D42-8D01-B9394B6CD412}"
EndProject
Project("{9A19103F-16F7-4668-BE54-9A1E7A4F7556}") = "HostShard", "HostShard\HostShard.csproj", "{377919A0-7076-4B77-8B26-D6812A020064}"
EndProject
Project("{9A19103F-16F7-4668-BE54-9A1E7A4F7556}") = "Hugin.Identity.Application.Contracts", "Identity\Hugin.Identity.Application.Contracts\Hugin.Identity.Application.Contracts.csproj", "{E4331DD8-C16A-48A8-BD8D-A3D260B17F4F}"
EndProject
Project("{9A19103F-16F7-4668-BE54-9A1E7A4F7556}") = "Hugin.Identity.Domain", "Identity\Hugin.Identity.Domain\Hugin.Identity.Domain.csproj", "{E0970F11-B07E-4CB5-BA37-356AB0D67679}"
EndProject
Project("{9A19103F-16F7-4668-BE54-9A1E7A4F7556}") = "Hugin.Identity.EntityFrameworkCore", "Identity\Hugin.Identity.EntityFrameworkCore\Hugin.Identity.EntityFrameworkCore.csproj", "{38F475DD-10E3-41DE-97CD-91675F7C5265}"
EndProject
Project("{9A19103F-16F7-4668-BE54-9A1E7A4F7556}") = "Hugin.Identity.Host", "Identity\Hugin.Identity.Host\Hugin.Identity.Host.csproj", "{78F9D566-E0CB-4F99-8959-21D43B409015}"
EndProject
Project("{9A19103F-16F7-4668-BE54-9A1E7A4F7556}") = "Hugin.Identity.HttpApi.Client", "Identity\Hugin.Identity.HttpApi.Client\Hugin.Identity.HttpApi.Client.csproj", "{493C1A63-90E5-4814-9EF0-07616C1265C4}"
EndProject
Project("{9A19103F-16F7-4668-BE54-9A1E7A4F7556}") = "Hugin.BookStore.Application", "BookStore\Hugin.BookStore.Application\Hugin.BookStore.Application.csproj", "{63343C13-116A-429E-A10E-C89548A50654}"
EndProject
Project("{9A19103F-16F7-4668-BE54-9A1E7A4F7556}") = "Hugin.BookStore.Application.Contracts", "BookStore\Hugin.BookStore.Application.Contracts\Hugin.BookStore.Application.Contracts.csproj", "{D551F648-C55A-4923-96DE-C54F7E25607C}"
EndProject
Project("{9A19103F-16F7-4668-BE54-9A1E7A4F7556}") = "Hugin.BookStore.BackgroundJob", "BookStore\Hugin.BookStore.BackgroundJob\Hugin.BookStore.BackgroundJob.csproj", "{05236557-4000-4D22-A914-D890FA844B5D}"
EndProject
Project("{9A19103F-16F7-4668-BE54-9A1E7A4F7556}") = "Hugin.BookStore.Cap", "BookStore\Hugin.BookStore.Cap\Hugin.BookStore.Cap.csproj", "{F479BD12-794B-4A71-BCAB-6FC6E2FB5391}"
EndProject
Project("{9A19103F-16F7-4668-BE54-9A1E7A4F7556}") = "Hugin.BookStore.Data", "BookStore\Hugin.BookStore.Data\Hugin.BookStore.Data.csproj", "{61C0D369-5424-4A29-A932-1C4650C8A52D}"
EndProject
Project("{9A19103F-16F7-4668-BE54-9A1E7A4F7556}") = "Hugin.BookStore.Domain", "BookStore\Hugin.BookStore.Domain\Hugin.BookStore.Domain.csproj", "{A8563F8A-4D96-4B59-967B-18A8492D2279}"
EndProject
Project("{9A19103F-16F7-4668-BE54-9A1E7A4F7556}") = "Hugin.BookStore.Domain.Shared", "BookStore\Hugin.BookStore.Domain.Shared\Hugin.BookStore.Domain.Shared.csproj", "{1B20D821-6515-4E57-8BC3-D9E2EDD4D707}"
EndProject
Project("{9A19103F-16F7-4668-BE54-9A1E7A4F7556}") = "Hugin.BookStore.EntityFrameworkCore", "BookStore\Hugin.BookStore.EntityFrameworkCore\Hugin.BookStore.EntityFrameworkCore.csproj", "{E57B65C9-B72A-4077-B99F-947DC7240108}"
EndProject
Project("{9A19103F-16F7-4668-BE54-9A1E7A4F7556}") = "Hugin.BookStore.Host", "BookStore\Hugin.BookStore.Host\Hugin.BookStore.Host.csproj", "{60F87A6E-BCF5-47BD-9FDB-EAB30ED6B1FE}"
EndProject
Project("{9A19103F-16F7-4668-BE54-9A1E7A4F7556}") = "Hugin.BookStore.HttpApi", "BookStore\Hugin.BookStore.HttpApi\Hugin.BookStore.HttpApi.csproj", "{B23C80A5-C146-44E6-B4AD-834757D7F0B7}"
EndProject
Project("{9A19103F-16F7-4668-BE54-9A1E7A4F7556}") = "Hugin.BookStore.HttpApi.Client", "BookStore\Hugin.BookStore.HttpApi.Client\Hugin.BookStore.HttpApi.Client.csproj", "{60915185-710D-4D48-95B4-CA97AD7BC7A7}"
EndProject
Project("{9A19103F-16F7-4668-BE54-9A1E7A4F7556}") = "Hugin.BookStoreWeb.Host", "BookStoreWeb\Hugin.BookStoreWeb.Host\Hugin.BookStoreWeb.Host.csproj", "{C9D197FC-6DE3-4D6F-9D39-08CA460C2F09}"
EndProject
Project("{9A19103F-16F7-4668-BE54-9A1E7A4F7556}") = "Hugin.BookStoreWeb.Web", "BookStoreWeb\Hugin.BookStoreWeb.Web\Hugin.BookStoreWeb.Web.csproj", "{7FF293A0-7A64-46DE-AC6C-3872734E9F97}"
EndProject
Project("{9A19103F-16F7-4668-BE54-9A1E7A4F7556}") = "Hugin.Infrastructure.Exporting.Magicodes", "_infrastructure\Hugin.Infrastructure.Exporting.Magicodes\Hugin.Infrastructure.Exporting.Magicodes.csproj", "{5E2E2933-7FCE-4697-BBD0-271594786FAC}"
EndProject
Project("{2150E333-8FDC-42A3-9474-1A3956D46DE8}") = "test", "test", "{AAEE2879-64DC-49CD-92C4-0913BEB8B9B0}"
EndProject
Project("{9A19103F-16F7-4668-BE54-9A1E7A4F7556}") = "Hugin.BookStore.Application.Tests", "test\Hugin.BookStore.Application.Tests\Hugin.BookStore.Application.Tests.csproj", "{EC6816FA-D1A7-43C8-8C26-980AA7BB7A59}"
EndProject
Project("{9A19103F-16F7-4668-BE54-9A1E7A4F7556}") = "Hugin.BookStore.Domain.Tests", "test\Hugin.BookStore.Domain.Tests\Hugin.BookStore.Domain.Tests.csproj", "{48FBA8E7-EBC2-4D4B-8DCE-6ECC05FCF3A7}"
EndProject
Project("{9A19103F-16F7-4668-BE54-9A1E7A4F7556}") = "Hugin.BookStore.EntityFrameworkCore.Tests", "test\Hugin.BookStore.EntityFrameworkCore.Tests\Hugin.BookStore.EntityFrameworkCore.Tests.csproj", "{96596FE2-9A6D-45EB-982F-4EF3B58B6118}"
EndProject
Project("{9A19103F-16F7-4668-BE54-9A1E7A4F7556}") = "Hugin.BookStore.TestBase", "test\Hugin.BookStore.TestBase\Hugin.BookStore.TestBase.csproj", "{B6F25C7E-37AA-45F3-A9A8-CC2F032F54BE}"
EndProject
Project("{9A19103F-16F7-4668-BE54-9A1E7A4F7556}") = "Hugin.BookStore.HttpApiClient.Test", "test\Hugin.BookStore.HttpApiClient.Test\Hugin.BookStore.HttpApiClient.Test.csproj", "{0CABC7E4-CD3D-4599-8A5D-44F70076F5ED}"
EndProject
Global
	GlobalSection(SolutionConfigurationPlatforms) = preSolution
		Debug|Any CPU = Debug|Any CPU
		Release|Any CPU = Release|Any CPU
	EndGlobalSection
	GlobalSection(ProjectConfigurationPlatforms) = postSolution
		{3AE9A20E-97A1-48A6-88D5-4C028BFD1123}.Debug|Any CPU.ActiveCfg = Debug|Any CPU
		{3AE9A20E-97A1-48A6-88D5-4C028BFD1123}.Debug|Any CPU.Build.0 = Debug|Any CPU
		{3AE9A20E-97A1-48A6-88D5-4C028BFD1123}.Release|Any CPU.ActiveCfg = Release|Any CPU
		{3AE9A20E-97A1-48A6-88D5-4C028BFD1123}.Release|Any CPU.Build.0 = Release|Any CPU
		{EB7336F3-86E5-4F2B-836B-5E61305A2A58}.Debug|Any CPU.ActiveCfg = Debug|Any CPU
		{EB7336F3-86E5-4F2B-836B-5E61305A2A58}.Debug|Any CPU.Build.0 = Debug|Any CPU
		{EB7336F3-86E5-4F2B-836B-5E61305A2A58}.Release|Any CPU.ActiveCfg = Release|Any CPU
		{EB7336F3-86E5-4F2B-836B-5E61305A2A58}.Release|Any CPU.Build.0 = Release|Any CPU
		{6EBB2CE7-F83B-4323-A903-1F1E4D821003}.Debug|Any CPU.ActiveCfg = Debug|Any CPU
		{6EBB2CE7-F83B-4323-A903-1F1E4D821003}.Debug|Any CPU.Build.0 = Debug|Any CPU
		{6EBB2CE7-F83B-4323-A903-1F1E4D821003}.Release|Any CPU.ActiveCfg = Release|Any CPU
		{6EBB2CE7-F83B-4323-A903-1F1E4D821003}.Release|Any CPU.Build.0 = Release|Any CPU
		{0FCC113B-2B11-452D-9247-5FCF4A78AFA9}.Debug|Any CPU.ActiveCfg = Debug|Any CPU
		{0FCC113B-2B11-452D-9247-5FCF4A78AFA9}.Debug|Any CPU.Build.0 = Debug|Any CPU
		{0FCC113B-2B11-452D-9247-5FCF4A78AFA9}.Release|Any CPU.ActiveCfg = Release|Any CPU
		{0FCC113B-2B11-452D-9247-5FCF4A78AFA9}.Release|Any CPU.Build.0 = Release|Any CPU
		{7A8EE763-C19B-4627-AE2E-037A026FCFC6}.Debug|Any CPU.ActiveCfg = Debug|Any CPU
		{7A8EE763-C19B-4627-AE2E-037A026FCFC6}.Debug|Any CPU.Build.0 = Debug|Any CPU
		{7A8EE763-C19B-4627-AE2E-037A026FCFC6}.Release|Any CPU.ActiveCfg = Release|Any CPU
		{7A8EE763-C19B-4627-AE2E-037A026FCFC6}.Release|Any CPU.Build.0 = Release|Any CPU
		{3F5C1778-3E61-4EE8-9D2D-6391E1974CBE}.Debug|Any CPU.ActiveCfg = Debug|Any CPU
		{3F5C1778-3E61-4EE8-9D2D-6391E1974CBE}.Debug|Any CPU.Build.0 = Debug|Any CPU
		{3F5C1778-3E61-4EE8-9D2D-6391E1974CBE}.Release|Any CPU.ActiveCfg = Release|Any CPU
		{3F5C1778-3E61-4EE8-9D2D-6391E1974CBE}.Release|Any CPU.Build.0 = Release|Any CPU
		{FE9058E1-5860-4FC5-BAFF-208CA74E17C9}.Debug|Any CPU.ActiveCfg = Debug|Any CPU
		{FE9058E1-5860-4FC5-BAFF-208CA74E17C9}.Debug|Any CPU.Build.0 = Debug|Any CPU
		{FE9058E1-5860-4FC5-BAFF-208CA74E17C9}.Release|Any CPU.ActiveCfg = Release|Any CPU
		{FE9058E1-5860-4FC5-BAFF-208CA74E17C9}.Release|Any CPU.Build.0 = Release|Any CPU
		{CD59016E-3D01-45E7-B4F3-9FDF659B498A}.Debug|Any CPU.ActiveCfg = Debug|Any CPU
		{CD59016E-3D01-45E7-B4F3-9FDF659B498A}.Debug|Any CPU.Build.0 = Debug|Any CPU
		{CD59016E-3D01-45E7-B4F3-9FDF659B498A}.Release|Any CPU.ActiveCfg = Release|Any CPU
		{CD59016E-3D01-45E7-B4F3-9FDF659B498A}.Release|Any CPU.Build.0 = Release|Any CPU
		{C061A74A-7C7C-4EE2-B3E7-78FC73215AB7}.Debug|Any CPU.ActiveCfg = Debug|Any CPU
		{C061A74A-7C7C-4EE2-B3E7-78FC73215AB7}.Debug|Any CPU.Build.0 = Debug|Any CPU
		{C061A74A-7C7C-4EE2-B3E7-78FC73215AB7}.Release|Any CPU.ActiveCfg = Release|Any CPU
		{C061A74A-7C7C-4EE2-B3E7-78FC73215AB7}.Release|Any CPU.Build.0 = Release|Any CPU
		{A4FF222A-D805-4045-8E21-F3DA861787B3}.Debug|Any CPU.ActiveCfg = Debug|Any CPU
		{A4FF222A-D805-4045-8E21-F3DA861787B3}.Debug|Any CPU.Build.0 = Debug|Any CPU
		{A4FF222A-D805-4045-8E21-F3DA861787B3}.Release|Any CPU.ActiveCfg = Release|Any CPU
		{A4FF222A-D805-4045-8E21-F3DA861787B3}.Release|Any CPU.Build.0 = Release|Any CPU
		{36280393-6561-4E87-AB61-FC0B13F1A325}.Debug|Any CPU.ActiveCfg = Debug|Any CPU
		{36280393-6561-4E87-AB61-FC0B13F1A325}.Debug|Any CPU.Build.0 = Debug|Any CPU
		{36280393-6561-4E87-AB61-FC0B13F1A325}.Release|Any CPU.ActiveCfg = Release|Any CPU
		{36280393-6561-4E87-AB61-FC0B13F1A325}.Release|Any CPU.Build.0 = Release|Any CPU
		{77A9F270-4595-4298-95D1-924525C9B8E0}.Debug|Any CPU.ActiveCfg = Debug|Any CPU
		{77A9F270-4595-4298-95D1-924525C9B8E0}.Debug|Any CPU.Build.0 = Debug|Any CPU
		{77A9F270-4595-4298-95D1-924525C9B8E0}.Release|Any CPU.ActiveCfg = Release|Any CPU
		{77A9F270-4595-4298-95D1-924525C9B8E0}.Release|Any CPU.Build.0 = Release|Any CPU
		{CAB35141-C21A-4203-9E79-451FC19C60C3}.Debug|Any CPU.ActiveCfg = Debug|Any CPU
		{CAB35141-C21A-4203-9E79-451FC19C60C3}.Debug|Any CPU.Build.0 = Debug|Any CPU
		{CAB35141-C21A-4203-9E79-451FC19C60C3}.Release|Any CPU.ActiveCfg = Release|Any CPU
		{CAB35141-C21A-4203-9E79-451FC19C60C3}.Release|Any CPU.Build.0 = Release|Any CPU
		{780FB365-239D-4D42-8D01-B9394B6CD412}.Debug|Any CPU.ActiveCfg = Debug|Any CPU
		{780FB365-239D-4D42-8D01-B9394B6CD412}.Debug|Any CPU.Build.0 = Debug|Any CPU
		{780FB365-239D-4D42-8D01-B9394B6CD412}.Release|Any CPU.ActiveCfg = Release|Any CPU
		{780FB365-239D-4D42-8D01-B9394B6CD412}.Release|Any CPU.Build.0 = Release|Any CPU
		{377919A0-7076-4B77-8B26-D6812A020064}.Debug|Any CPU.ActiveCfg = Debug|Any CPU
		{377919A0-7076-4B77-8B26-D6812A020064}.Debug|Any CPU.Build.0 = Debug|Any CPU
		{377919A0-7076-4B77-8B26-D6812A020064}.Release|Any CPU.ActiveCfg = Release|Any CPU
		{377919A0-7076-4B77-8B26-D6812A020064}.Release|Any CPU.Build.0 = Release|Any CPU
		{E4331DD8-C16A-48A8-BD8D-A3D260B17F4F}.Debug|Any CPU.ActiveCfg = Debug|Any CPU
		{E4331DD8-C16A-48A8-BD8D-A3D260B17F4F}.Debug|Any CPU.Build.0 = Debug|Any CPU
		{E4331DD8-C16A-48A8-BD8D-A3D260B17F4F}.Release|Any CPU.ActiveCfg = Release|Any CPU
		{E4331DD8-C16A-48A8-BD8D-A3D260B17F4F}.Release|Any CPU.Build.0 = Release|Any CPU
		{E0970F11-B07E-4CB5-BA37-356AB0D67679}.Debug|Any CPU.ActiveCfg = Debug|Any CPU
		{E0970F11-B07E-4CB5-BA37-356AB0D67679}.Debug|Any CPU.Build.0 = Debug|Any CPU
		{E0970F11-B07E-4CB5-BA37-356AB0D67679}.Release|Any CPU.ActiveCfg = Release|Any CPU
		{E0970F11-B07E-4CB5-BA37-356AB0D67679}.Release|Any CPU.Build.0 = Release|Any CPU
		{38F475DD-10E3-41DE-97CD-91675F7C5265}.Debug|Any CPU.ActiveCfg = Debug|Any CPU
		{38F475DD-10E3-41DE-97CD-91675F7C5265}.Debug|Any CPU.Build.0 = Debug|Any CPU
		{38F475DD-10E3-41DE-97CD-91675F7C5265}.Release|Any CPU.ActiveCfg = Release|Any CPU
		{38F475DD-10E3-41DE-97CD-91675F7C5265}.Release|Any CPU.Build.0 = Release|Any CPU
		{78F9D566-E0CB-4F99-8959-21D43B409015}.Debug|Any CPU.ActiveCfg = Debug|Any CPU
		{78F9D566-E0CB-4F99-8959-21D43B409015}.Debug|Any CPU.Build.0 = Debug|Any CPU
		{78F9D566-E0CB-4F99-8959-21D43B409015}.Release|Any CPU.ActiveCfg = Release|Any CPU
		{78F9D566-E0CB-4F99-8959-21D43B409015}.Release|Any CPU.Build.0 = Release|Any CPU
		{493C1A63-90E5-4814-9EF0-07616C1265C4}.Debug|Any CPU.ActiveCfg = Debug|Any CPU
		{493C1A63-90E5-4814-9EF0-07616C1265C4}.Debug|Any CPU.Build.0 = Debug|Any CPU
		{493C1A63-90E5-4814-9EF0-07616C1265C4}.Release|Any CPU.ActiveCfg = Release|Any CPU
		{493C1A63-90E5-4814-9EF0-07616C1265C4}.Release|Any CPU.Build.0 = Release|Any CPU
		{63343C13-116A-429E-A10E-C89548A50654}.Debug|Any CPU.ActiveCfg = Debug|Any CPU
		{63343C13-116A-429E-A10E-C89548A50654}.Debug|Any CPU.Build.0 = Debug|Any CPU
		{63343C13-116A-429E-A10E-C89548A50654}.Release|Any CPU.ActiveCfg = Release|Any CPU
		{63343C13-116A-429E-A10E-C89548A50654}.Release|Any CPU.Build.0 = Release|Any CPU
		{D551F648-C55A-4923-96DE-C54F7E25607C}.Debug|Any CPU.ActiveCfg = Debug|Any CPU
		{D551F648-C55A-4923-96DE-C54F7E25607C}.Debug|Any CPU.Build.0 = Debug|Any CPU
		{D551F648-C55A-4923-96DE-C54F7E25607C}.Release|Any CPU.ActiveCfg = Release|Any CPU
		{D551F648-C55A-4923-96DE-C54F7E25607C}.Release|Any CPU.Build.0 = Release|Any CPU
		{05236557-4000-4D22-A914-D890FA844B5D}.Debug|Any CPU.ActiveCfg = Debug|Any CPU
		{05236557-4000-4D22-A914-D890FA844B5D}.Debug|Any CPU.Build.0 = Debug|Any CPU
		{05236557-4000-4D22-A914-D890FA844B5D}.Release|Any CPU.ActiveCfg = Release|Any CPU
		{05236557-4000-4D22-A914-D890FA844B5D}.Release|Any CPU.Build.0 = Release|Any CPU
		{F479BD12-794B-4A71-BCAB-6FC6E2FB5391}.Debug|Any CPU.ActiveCfg = Debug|Any CPU
		{F479BD12-794B-4A71-BCAB-6FC6E2FB5391}.Debug|Any CPU.Build.0 = Debug|Any CPU
		{F479BD12-794B-4A71-BCAB-6FC6E2FB5391}.Release|Any CPU.ActiveCfg = Release|Any CPU
		{F479BD12-794B-4A71-BCAB-6FC6E2FB5391}.Release|Any CPU.Build.0 = Release|Any CPU
		{61C0D369-5424-4A29-A932-1C4650C8A52D}.Debug|Any CPU.ActiveCfg = Debug|Any CPU
		{61C0D369-5424-4A29-A932-1C4650C8A52D}.Debug|Any CPU.Build.0 = Debug|Any CPU
		{61C0D369-5424-4A29-A932-1C4650C8A52D}.Release|Any CPU.ActiveCfg = Release|Any CPU
		{61C0D369-5424-4A29-A932-1C4650C8A52D}.Release|Any CPU.Build.0 = Release|Any CPU
		{A8563F8A-4D96-4B59-967B-18A8492D2279}.Debug|Any CPU.ActiveCfg = Debug|Any CPU
		{A8563F8A-4D96-4B59-967B-18A8492D2279}.Debug|Any CPU.Build.0 = Debug|Any CPU
		{A8563F8A-4D96-4B59-967B-18A8492D2279}.Release|Any CPU.ActiveCfg = Release|Any CPU
		{A8563F8A-4D96-4B59-967B-18A8492D2279}.Release|Any CPU.Build.0 = Release|Any CPU
		{1B20D821-6515-4E57-8BC3-D9E2EDD4D707}.Debug|Any CPU.ActiveCfg = Debug|Any CPU
		{1B20D821-6515-4E57-8BC3-D9E2EDD4D707}.Debug|Any CPU.Build.0 = Debug|Any CPU
		{1B20D821-6515-4E57-8BC3-D9E2EDD4D707}.Release|Any CPU.ActiveCfg = Release|Any CPU
		{1B20D821-6515-4E57-8BC3-D9E2EDD4D707}.Release|Any CPU.Build.0 = Release|Any CPU
		{E57B65C9-B72A-4077-B99F-947DC7240108}.Debug|Any CPU.ActiveCfg = Debug|Any CPU
		{E57B65C9-B72A-4077-B99F-947DC7240108}.Debug|Any CPU.Build.0 = Debug|Any CPU
		{E57B65C9-B72A-4077-B99F-947DC7240108}.Release|Any CPU.ActiveCfg = Release|Any CPU
		{E57B65C9-B72A-4077-B99F-947DC7240108}.Release|Any CPU.Build.0 = Release|Any CPU
		{60F87A6E-BCF5-47BD-9FDB-EAB30ED6B1FE}.Debug|Any CPU.ActiveCfg = Debug|Any CPU
		{60F87A6E-BCF5-47BD-9FDB-EAB30ED6B1FE}.Debug|Any CPU.Build.0 = Debug|Any CPU
		{60F87A6E-BCF5-47BD-9FDB-EAB30ED6B1FE}.Release|Any CPU.ActiveCfg = Release|Any CPU
		{60F87A6E-BCF5-47BD-9FDB-EAB30ED6B1FE}.Release|Any CPU.Build.0 = Release|Any CPU
		{B23C80A5-C146-44E6-B4AD-834757D7F0B7}.Debug|Any CPU.ActiveCfg = Debug|Any CPU
		{B23C80A5-C146-44E6-B4AD-834757D7F0B7}.Debug|Any CPU.Build.0 = Debug|Any CPU
		{B23C80A5-C146-44E6-B4AD-834757D7F0B7}.Release|Any CPU.ActiveCfg = Release|Any CPU
		{B23C80A5-C146-44E6-B4AD-834757D7F0B7}.Release|Any CPU.Build.0 = Release|Any CPU
		{60915185-710D-4D48-95B4-CA97AD7BC7A7}.Debug|Any CPU.ActiveCfg = Debug|Any CPU
		{60915185-710D-4D48-95B4-CA97AD7BC7A7}.Debug|Any CPU.Build.0 = Debug|Any CPU
		{60915185-710D-4D48-95B4-CA97AD7BC7A7}.Release|Any CPU.ActiveCfg = Release|Any CPU
		{60915185-710D-4D48-95B4-CA97AD7BC7A7}.Release|Any CPU.Build.0 = Release|Any CPU
		{C9D197FC-6DE3-4D6F-9D39-08CA460C2F09}.Debug|Any CPU.ActiveCfg = Debug|Any CPU
		{C9D197FC-6DE3-4D6F-9D39-08CA460C2F09}.Debug|Any CPU.Build.0 = Debug|Any CPU
		{C9D197FC-6DE3-4D6F-9D39-08CA460C2F09}.Release|Any CPU.ActiveCfg = Release|Any CPU
		{C9D197FC-6DE3-4D6F-9D39-08CA460C2F09}.Release|Any CPU.Build.0 = Release|Any CPU
		{7FF293A0-7A64-46DE-AC6C-3872734E9F97}.Debug|Any CPU.ActiveCfg = Debug|Any CPU
		{7FF293A0-7A64-46DE-AC6C-3872734E9F97}.Debug|Any CPU.Build.0 = Debug|Any CPU
		{7FF293A0-7A64-46DE-AC6C-3872734E9F97}.Release|Any CPU.ActiveCfg = Release|Any CPU
		{7FF293A0-7A64-46DE-AC6C-3872734E9F97}.Release|Any CPU.Build.0 = Release|Any CPU
		{5E2E2933-7FCE-4697-BBD0-271594786FAC}.Debug|Any CPU.ActiveCfg = Debug|Any CPU
		{5E2E2933-7FCE-4697-BBD0-271594786FAC}.Debug|Any CPU.Build.0 = Debug|Any CPU
		{5E2E2933-7FCE-4697-BBD0-271594786FAC}.Release|Any CPU.ActiveCfg = Release|Any CPU
		{5E2E2933-7FCE-4697-BBD0-271594786FAC}.Release|Any CPU.Build.0 = Release|Any CPU
		{EC6816FA-D1A7-43C8-8C26-980AA7BB7A59}.Debug|Any CPU.ActiveCfg = Debug|Any CPU
		{EC6816FA-D1A7-43C8-8C26-980AA7BB7A59}.Debug|Any CPU.Build.0 = Debug|Any CPU
		{EC6816FA-D1A7-43C8-8C26-980AA7BB7A59}.Release|Any CPU.ActiveCfg = Release|Any CPU
		{EC6816FA-D1A7-43C8-8C26-980AA7BB7A59}.Release|Any CPU.Build.0 = Release|Any CPU
		{48FBA8E7-EBC2-4D4B-8DCE-6ECC05FCF3A7}.Debug|Any CPU.ActiveCfg = Debug|Any CPU
		{48FBA8E7-EBC2-4D4B-8DCE-6ECC05FCF3A7}.Debug|Any CPU.Build.0 = Debug|Any CPU
		{48FBA8E7-EBC2-4D4B-8DCE-6ECC05FCF3A7}.Release|Any CPU.ActiveCfg = Release|Any CPU
		{48FBA8E7-EBC2-4D4B-8DCE-6ECC05FCF3A7}.Release|Any CPU.Build.0 = Release|Any CPU
		{96596FE2-9A6D-45EB-982F-4EF3B58B6118}.Debug|Any CPU.ActiveCfg = Debug|Any CPU
		{96596FE2-9A6D-45EB-982F-4EF3B58B6118}.Debug|Any CPU.Build.0 = Debug|Any CPU
		{96596FE2-9A6D-45EB-982F-4EF3B58B6118}.Release|Any CPU.ActiveCfg = Release|Any CPU
		{96596FE2-9A6D-45EB-982F-4EF3B58B6118}.Release|Any CPU.Build.0 = Release|Any CPU
		{B6F25C7E-37AA-45F3-A9A8-CC2F032F54BE}.Debug|Any CPU.ActiveCfg = Debug|Any CPU
		{B6F25C7E-37AA-45F3-A9A8-CC2F032F54BE}.Debug|Any CPU.Build.0 = Debug|Any CPU
		{B6F25C7E-37AA-45F3-A9A8-CC2F032F54BE}.Release|Any CPU.ActiveCfg = Release|Any CPU
		{B6F25C7E-37AA-45F3-A9A8-CC2F032F54BE}.Release|Any CPU.Build.0 = Release|Any CPU
		{0CABC7E4-CD3D-4599-8A5D-44F70076F5ED}.Debug|Any CPU.ActiveCfg = Debug|Any CPU
		{0CABC7E4-CD3D-4599-8A5D-44F70076F5ED}.Debug|Any CPU.Build.0 = Debug|Any CPU
		{0CABC7E4-CD3D-4599-8A5D-44F70076F5ED}.Release|Any CPU.ActiveCfg = Release|Any CPU
		{0CABC7E4-CD3D-4599-8A5D-44F70076F5ED}.Release|Any CPU.Build.0 = Release|Any CPU
	EndGlobalSection
	GlobalSection(SolutionProperties) = preSolution
		HideSolutionNode = FALSE
	EndGlobalSection
	GlobalSection(NestedProjects) = preSolution
		{3AE9A20E-97A1-48A6-88D5-4C028BFD1123} = {32B4D9F5-064C-48E1-856B-E15635D6CAE3}
		{EB7336F3-86E5-4F2B-836B-5E61305A2A58} = {32B4D9F5-064C-48E1-856B-E15635D6CAE3}
		{6EBB2CE7-F83B-4323-A903-1F1E4D821003} = {32B4D9F5-064C-48E1-856B-E15635D6CAE3}
		{0FCC113B-2B11-452D-9247-5FCF4A78AFA9} = {32B4D9F5-064C-48E1-856B-E15635D6CAE3}
		{7A8EE763-C19B-4627-AE2E-037A026FCFC6} = {32B4D9F5-064C-48E1-856B-E15635D6CAE3}
		{3F5C1778-3E61-4EE8-9D2D-6391E1974CBE} = {32B4D9F5-064C-48E1-856B-E15635D6CAE3}
		{FE9058E1-5860-4FC5-BAFF-208CA74E17C9} = {C512EB78-45D3-44B8-B6F7-649224873A75}
		{CD59016E-3D01-45E7-B4F3-9FDF659B498A} = {C512EB78-45D3-44B8-B6F7-649224873A75}
		{C061A74A-7C7C-4EE2-B3E7-78FC73215AB7} = {C512EB78-45D3-44B8-B6F7-649224873A75}
		{A4FF222A-D805-4045-8E21-F3DA861787B3} = {C512EB78-45D3-44B8-B6F7-649224873A75}
		{36280393-6561-4E87-AB61-FC0B13F1A325} = {C512EB78-45D3-44B8-B6F7-649224873A75}
		{77A9F270-4595-4298-95D1-924525C9B8E0} = {C512EB78-45D3-44B8-B6F7-649224873A75}
		{CAB35141-C21A-4203-9E79-451FC19C60C3} = {C512EB78-45D3-44B8-B6F7-649224873A75}
		{780FB365-239D-4D42-8D01-B9394B6CD412} = {C512EB78-45D3-44B8-B6F7-649224873A75}
		{E4331DD8-C16A-48A8-BD8D-A3D260B17F4F} = {283CBCB6-8644-48CE-8BFA-44B5E5197232}
		{E0970F11-B07E-4CB5-BA37-356AB0D67679} = {283CBCB6-8644-48CE-8BFA-44B5E5197232}
		{38F475DD-10E3-41DE-97CD-91675F7C5265} = {283CBCB6-8644-48CE-8BFA-44B5E5197232}
		{78F9D566-E0CB-4F99-8959-21D43B409015} = {283CBCB6-8644-48CE-8BFA-44B5E5197232}
		{493C1A63-90E5-4814-9EF0-07616C1265C4} = {283CBCB6-8644-48CE-8BFA-44B5E5197232}
		{63343C13-116A-429E-A10E-C89548A50654} = {0F85A35A-D46E-4E3C-A7EA-10E591B839EE}
		{D551F648-C55A-4923-96DE-C54F7E25607C} = {0F85A35A-D46E-4E3C-A7EA-10E591B839EE}
		{05236557-4000-4D22-A914-D890FA844B5D} = {0F85A35A-D46E-4E3C-A7EA-10E591B839EE}
		{F479BD12-794B-4A71-BCAB-6FC6E2FB5391} = {0F85A35A-D46E-4E3C-A7EA-10E591B839EE}
		{61C0D369-5424-4A29-A932-1C4650C8A52D} = {0F85A35A-D46E-4E3C-A7EA-10E591B839EE}
		{A8563F8A-4D96-4B59-967B-18A8492D2279} = {0F85A35A-D46E-4E3C-A7EA-10E591B839EE}
		{1B20D821-6515-4E57-8BC3-D9E2EDD4D707} = {0F85A35A-D46E-4E3C-A7EA-10E591B839EE}
		{E57B65C9-B72A-4077-B99F-947DC7240108} = {0F85A35A-D46E-4E3C-A7EA-10E591B839EE}
		{60F87A6E-BCF5-47BD-9FDB-EAB30ED6B1FE} = {0F85A35A-D46E-4E3C-A7EA-10E591B839EE}
		{B23C80A5-C146-44E6-B4AD-834757D7F0B7} = {0F85A35A-D46E-4E3C-A7EA-10E591B839EE}
		{60915185-710D-4D48-95B4-CA97AD7BC7A7} = {0F85A35A-D46E-4E3C-A7EA-10E591B839EE}
		{C9D197FC-6DE3-4D6F-9D39-08CA460C2F09} = {AC453ACB-92B0-4D68-ADD8-C124A38FBCC0}
		{7FF293A0-7A64-46DE-AC6C-3872734E9F97} = {AC453ACB-92B0-4D68-ADD8-C124A38FBCC0}
		{5E2E2933-7FCE-4697-BBD0-271594786FAC} = {32B4D9F5-064C-48E1-856B-E15635D6CAE3}
		{EC6816FA-D1A7-43C8-8C26-980AA7BB7A59} = {AAEE2879-64DC-49CD-92C4-0913BEB8B9B0}
		{48FBA8E7-EBC2-4D4B-8DCE-6ECC05FCF3A7} = {AAEE2879-64DC-49CD-92C4-0913BEB8B9B0}
		{96596FE2-9A6D-45EB-982F-4EF3B58B6118} = {AAEE2879-64DC-49CD-92C4-0913BEB8B9B0}
		{B6F25C7E-37AA-45F3-A9A8-CC2F032F54BE} = {AAEE2879-64DC-49CD-92C4-0913BEB8B9B0}
		{0CABC7E4-CD3D-4599-8A5D-44F70076F5ED} = {AAEE2879-64DC-49CD-92C4-0913BEB8B9B0}
	EndGlobalSection
	GlobalSection(ExtensibilityGlobals) = postSolution
		SolutionGuid = {03AD04CE-9418-4E4F-ACA5-221DFAD10580}
	EndGlobalSection
EndGlobal
