
Microsoft Visual Studio Solution File, Format Version 12.00
# Visual Studio Version 17
VisualStudioVersion = 17.0.31919.166
MinimumVisualStudioVersion = 10.0.40219.1
Project("{2150E333-8FDC-42A3-9474-1A3956D46DE8}") = "_infrastructure", "_infrastructure", "{32B4D9F5-064C-48E1-856B-E15635D6CAE3}"
EndProject
Project("{2150E333-8FDC-42A3-9474-1A3956D46DE8}") = "_module", "_module", "{752C2322-5A7A-4313-AFC0-1F80DB04547A}"
EndProject
Project("{2150E333-8FDC-42A3-9474-1A3956D46DE8}") = "Identity", "Identity", "{283CBCB6-8644-48CE-8BFA-44B5E5197232}"
EndProject
Project("{2150E333-8FDC-42A3-9474-1A3956D46DE8}") = "BookStore", "BookStore", "{0F85A35A-D46E-4E3C-A7EA-10E591B839EE}"
EndProject
Project("{2150E333-8FDC-42A3-9474-1A3956D46DE8}") = "BookStoreWeb", "BookStoreWeb", "{AC453ACB-92B0-4D68-ADD8-C124A38FBCC0}"
EndProject
Project("{2150E333-8FDC-42A3-9474-1A3956D46DE8}") = "_extensions", "_extensions", "{C512EB78-45D3-44B8-B6F7-649224873A75}"
EndProject
Project("{9A19103F-16F7-4668-BE54-9A1E7A4F7556}") = "Hugin.Infrastructure.Cap", "_infrastructure\Hugin.Infrastructure.Cap\Hugin.Infrastructure.Cap.csproj", "{3AE9A20E-97A1-48A6-88D5-4C028BFD1123}"
EndProject
Project("{9A19103F-16F7-4668-BE54-9A1E7A4F7556}") = "Hugin.Infrastructure.Common", "_infrastructure\Hugin.Infrastructure.Common\Hugin.Infrastructure.Common.csproj", "{EB7336F3-86E5-4F2B-836B-5E61305A2A58}"
EndProject
Project("{9A19103F-16F7-4668-BE54-9A1E7A4F7556}") = "Hugin.Infrastructure.Data", "_infrastructure\Hugin.Infrastructure.Data\Hugin.Infrastructure.Data.csproj", "{6EBB2CE7-F83B-4323-A903-1F1E4D821003}"
EndProject
Project("{9A19103F-16F7-4668-BE54-9A1E7A4F7556}") = "Hugin.Infrastructure.Exporting", "_infrastructure\Hugin.Infrastructure.Exporting\Hugin.Infrastructure.Exporting.csproj", "{354032D9-F497-471F-BA5E-AE01BC060C50}"
EndProject
Project("{9A19103F-16F7-4668-BE54-9A1E7A4F7556}") = "Hugin.Infrastructure.Log", "_infrastructure\Hugin.Infrastructure.Log\Hugin.Infrastructure.Log.csproj", "{0FCC113B-2B11-452D-9247-5FCF4A78AFA9}"
EndProject
Project("{9A19103F-16F7-4668-BE54-9A1E7A4F7556}") = "Hugin.Infrastructure.Cache.CsRedis", "_infrastructure\Hugin.Infrastructure.Cache.CsRedis\Hugin.Infrastructure.Cache.CsRedis.csproj", "{7A8EE763-C19B-4627-AE2E-037A026FCFC6}"
EndProject
Project("{9A19103F-16F7-4668-BE54-9A1E7A4F7556}") = "Hugin.Infrastructure.Log.Serilog", "_infrastructure\Hugin.Infrastructure.Log.Serilog\Hugin.Infrastructure.Log.Serilog.csproj", "{3F5C1778-3E61-4EE8-9D2D-6391E1974CBE}"
EndProject
Project("{9A19103F-16F7-4668-BE54-9A1E7A4F7556}") = "Hugin.Infrastructure.Exporting.MagicIE", "_infrastructure\Hugin.Infrastructure.Exporting.MagicIE\Hugin.Infrastructure.Exporting.MagicIE.csproj", "{B011BD65-43EB-4434-A954-69208858CB49}"
EndProject
Project("{9A19103F-16F7-4668-BE54-9A1E7A4F7556}") = "Hugin.Cache.CsRedis", "_extensions\Hugin.Cache.CsRedis\Hugin.Cache.CsRedis.csproj", "{FE9058E1-5860-4FC5-BAFF-208CA74E17C9}"
EndProject
Project("{FAE04EC0-301F-11D3-BF4B-00C04F79EFBC}") = "Hugin.Abp.Application", "_extensions\Hugin.Abp.Application\Hugin.Abp.Application.csproj", "{CD59016E-3D01-45E7-B4F3-9FDF659B498A}"
EndProject
Project("{FAE04EC0-301F-11D3-BF4B-00C04F79EFBC}") = "Hugin.Abp.Domain", "_extensions\Hugin.Abp.Domain\Hugin.Abp.Domain.csproj", "{C061A74A-7C7C-4EE2-B3E7-78FC73215AB7}"
EndProject
Project("{FAE04EC0-301F-11D3-BF4B-00C04F79EFBC}") = "Hugin.Abp.EntityFrameworkCore", "_extensions\Hugin.Abp.EntityFrameworkCore\Hugin.Abp.EntityFrameworkCore.csproj", "{A4FF222A-D805-4045-8E21-F3DA861787B3}"
EndProject
Project("{FAE04EC0-301F-11D3-BF4B-00C04F79EFBC}") = "Hugin.Abp.Mvc", "_extensions\Hugin.Abp.Mvc\Hugin.Abp.Mvc.csproj", "{36280393-6561-4E87-AB61-FC0B13F1A325}"
EndProject
Project("{9A19103F-16F7-4668-BE54-9A1E7A4F7556}") = "Volo.Abp.AspNetCore.MultiStadium", "_extensions\Volo.Abp.AspNetCore.MultiStadium\Volo.Abp.AspNetCore.MultiStadium.csproj", "{77A9F270-4595-4298-95D1-924525C9B8E0}"
EndProject
Project("{9A19103F-16F7-4668-BE54-9A1E7A4F7556}") = "Volo.Abp.MultiStadium", "_extensions\Volo.Abp.MultiStadium\Volo.Abp.MultiStadium.csproj", "{CAB35141-C21A-4203-9E79-451FC19C60C3}"
EndProject
Project("{9A19103F-16F7-4668-BE54-9A1E7A4F7556}") = "Volo.Abp.OAuth.Gitlab", "_extensions\Volo.Abp.OAuth.Gitlab\Volo.Abp.OAuth.Gitlab.csproj", "{780FB365-239D-4D42-8D01-B9394B6CD412}"
EndProject
Global
	GlobalSection(SolutionConfigurationPlatforms) = preSolution
		Debug|Any CPU = Debug|Any CPU
		Release|Any CPU = Release|Any CPU
	EndGlobalSection
	GlobalSection(ProjectConfigurationPlatforms) = postSolution
		{3AE9A20E-97A1-48A6-88D5-4C028BFD1123}.Debug|Any CPU.ActiveCfg = Debug|Any CPU
		{3AE9A20E-97A1-48A6-88D5-4C028BFD1123}.Debug|Any CPU.Build.0 = Debug|Any CPU
		{3AE9A20E-97A1-48A6-88D5-4C028BFD1123}.Release|Any CPU.ActiveCfg = Release|Any CPU
		{3AE9A20E-97A1-48A6-88D5-4C028BFD1123}.Release|Any CPU.Build.0 = Release|Any CPU
		{EB7336F3-86E5-4F2B-836B-5E61305A2A58}.Debug|Any CPU.ActiveCfg = Debug|Any CPU
		{EB7336F3-86E5-4F2B-836B-5E61305A2A58}.Debug|Any CPU.Build.0 = Debug|Any CPU
		{EB7336F3-86E5-4F2B-836B-5E61305A2A58}.Release|Any CPU.ActiveCfg = Release|Any CPU
		{EB7336F3-86E5-4F2B-836B-5E61305A2A58}.Release|Any CPU.Build.0 = Release|Any CPU
		{6EBB2CE7-F83B-4323-A903-1F1E4D821003}.Debug|Any CPU.ActiveCfg = Debug|Any CPU
		{6EBB2CE7-F83B-4323-A903-1F1E4D821003}.Debug|Any CPU.Build.0 = Debug|Any CPU
		{6EBB2CE7-F83B-4323-A903-1F1E4D821003}.Release|Any CPU.ActiveCfg = Release|Any CPU
		{6EBB2CE7-F83B-4323-A903-1F1E4D821003}.Release|Any CPU.Build.0 = Release|Any CPU
		{354032D9-F497-471F-BA5E-AE01BC060C50}.Debug|Any CPU.ActiveCfg = Debug|Any CPU
		{354032D9-F497-471F-BA5E-AE01BC060C50}.Debug|Any CPU.Build.0 = Debug|Any CPU
		{354032D9-F497-471F-BA5E-AE01BC060C50}.Release|Any CPU.ActiveCfg = Release|Any CPU
		{354032D9-F497-471F-BA5E-AE01BC060C50}.Release|Any CPU.Build.0 = Release|Any CPU
		{0FCC113B-2B11-452D-9247-5FCF4A78AFA9}.Debug|Any CPU.ActiveCfg = Debug|Any CPU
		{0FCC113B-2B11-452D-9247-5FCF4A78AFA9}.Debug|Any CPU.Build.0 = Debug|Any CPU
		{0FCC113B-2B11-452D-9247-5FCF4A78AFA9}.Release|Any CPU.ActiveCfg = Release|Any CPU
		{0FCC113B-2B11-452D-9247-5FCF4A78AFA9}.Release|Any CPU.Build.0 = Release|Any CPU
		{7A8EE763-C19B-4627-AE2E-037A026FCFC6}.Debug|Any CPU.ActiveCfg = Debug|Any CPU
		{7A8EE763-C19B-4627-AE2E-037A026FCFC6}.Debug|Any CPU.Build.0 = Debug|Any CPU
		{7A8EE763-C19B-4627-AE2E-037A026FCFC6}.Release|Any CPU.ActiveCfg = Release|Any CPU
		{7A8EE763-C19B-4627-AE2E-037A026FCFC6}.Release|Any CPU.Build.0 = Release|Any CPU
		{3F5C1778-3E61-4EE8-9D2D-6391E1974CBE}.Debug|Any CPU.ActiveCfg = Debug|Any CPU
		{3F5C1778-3E61-4EE8-9D2D-6391E1974CBE}.Debug|Any CPU.Build.0 = Debug|Any CPU
		{3F5C1778-3E61-4EE8-9D2D-6391E1974CBE}.Release|Any CPU.ActiveCfg = Release|Any CPU
		{3F5C1778-3E61-4EE8-9D2D-6391E1974CBE}.Release|Any CPU.Build.0 = Release|Any CPU
		{B011BD65-43EB-4434-A954-69208858CB49}.Debug|Any CPU.ActiveCfg = Debug|Any CPU
		{B011BD65-43EB-4434-A954-69208858CB49}.Debug|Any CPU.Build.0 = Debug|Any CPU
		{B011BD65-43EB-4434-A954-69208858CB49}.Release|Any CPU.ActiveCfg = Release|Any CPU
		{B011BD65-43EB-4434-A954-69208858CB49}.Release|Any CPU.Build.0 = Release|Any CPU
		{FE9058E1-5860-4FC5-BAFF-208CA74E17C9}.Debug|Any CPU.ActiveCfg = Debug|Any CPU
		{FE9058E1-5860-4FC5-BAFF-208CA74E17C9}.Debug|Any CPU.Build.0 = Debug|Any CPU
		{FE9058E1-5860-4FC5-BAFF-208CA74E17C9}.Release|Any CPU.ActiveCfg = Release|Any CPU
		{FE9058E1-5860-4FC5-BAFF-208CA74E17C9}.Release|Any CPU.Build.0 = Release|Any CPU
		{CD59016E-3D01-45E7-B4F3-9FDF659B498A}.Debug|Any CPU.ActiveCfg = Debug|Any CPU
		{CD59016E-3D01-45E7-B4F3-9FDF659B498A}.Debug|Any CPU.Build.0 = Debug|Any CPU
		{CD59016E-3D01-45E7-B4F3-9FDF659B498A}.Release|Any CPU.ActiveCfg = Release|Any CPU
		{CD59016E-3D01-45E7-B4F3-9FDF659B498A}.Release|Any CPU.Build.0 = Release|Any CPU
		{C061A74A-7C7C-4EE2-B3E7-78FC73215AB7}.Debug|Any CPU.ActiveCfg = Debug|Any CPU
		{C061A74A-7C7C-4EE2-B3E7-78FC73215AB7}.Debug|Any CPU.Build.0 = Debug|Any CPU
		{C061A74A-7C7C-4EE2-B3E7-78FC73215AB7}.Release|Any CPU.ActiveCfg = Release|Any CPU
		{C061A74A-7C7C-4EE2-B3E7-78FC73215AB7}.Release|Any CPU.Build.0 = Release|Any CPU
		{A4FF222A-D805-4045-8E21-F3DA861787B3}.Debug|Any CPU.ActiveCfg = Debug|Any CPU
		{A4FF222A-D805-4045-8E21-F3DA861787B3}.Debug|Any CPU.Build.0 = Debug|Any CPU
		{A4FF222A-D805-4045-8E21-F3DA861787B3}.Release|Any CPU.ActiveCfg = Release|Any CPU
		{A4FF222A-D805-4045-8E21-F3DA861787B3}.Release|Any CPU.Build.0 = Release|Any CPU
		{36280393-6561-4E87-AB61-FC0B13F1A325}.Debug|Any CPU.ActiveCfg = Debug|Any CPU
		{36280393-6561-4E87-AB61-FC0B13F1A325}.Debug|Any CPU.Build.0 = Debug|Any CPU
		{36280393-6561-4E87-AB61-FC0B13F1A325}.Release|Any CPU.ActiveCfg = Release|Any CPU
		{36280393-6561-4E87-AB61-FC0B13F1A325}.Release|Any CPU.Build.0 = Release|Any CPU
		{77A9F270-4595-4298-95D1-924525C9B8E0}.Debug|Any CPU.ActiveCfg = Debug|Any CPU
		{77A9F270-4595-4298-95D1-924525C9B8E0}.Debug|Any CPU.Build.0 = Debug|Any CPU
		{77A9F270-4595-4298-95D1-924525C9B8E0}.Release|Any CPU.ActiveCfg = Release|Any CPU
		{77A9F270-4595-4298-95D1-924525C9B8E0}.Release|Any CPU.Build.0 = Release|Any CPU
		{CAB35141-C21A-4203-9E79-451FC19C60C3}.Debug|Any CPU.ActiveCfg = Debug|Any CPU
		{CAB35141-C21A-4203-9E79-451FC19C60C3}.Debug|Any CPU.Build.0 = Debug|Any CPU
		{CAB35141-C21A-4203-9E79-451FC19C60C3}.Release|Any CPU.ActiveCfg = Release|Any CPU
		{CAB35141-C21A-4203-9E79-451FC19C60C3}.Release|Any CPU.Build.0 = Release|Any CPU
		{780FB365-239D-4D42-8D01-B9394B6CD412}.Debug|Any CPU.ActiveCfg = Debug|Any CPU
		{780FB365-239D-4D42-8D01-B9394B6CD412}.Debug|Any CPU.Build.0 = Debug|Any CPU
		{780FB365-239D-4D42-8D01-B9394B6CD412}.Release|Any CPU.ActiveCfg = Release|Any CPU
		{780FB365-239D-4D42-8D01-B9394B6CD412}.Release|Any CPU.Build.0 = Release|Any CPU
	EndGlobalSection
	GlobalSection(SolutionProperties) = preSolution
		HideSolutionNode = FALSE
	EndGlobalSection
	GlobalSection(NestedProjects) = preSolution
		{3AE9A20E-97A1-48A6-88D5-4C028BFD1123} = {32B4D9F5-064C-48E1-856B-E15635D6CAE3}
		{EB7336F3-86E5-4F2B-836B-5E61305A2A58} = {32B4D9F5-064C-48E1-856B-E15635D6CAE3}
		{6EBB2CE7-F83B-4323-A903-1F1E4D821003} = {32B4D9F5-064C-48E1-856B-E15635D6CAE3}
		{354032D9-F497-471F-BA5E-AE01BC060C50} = {32B4D9F5-064C-48E1-856B-E15635D6CAE3}
		{0FCC113B-2B11-452D-9247-5FCF4A78AFA9} = {32B4D9F5-064C-48E1-856B-E15635D6CAE3}
		{7A8EE763-C19B-4627-AE2E-037A026FCFC6} = {32B4D9F5-064C-48E1-856B-E15635D6CAE3}
		{3F5C1778-3E61-4EE8-9D2D-6391E1974CBE} = {32B4D9F5-064C-48E1-856B-E15635D6CAE3}
		{B011BD65-43EB-4434-A954-69208858CB49} = {32B4D9F5-064C-48E1-856B-E15635D6CAE3}
		{FE9058E1-5860-4FC5-BAFF-208CA74E17C9} = {C512EB78-45D3-44B8-B6F7-649224873A75}
		{CD59016E-3D01-45E7-B4F3-9FDF659B498A} = {C512EB78-45D3-44B8-B6F7-649224873A75}
		{C061A74A-7C7C-4EE2-B3E7-78FC73215AB7} = {C512EB78-45D3-44B8-B6F7-649224873A75}
		{A4FF222A-D805-4045-8E21-F3DA861787B3} = {C512EB78-45D3-44B8-B6F7-649224873A75}
		{36280393-6561-4E87-AB61-FC0B13F1A325} = {C512EB78-45D3-44B8-B6F7-649224873A75}
		{77A9F270-4595-4298-95D1-924525C9B8E0} = {C512EB78-45D3-44B8-B6F7-649224873A75}
		{CAB35141-C21A-4203-9E79-451FC19C60C3} = {C512EB78-45D3-44B8-B6F7-649224873A75}
		{780FB365-239D-4D42-8D01-B9394B6CD412} = {C512EB78-45D3-44B8-B6F7-649224873A75}
	EndGlobalSection
	GlobalSection(ExtensibilityGlobals) = postSolution
		SolutionGuid = {03AD04CE-9418-4E4F-ACA5-221DFAD10580}
	EndGlobalSection
EndGlobal
