
Microsoft Visual Studio Solution File, Format Version 12.00
# Visual Studio Version 16
VisualStudioVersion = 16.0.29001.49
MinimumVisualStudioVersion = 10.0.40219.1
Project("{2150E333-8FDC-42A3-9474-1A3956D46DE8}") = "_Infrastructure", "_Infrastructure", "{915F14F3-3C73-4851-8F6F-B111F80CF9BF}"
EndProject
Project("{9A19103F-16F7-4668-BE54-9A1E7A4F7556}") = "LG.NetCore.Infrastructure.Cache", "infrastructure\LG.NetCore.Infrastructure.Cache\LG.NetCore.Infrastructure.Cache.csproj", "{C94ABAFC-C049-451D-94DD-B92A7A04BD91}"
EndProject
Project("{9A19103F-16F7-4668-BE54-9A1E7A4F7556}") = "LG.NetCore.Infrastructure.Cap", "infrastructure\LG.NetCore.Infrastructure.Cap\LG.NetCore.Infrastructure.Cap.csproj", "{CC53283A-BC8E-4929-8A31-6156BD79E6F0}"
EndProject
Project("{9A19103F-16F7-4668-BE54-9A1E7A4F7556}") = "LG.NetCore.Infrastructure.Common", "infrastructure\LG.NetCore.Infrastructure.Common\LG.NetCore.Infrastructure.Common.csproj", "{82991169-32E4-43FC-B3CA-891610135853}"
EndProject
Project("{9A19103F-16F7-4668-BE54-9A1E7A4F7556}") = "LG.NetCore.Infrastructure.Exporting", "infrastructure\LG.NetCore.Infrastructure.Exporting\LG.NetCore.Infrastructure.Exporting.csproj", "{7F13E5F8-3B67-48F4-B7C3-CF41801B3601}"
EndProject
Project("{9A19103F-16F7-4668-BE54-9A1E7A4F7556}") = "LG.NetCore.Infrastructure.Log", "infrastructure\LG.NetCore.Infrastructure.Log\LG.NetCore.Infrastructure.Log.csproj", "{BA23BE7D-C164-4C21-8577-376FDDAB9F52}"
EndProject
Project("{2150E333-8FDC-42A3-9474-1A3956D46DE8}") = "_modules", "_modules", "{005226C7-DCC8-44DA-B135-0BD398DB7397}"
EndProject
Project("{2150E333-8FDC-42A3-9474-1A3956D46DE8}") = "abp", "abp", "{E25469C1-426C-4D9A-97C5-17371DE488A0}"
EndProject
Project("{9A19103F-16F7-4668-BE54-9A1E7A4F7556}") = "LG.Abp.Mvc", "modules\abp\src\LG.Abp.Mvc\LG.Abp.Mvc.csproj", "{9437E712-3C74-421D-9355-CB5D74FEBDC3}"
EndProject
Project("{2150E333-8FDC-42A3-9474-1A3956D46DE8}") = "cache", "cache", "{1365E4A7-CA36-47D6-B22E-8CAECA6A04A7}"
EndProject
Project("{9A19103F-16F7-4668-BE54-9A1E7A4F7556}") = "LG.Cache.CsRedis", "modules\cache\src\LG.Cache.CsRedis\LG.Cache.CsRedis.csproj", "{B81E4390-AFE3-40F3-9117-116EFD0440BC}"
EndProject
Project("{9A19103F-16F7-4668-BE54-9A1E7A4F7556}") = "LG.Oss.Core", "modules\oss\src\LG.Oss.Core\LG.Oss.Core.csproj", "{2882023E-7B48-4DEB-B94D-A841FB7DE8AF}"
EndProject
Project("{2150E333-8FDC-42A3-9474-1A3956D46DE8}") = "oss", "oss", "{FD28348C-7FAF-4774-825E-AD0638BEE55E}"
EndProject
Project("{9A19103F-16F7-4668-BE54-9A1E7A4F7556}") = "LG.Oss.Aliyun", "modules\oss\src\LG.Oss.Aliyun\LG.Oss.Aliyun.csproj", "{08BF6C04-BDB5-4727-8E56-D33BB227E9F9}"
EndProject
Project("{9A19103F-16F7-4668-BE54-9A1E7A4F7556}") = "LG.Oss.Local", "modules\oss\src\LG.Oss.Local\LG.Oss.Local.csproj", "{192E7920-F02C-4AFA-AB71-6863E7E8BCA1}"
EndProject
Project("{9A19103F-16F7-4668-BE54-9A1E7A4F7556}") = "LG.Oss.Test", "modules\oss\test\LG.Oss.Test\LG.Oss.Test.csproj", "{7D13E2EE-C2BE-4FA4-8720-3DA77B143C21}"
EndProject
Project("{2150E333-8FDC-42A3-9474-1A3956D46DE8}") = "sms", "sms", "{9A3FA3F2-3981-4168-B147-386ABEBB8D6A}"
EndProject
Project("{9A19103F-16F7-4668-BE54-9A1E7A4F7556}") = "LG.Sms.Core", "modules\sms\src\LG.Sms.Core\LG.Sms.Core.csproj", "{A2289A31-5688-470B-AD3B-2594BD629405}"
EndProject
Project("{9A19103F-16F7-4668-BE54-9A1E7A4F7556}") = "LG.Sms.Aliyun", "modules\sms\src\LG.Sms.Aliyun\LG.Sms.Aliyun.csproj", "{A947ADC9-75F0-44A2-BD82-0AED314D77FA}"
EndProject
Project("{9A19103F-16F7-4668-BE54-9A1E7A4F7556}") = "LG.Sms.ChinaMobile", "modules\sms\src\LG.Sms.ChinaMobile\LG.Sms.ChinaMobile.csproj", "{A719150F-E9DC-4DA6-AF8C-1B7EF5516F0C}"
EndProject
Project("{9A19103F-16F7-4668-BE54-9A1E7A4F7556}") = "LG.Sms.Test", "modules\sms\test\LG.Sms.Test\LG.Sms.Test.csproj", "{D5FF483C-385C-4D94-B54C-6822D1CE9F4B}"
EndProject
Project("{2150E333-8FDC-42A3-9474-1A3956D46DE8}") = "wechat", "wechat", "{17CA8DA9-8B61-48E6-B707-B03C777F287E}"
EndProject
Project("{9A19103F-16F7-4668-BE54-9A1E7A4F7556}") = "LG.Wechat.Abstractions", "modules\wechat\src\LG.Wechat.Abstractions\LG.Wechat.Abstractions.csproj", "{77452202-045F-441B-9228-1BD2513C73D5}"
EndProject
Project("{9A19103F-16F7-4668-BE54-9A1E7A4F7556}") = "LG.Wechat.Senparc", "modules\wechat\src\LG.Wechat.Senparc\LG.Wechat.Senparc.csproj", "{BAF6DD1A-FB0A-4F9B-848E-B2A4137A7E1D}"
EndProject
Project("{9A19103F-16F7-4668-BE54-9A1E7A4F7556}") = "LG.Wechat.Senparc.HttpApi", "modules\wechat\src\LG.Wechat.Senparc.HttpApi\LG.Wechat.Senparc.HttpApi.csproj", "{9F409E86-39C2-4761-91D8-CD474CB80744}"
EndProject
Project("{2150E333-8FDC-42A3-9474-1A3956D46DE8}") = "host", "host", "{E400416D-2895-4512-9D17-90681EEC7E0A}"
EndProject
Project("{9A19103F-16F7-4668-BE54-9A1E7A4F7556}") = "LG.NetCore.HostShared", "host\LG.NetCore.HostShared\LG.NetCore.HostShared.csproj", "{F6AC8D4A-EDD7-4514-8E8A-5BCB019864DB}"
EndProject
Project("{9A19103F-16F7-4668-BE54-9A1E7A4F7556}") = "LG.NetCore.Platform.Host", "host\LG.NetCore.Platform.Host\LG.NetCore.Platform.Host.csproj", "{37B135B0-DAFE-4616-B25C-1BDF32FC44A2}"
EndProject
Project("{9A19103F-16F7-4668-BE54-9A1E7A4F7556}") = "LG.NetCore.IdentityServer", "host\LG.NetCore.IdentityServer.Host\LG.NetCore.IdentityServer.csproj", "{690203F4-3CD5-4569-88D9-EE831EEA5F5F}"
EndProject
Project("{9A19103F-16F7-4668-BE54-9A1E7A4F7556}") = "LG.NetCore.Terminal.Host", "host\LG.NetCore.Terminal.Host\LG.NetCore.Terminal.Host.csproj", "{52FA176B-EC41-4816-AD82-389EC0528FF5}"
EndProject
Project("{2150E333-8FDC-42A3-9474-1A3956D46DE8}") = "platform", "platform", "{649A3FFA-182F-4E56-9717-E6A9A2BEC545}"
EndProject
Project("{9A19103F-16F7-4668-BE54-9A1E7A4F7556}") = "LG.NetCore.Platform.Application", "platform\LG.NetCore.Platform.Application\LG.NetCore.Platform.Application.csproj", "{78040F9E-3501-4A40-82DF-00A597710F35}"
EndProject
Project("{9A19103F-16F7-4668-BE54-9A1E7A4F7556}") = "LG.NetCore.Platform.Application.Contracts", "platform\LG.NetCore.Platform.Application.Contracts\LG.NetCore.Platform.Application.Contracts.csproj", "{BD65D04F-08D5-40C1-8C24-77CA0BACB877}"
EndProject
Project("{9A19103F-16F7-4668-BE54-9A1E7A4F7556}") = "LG.NetCore.Platform.BackgroundJob", "platform\LG.NetCore.Platform.BackgroundJob\LG.NetCore.Platform.BackgroundJob.csproj", "{321F0270-8344-41A1-A4A3-A87DBFFB4B8F}"
EndProject
Project("{9A19103F-16F7-4668-BE54-9A1E7A4F7556}") = "LG.NetCore.Platform.Cap", "platform\LG.NetCore.Platform.Cap\LG.NetCore.Platform.Cap.csproj", "{9FC476A4-63EF-4F17-9983-2795354F3CA1}"
EndProject
Project("{9A19103F-16F7-4668-BE54-9A1E7A4F7556}") = "LG.NetCore.Platform.Data", "platform\LG.NetCore.Platform.Data\LG.NetCore.Platform.Data.csproj", "{C367D833-4E60-4CE2-B44C-7308794AD293}"
EndProject
Project("{9A19103F-16F7-4668-BE54-9A1E7A4F7556}") = "LG.NetCore.Platform.Domain", "platform\LG.NetCore.Platform.Domain\LG.NetCore.Platform.Domain.csproj", "{F2840BC7-0188-4606-9126-DADD0F5ABF7A}"
EndProject
Project("{9A19103F-16F7-4668-BE54-9A1E7A4F7556}") = "LG.NetCore.Platform.Domain.Shared", "platform\LG.NetCore.Platform.Domain.Shared\LG.NetCore.Platform.Domain.Shared.csproj", "{D64C1577-4929-4B60-939E-96DE1534891A}"
EndProject
Project("{9A19103F-16F7-4668-BE54-9A1E7A4F7556}") = "LG.NetCore.Platform.EntityFrameworkCore", "platform\LG.NetCore.Platform.EntityFrameworkCore\LG.NetCore.Platform.EntityFrameworkCore.csproj", "{0CE86223-D31D-4315-A1F5-87BA3EE1B844}"
EndProject
Project("{9A19103F-16F7-4668-BE54-9A1E7A4F7556}") = "LG.NetCore.Platform.HttpApi", "platform\LG.NetCore.Platform.HttpApi\LG.NetCore.Platform.HttpApi.csproj", "{077AA5F8-8B61-420C-A6B5-0150A66FDB34}"
EndProject
Project("{9A19103F-16F7-4668-BE54-9A1E7A4F7556}") = "LG.NetCore.Platform.HttpApi.Client", "platform\LG.NetCore.Platform.HttpApi.Client\LG.NetCore.Platform.HttpApi.Client.csproj", "{36E2735F-CEAB-44C8-A6D1-2CDAFF399751}"
EndProject
Project("{2150E333-8FDC-42A3-9474-1A3956D46DE8}") = "terminal", "terminal", "{96A21436-DAEC-4062-B2FC-6117FD58AD4D}"
EndProject
Project("{9A19103F-16F7-4668-BE54-9A1E7A4F7556}") = "LG.NetCore.Terminal.Application", "terminal\LG.NetCore.Terminal.Application\LG.NetCore.Terminal.Application.csproj", "{F5F37D04-9AAE-4F3E-921E-F6400F91C831}"
EndProject
Project("{9A19103F-16F7-4668-BE54-9A1E7A4F7556}") = "LG.NetCore.Terminal.Application.Contracts", "terminal\LG.NetCore.Terminal.Application.Contracts\LG.NetCore.Terminal.Application.Contracts.csproj", "{772ACF23-26FD-4906-A09B-BAFBAAFFC974}"
EndProject
Project("{9A19103F-16F7-4668-BE54-9A1E7A4F7556}") = "LG.NetCore.Terminal.HttpApi", "terminal\LG.NetCore.Terminal.HttpApi\LG.NetCore.Terminal.HttpApi.csproj", "{92A400D9-901B-4054-9502-A6E144BA825B}"
EndProject
Project("{9A19103F-16F7-4668-BE54-9A1E7A4F7556}") = "LG.NetCore.Terminal.HttpApi.Client", "terminal\LG.NetCore.Terminal.HttpApi.Client\LG.NetCore.Terminal.HttpApi.Client.csproj", "{DF4B31BC-0816-4FBE-BB06-974318265B2A}"
EndProject
Project("{2150E333-8FDC-42A3-9474-1A3956D46DE8}") = "test", "test", "{CCD2960C-23CC-4AB4-B84D-60C7AAA52F4D}"
EndProject
Project("{9A19103F-16F7-4668-BE54-9A1E7A4F7556}") = "LG.NetCore.Platform.Application.Tests", "test\LG.NetCore.Platform.Application.Tests\LG.NetCore.Platform.Application.Tests.csproj", "{90CB5DC4-C040-45C7-8900-9688B26405BC}"
EndProject
Project("{9A19103F-16F7-4668-BE54-9A1E7A4F7556}") = "LG.NetCore.Platform.Domain.Tests", "test\LG.NetCore.Platform.Domain.Tests\LG.NetCore.Platform.Domain.Tests.csproj", "{E60895E5-79C4-447D-88B7-85CB5BA336A4}"
EndProject
Project("{9A19103F-16F7-4668-BE54-9A1E7A4F7556}") = "LG.NetCore.Platform.EntityFrameworkCore.Tests", "test\LG.NetCore.Platform.EntityFrameworkCore.Tests\LG.NetCore.Platform.EntityFrameworkCore.Tests.csproj", "{527F645C-C1FC-406E-8479-81386C8ECF13}"
EndProject
Project("{9A19103F-16F7-4668-BE54-9A1E7A4F7556}") = "LG.NetCore.Platform.TestBase", "test\LG.NetCore.Platform.TestBase\LG.NetCore.Platform.TestBase.csproj", "{C5BB573D-3030-4BCB-88B7-F6A85C32766C}"
EndProject
Project("{9A19103F-16F7-4668-BE54-9A1E7A4F7556}") = "LG.NetCore.Terminal.BackgroundJob", "terminal\LG.NetCore.Terminal.BackgroundJob\LG.NetCore.Terminal.BackgroundJob.csproj", "{EBF6129F-7735-42A4-882A-D0B442C2473F}"
EndProject
Project("{9A19103F-16F7-4668-BE54-9A1E7A4F7556}") = "LG.NetCore.Terminal.Cap", "terminal\LG.NetCore.Terminal.Cap\LG.NetCore.Terminal.Cap.csproj", "{94D59D44-DC95-48A7-9069-12B6D919E063}"
EndProject
Project("{9A19103F-16F7-4668-BE54-9A1E7A4F7556}") = "LG.Abp.Application", "modules\abp\src\LG.Abp.Application\LG.Abp.Application.csproj", "{ABC55259-331A-463D-A1AD-C39FFBC538CC}"
EndProject
Project("{9A19103F-16F7-4668-BE54-9A1E7A4F7556}") = "LG.Abp.Domain", "modules\abp\src\LG.Abp.Domain\LG.Abp.Domain.csproj", "{3410DF84-63E5-4C56-B599-4D4F5A12A869}"
EndProject
Project("{9A19103F-16F7-4668-BE54-9A1E7A4F7556}") = "LG.Abp.EntityFrameworkCore", "modules\abp\src\LG.Abp.EntityFrameworkCore\LG.Abp.EntityFrameworkCore.csproj", "{93CBAB10-6DCF-4553-8549-48CF1875952C}"
EndProject
Project("{2150E333-8FDC-42A3-9474-1A3956D46DE8}") = "main", "main", "{F5F82442-1A04-4473-BE5E-CFFF67394C5C}"
EndProject
Project("{9A19103F-16F7-4668-BE54-9A1E7A4F7556}") = "LG.NetCore.Identity.Application.Contracts", "main\LG.NetCore.Identity.Application.Contracts\LG.NetCore.Identity.Application.Contracts.csproj", "{FC8D3DF1-6937-4291-943E-BA818D8BA96A}"
EndProject
Project("{9A19103F-16F7-4668-BE54-9A1E7A4F7556}") = "LG.NetCore.Identity.HttpApi.Client", "main\LG.NetCore.Identity.HttpApi.Client\LG.NetCore.Identity.HttpApi.Client.csproj", "{1E48A9D2-E5DF-4A10-B525-31585CE50011}"
EndProject
Project("{9A19103F-16F7-4668-BE54-9A1E7A4F7556}") = "Volo.Abp.MultiStadium", "modules\abp\src\Volo.Abp.MultiStadium\Volo.Abp.MultiStadium.csproj", "{6B489FD4-240E-4412-9FB1-CBD02F2B08E1}"
EndProject
Project("{9A19103F-16F7-4668-BE54-9A1E7A4F7556}") = "Volo.Abp.AspNetCore.MultiStadium", "modules\abp\src\Volo.Abp.AspNetCore.MultiStadium\Volo.Abp.AspNetCore.MultiStadium.csproj", "{DB20B68F-2B2D-4C60-B48A-D925B7E0CAA0}"
EndProject
Global
	GlobalSection(SolutionConfigurationPlatforms) = preSolution
		Debug|Any CPU = Debug|Any CPU
		Release|Any CPU = Release|Any CPU
	EndGlobalSection
	GlobalSection(ProjectConfigurationPlatforms) = postSolution
		{C94ABAFC-C049-451D-94DD-B92A7A04BD91}.Debug|Any CPU.ActiveCfg = Debug|Any CPU
		{C94ABAFC-C049-451D-94DD-B92A7A04BD91}.Debug|Any CPU.Build.0 = Debug|Any CPU
		{C94ABAFC-C049-451D-94DD-B92A7A04BD91}.Release|Any CPU.ActiveCfg = Release|Any CPU
		{C94ABAFC-C049-451D-94DD-B92A7A04BD91}.Release|Any CPU.Build.0 = Release|Any CPU
		{CC53283A-BC8E-4929-8A31-6156BD79E6F0}.Debug|Any CPU.ActiveCfg = Debug|Any CPU
		{CC53283A-BC8E-4929-8A31-6156BD79E6F0}.Debug|Any CPU.Build.0 = Debug|Any CPU
		{CC53283A-BC8E-4929-8A31-6156BD79E6F0}.Release|Any CPU.ActiveCfg = Release|Any CPU
		{CC53283A-BC8E-4929-8A31-6156BD79E6F0}.Release|Any CPU.Build.0 = Release|Any CPU
		{82991169-32E4-43FC-B3CA-891610135853}.Debug|Any CPU.ActiveCfg = Debug|Any CPU
		{82991169-32E4-43FC-B3CA-891610135853}.Debug|Any CPU.Build.0 = Debug|Any CPU
		{82991169-32E4-43FC-B3CA-891610135853}.Release|Any CPU.ActiveCfg = Release|Any CPU
		{82991169-32E4-43FC-B3CA-891610135853}.Release|Any CPU.Build.0 = Release|Any CPU
		{7F13E5F8-3B67-48F4-B7C3-CF41801B3601}.Debug|Any CPU.ActiveCfg = Debug|Any CPU
		{7F13E5F8-3B67-48F4-B7C3-CF41801B3601}.Debug|Any CPU.Build.0 = Debug|Any CPU
		{7F13E5F8-3B67-48F4-B7C3-CF41801B3601}.Release|Any CPU.ActiveCfg = Release|Any CPU
		{7F13E5F8-3B67-48F4-B7C3-CF41801B3601}.Release|Any CPU.Build.0 = Release|Any CPU
		{BA23BE7D-C164-4C21-8577-376FDDAB9F52}.Debug|Any CPU.ActiveCfg = Debug|Any CPU
		{BA23BE7D-C164-4C21-8577-376FDDAB9F52}.Debug|Any CPU.Build.0 = Debug|Any CPU
		{BA23BE7D-C164-4C21-8577-376FDDAB9F52}.Release|Any CPU.ActiveCfg = Release|Any CPU
		{BA23BE7D-C164-4C21-8577-376FDDAB9F52}.Release|Any CPU.Build.0 = Release|Any CPU
		{9437E712-3C74-421D-9355-CB5D74FEBDC3}.Debug|Any CPU.ActiveCfg = Debug|Any CPU
		{9437E712-3C74-421D-9355-CB5D74FEBDC3}.Debug|Any CPU.Build.0 = Debug|Any CPU
		{9437E712-3C74-421D-9355-CB5D74FEBDC3}.Release|Any CPU.ActiveCfg = Release|Any CPU
		{9437E712-3C74-421D-9355-CB5D74FEBDC3}.Release|Any CPU.Build.0 = Release|Any CPU
		{B81E4390-AFE3-40F3-9117-116EFD0440BC}.Debug|Any CPU.ActiveCfg = Debug|Any CPU
		{B81E4390-AFE3-40F3-9117-116EFD0440BC}.Debug|Any CPU.Build.0 = Debug|Any CPU
		{B81E4390-AFE3-40F3-9117-116EFD0440BC}.Release|Any CPU.ActiveCfg = Release|Any CPU
		{B81E4390-AFE3-40F3-9117-116EFD0440BC}.Release|Any CPU.Build.0 = Release|Any CPU
		{2882023E-7B48-4DEB-B94D-A841FB7DE8AF}.Debug|Any CPU.ActiveCfg = Debug|Any CPU
		{2882023E-7B48-4DEB-B94D-A841FB7DE8AF}.Debug|Any CPU.Build.0 = Debug|Any CPU
		{2882023E-7B48-4DEB-B94D-A841FB7DE8AF}.Release|Any CPU.ActiveCfg = Release|Any CPU
		{2882023E-7B48-4DEB-B94D-A841FB7DE8AF}.Release|Any CPU.Build.0 = Release|Any CPU
		{08BF6C04-BDB5-4727-8E56-D33BB227E9F9}.Debug|Any CPU.ActiveCfg = Debug|Any CPU
		{08BF6C04-BDB5-4727-8E56-D33BB227E9F9}.Debug|Any CPU.Build.0 = Debug|Any CPU
		{08BF6C04-BDB5-4727-8E56-D33BB227E9F9}.Release|Any CPU.ActiveCfg = Release|Any CPU
		{08BF6C04-BDB5-4727-8E56-D33BB227E9F9}.Release|Any CPU.Build.0 = Release|Any CPU
		{192E7920-F02C-4AFA-AB71-6863E7E8BCA1}.Debug|Any CPU.ActiveCfg = Debug|Any CPU
		{192E7920-F02C-4AFA-AB71-6863E7E8BCA1}.Debug|Any CPU.Build.0 = Debug|Any CPU
		{192E7920-F02C-4AFA-AB71-6863E7E8BCA1}.Release|Any CPU.ActiveCfg = Release|Any CPU
		{192E7920-F02C-4AFA-AB71-6863E7E8BCA1}.Release|Any CPU.Build.0 = Release|Any CPU
		{7D13E2EE-C2BE-4FA4-8720-3DA77B143C21}.Debug|Any CPU.ActiveCfg = Debug|Any CPU
		{7D13E2EE-C2BE-4FA4-8720-3DA77B143C21}.Debug|Any CPU.Build.0 = Debug|Any CPU
		{7D13E2EE-C2BE-4FA4-8720-3DA77B143C21}.Release|Any CPU.ActiveCfg = Release|Any CPU
		{7D13E2EE-C2BE-4FA4-8720-3DA77B143C21}.Release|Any CPU.Build.0 = Release|Any CPU
		{A2289A31-5688-470B-AD3B-2594BD629405}.Debug|Any CPU.ActiveCfg = Debug|Any CPU
		{A2289A31-5688-470B-AD3B-2594BD629405}.Debug|Any CPU.Build.0 = Debug|Any CPU
		{A2289A31-5688-470B-AD3B-2594BD629405}.Release|Any CPU.ActiveCfg = Release|Any CPU
		{A2289A31-5688-470B-AD3B-2594BD629405}.Release|Any CPU.Build.0 = Release|Any CPU
		{A947ADC9-75F0-44A2-BD82-0AED314D77FA}.Debug|Any CPU.ActiveCfg = Debug|Any CPU
		{A947ADC9-75F0-44A2-BD82-0AED314D77FA}.Debug|Any CPU.Build.0 = Debug|Any CPU
		{A947ADC9-75F0-44A2-BD82-0AED314D77FA}.Release|Any CPU.ActiveCfg = Release|Any CPU
		{A947ADC9-75F0-44A2-BD82-0AED314D77FA}.Release|Any CPU.Build.0 = Release|Any CPU
		{A719150F-E9DC-4DA6-AF8C-1B7EF5516F0C}.Debug|Any CPU.ActiveCfg = Debug|Any CPU
		{A719150F-E9DC-4DA6-AF8C-1B7EF5516F0C}.Debug|Any CPU.Build.0 = Debug|Any CPU
		{A719150F-E9DC-4DA6-AF8C-1B7EF5516F0C}.Release|Any CPU.ActiveCfg = Release|Any CPU
		{A719150F-E9DC-4DA6-AF8C-1B7EF5516F0C}.Release|Any CPU.Build.0 = Release|Any CPU
		{D5FF483C-385C-4D94-B54C-6822D1CE9F4B}.Debug|Any CPU.ActiveCfg = Debug|Any CPU
		{D5FF483C-385C-4D94-B54C-6822D1CE9F4B}.Debug|Any CPU.Build.0 = Debug|Any CPU
		{D5FF483C-385C-4D94-B54C-6822D1CE9F4B}.Release|Any CPU.ActiveCfg = Release|Any CPU
		{D5FF483C-385C-4D94-B54C-6822D1CE9F4B}.Release|Any CPU.Build.0 = Release|Any CPU
		{77452202-045F-441B-9228-1BD2513C73D5}.Debug|Any CPU.ActiveCfg = Debug|Any CPU
		{77452202-045F-441B-9228-1BD2513C73D5}.Debug|Any CPU.Build.0 = Debug|Any CPU
		{77452202-045F-441B-9228-1BD2513C73D5}.Release|Any CPU.ActiveCfg = Release|Any CPU
		{77452202-045F-441B-9228-1BD2513C73D5}.Release|Any CPU.Build.0 = Release|Any CPU
		{BAF6DD1A-FB0A-4F9B-848E-B2A4137A7E1D}.Debug|Any CPU.ActiveCfg = Debug|Any CPU
		{BAF6DD1A-FB0A-4F9B-848E-B2A4137A7E1D}.Debug|Any CPU.Build.0 = Debug|Any CPU
		{BAF6DD1A-FB0A-4F9B-848E-B2A4137A7E1D}.Release|Any CPU.ActiveCfg = Release|Any CPU
		{BAF6DD1A-FB0A-4F9B-848E-B2A4137A7E1D}.Release|Any CPU.Build.0 = Release|Any CPU
		{9F409E86-39C2-4761-91D8-CD474CB80744}.Debug|Any CPU.ActiveCfg = Debug|Any CPU
		{9F409E86-39C2-4761-91D8-CD474CB80744}.Debug|Any CPU.Build.0 = Debug|Any CPU
		{9F409E86-39C2-4761-91D8-CD474CB80744}.Release|Any CPU.ActiveCfg = Release|Any CPU
		{9F409E86-39C2-4761-91D8-CD474CB80744}.Release|Any CPU.Build.0 = Release|Any CPU
		{F6AC8D4A-EDD7-4514-8E8A-5BCB019864DB}.Debug|Any CPU.ActiveCfg = Debug|Any CPU
		{F6AC8D4A-EDD7-4514-8E8A-5BCB019864DB}.Debug|Any CPU.Build.0 = Debug|Any CPU
		{F6AC8D4A-EDD7-4514-8E8A-5BCB019864DB}.Release|Any CPU.ActiveCfg = Release|Any CPU
		{F6AC8D4A-EDD7-4514-8E8A-5BCB019864DB}.Release|Any CPU.Build.0 = Release|Any CPU
		{37B135B0-DAFE-4616-B25C-1BDF32FC44A2}.Debug|Any CPU.ActiveCfg = Debug|Any CPU
		{37B135B0-DAFE-4616-B25C-1BDF32FC44A2}.Debug|Any CPU.Build.0 = Debug|Any CPU
		{37B135B0-DAFE-4616-B25C-1BDF32FC44A2}.Release|Any CPU.ActiveCfg = Release|Any CPU
		{37B135B0-DAFE-4616-B25C-1BDF32FC44A2}.Release|Any CPU.Build.0 = Release|Any CPU
		{690203F4-3CD5-4569-88D9-EE831EEA5F5F}.Debug|Any CPU.ActiveCfg = Debug|Any CPU
		{690203F4-3CD5-4569-88D9-EE831EEA5F5F}.Debug|Any CPU.Build.0 = Debug|Any CPU
		{690203F4-3CD5-4569-88D9-EE831EEA5F5F}.Release|Any CPU.ActiveCfg = Release|Any CPU
		{690203F4-3CD5-4569-88D9-EE831EEA5F5F}.Release|Any CPU.Build.0 = Release|Any CPU
		{52FA176B-EC41-4816-AD82-389EC0528FF5}.Debug|Any CPU.ActiveCfg = Debug|Any CPU
		{52FA176B-EC41-4816-AD82-389EC0528FF5}.Debug|Any CPU.Build.0 = Debug|Any CPU
		{52FA176B-EC41-4816-AD82-389EC0528FF5}.Release|Any CPU.ActiveCfg = Release|Any CPU
		{52FA176B-EC41-4816-AD82-389EC0528FF5}.Release|Any CPU.Build.0 = Release|Any CPU
		{78040F9E-3501-4A40-82DF-00A597710F35}.Debug|Any CPU.ActiveCfg = Debug|Any CPU
		{78040F9E-3501-4A40-82DF-00A597710F35}.Debug|Any CPU.Build.0 = Debug|Any CPU
		{78040F9E-3501-4A40-82DF-00A597710F35}.Release|Any CPU.ActiveCfg = Release|Any CPU
		{78040F9E-3501-4A40-82DF-00A597710F35}.Release|Any CPU.Build.0 = Release|Any CPU
		{BD65D04F-08D5-40C1-8C24-77CA0BACB877}.Debug|Any CPU.ActiveCfg = Debug|Any CPU
		{BD65D04F-08D5-40C1-8C24-77CA0BACB877}.Debug|Any CPU.Build.0 = Debug|Any CPU
		{BD65D04F-08D5-40C1-8C24-77CA0BACB877}.Release|Any CPU.ActiveCfg = Release|Any CPU
		{BD65D04F-08D5-40C1-8C24-77CA0BACB877}.Release|Any CPU.Build.0 = Release|Any CPU
		{321F0270-8344-41A1-A4A3-A87DBFFB4B8F}.Debug|Any CPU.ActiveCfg = Debug|Any CPU
		{321F0270-8344-41A1-A4A3-A87DBFFB4B8F}.Debug|Any CPU.Build.0 = Debug|Any CPU
		{321F0270-8344-41A1-A4A3-A87DBFFB4B8F}.Release|Any CPU.ActiveCfg = Release|Any CPU
		{321F0270-8344-41A1-A4A3-A87DBFFB4B8F}.Release|Any CPU.Build.0 = Release|Any CPU
		{9FC476A4-63EF-4F17-9983-2795354F3CA1}.Debug|Any CPU.ActiveCfg = Debug|Any CPU
		{9FC476A4-63EF-4F17-9983-2795354F3CA1}.Debug|Any CPU.Build.0 = Debug|Any CPU
		{9FC476A4-63EF-4F17-9983-2795354F3CA1}.Release|Any CPU.ActiveCfg = Release|Any CPU
		{9FC476A4-63EF-4F17-9983-2795354F3CA1}.Release|Any CPU.Build.0 = Release|Any CPU
		{C367D833-4E60-4CE2-B44C-7308794AD293}.Debug|Any CPU.ActiveCfg = Debug|Any CPU
		{C367D833-4E60-4CE2-B44C-7308794AD293}.Debug|Any CPU.Build.0 = Debug|Any CPU
		{C367D833-4E60-4CE2-B44C-7308794AD293}.Release|Any CPU.ActiveCfg = Release|Any CPU
		{C367D833-4E60-4CE2-B44C-7308794AD293}.Release|Any CPU.Build.0 = Release|Any CPU
		{F2840BC7-0188-4606-9126-DADD0F5ABF7A}.Debug|Any CPU.ActiveCfg = Debug|Any CPU
		{F2840BC7-0188-4606-9126-DADD0F5ABF7A}.Debug|Any CPU.Build.0 = Debug|Any CPU
		{F2840BC7-0188-4606-9126-DADD0F5ABF7A}.Release|Any CPU.ActiveCfg = Release|Any CPU
		{F2840BC7-0188-4606-9126-DADD0F5ABF7A}.Release|Any CPU.Build.0 = Release|Any CPU
		{D64C1577-4929-4B60-939E-96DE1534891A}.Debug|Any CPU.ActiveCfg = Debug|Any CPU
		{D64C1577-4929-4B60-939E-96DE1534891A}.Debug|Any CPU.Build.0 = Debug|Any CPU
		{D64C1577-4929-4B60-939E-96DE1534891A}.Release|Any CPU.ActiveCfg = Release|Any CPU
		{D64C1577-4929-4B60-939E-96DE1534891A}.Release|Any CPU.Build.0 = Release|Any CPU
		{0CE86223-D31D-4315-A1F5-87BA3EE1B844}.Debug|Any CPU.ActiveCfg = Debug|Any CPU
		{0CE86223-D31D-4315-A1F5-87BA3EE1B844}.Debug|Any CPU.Build.0 = Debug|Any CPU
		{0CE86223-D31D-4315-A1F5-87BA3EE1B844}.Release|Any CPU.ActiveCfg = Release|Any CPU
		{0CE86223-D31D-4315-A1F5-87BA3EE1B844}.Release|Any CPU.Build.0 = Release|Any CPU
		{077AA5F8-8B61-420C-A6B5-0150A66FDB34}.Debug|Any CPU.ActiveCfg = Debug|Any CPU
		{077AA5F8-8B61-420C-A6B5-0150A66FDB34}.Debug|Any CPU.Build.0 = Debug|Any CPU
		{077AA5F8-8B61-420C-A6B5-0150A66FDB34}.Release|Any CPU.ActiveCfg = Release|Any CPU
		{077AA5F8-8B61-420C-A6B5-0150A66FDB34}.Release|Any CPU.Build.0 = Release|Any CPU
		{36E2735F-CEAB-44C8-A6D1-2CDAFF399751}.Debug|Any CPU.ActiveCfg = Debug|Any CPU
		{36E2735F-CEAB-44C8-A6D1-2CDAFF399751}.Debug|Any CPU.Build.0 = Debug|Any CPU
		{36E2735F-CEAB-44C8-A6D1-2CDAFF399751}.Release|Any CPU.ActiveCfg = Release|Any CPU
		{36E2735F-CEAB-44C8-A6D1-2CDAFF399751}.Release|Any CPU.Build.0 = Release|Any CPU
		{F5F37D04-9AAE-4F3E-921E-F6400F91C831}.Debug|Any CPU.ActiveCfg = Debug|Any CPU
		{F5F37D04-9AAE-4F3E-921E-F6400F91C831}.Debug|Any CPU.Build.0 = Debug|Any CPU
		{F5F37D04-9AAE-4F3E-921E-F6400F91C831}.Release|Any CPU.ActiveCfg = Release|Any CPU
		{F5F37D04-9AAE-4F3E-921E-F6400F91C831}.Release|Any CPU.Build.0 = Release|Any CPU
		{772ACF23-26FD-4906-A09B-BAFBAAFFC974}.Debug|Any CPU.ActiveCfg = Debug|Any CPU
		{772ACF23-26FD-4906-A09B-BAFBAAFFC974}.Debug|Any CPU.Build.0 = Debug|Any CPU
		{772ACF23-26FD-4906-A09B-BAFBAAFFC974}.Release|Any CPU.ActiveCfg = Release|Any CPU
		{772ACF23-26FD-4906-A09B-BAFBAAFFC974}.Release|Any CPU.Build.0 = Release|Any CPU
		{92A400D9-901B-4054-9502-A6E144BA825B}.Debug|Any CPU.ActiveCfg = Debug|Any CPU
		{92A400D9-901B-4054-9502-A6E144BA825B}.Debug|Any CPU.Build.0 = Debug|Any CPU
		{92A400D9-901B-4054-9502-A6E144BA825B}.Release|Any CPU.ActiveCfg = Release|Any CPU
		{92A400D9-901B-4054-9502-A6E144BA825B}.Release|Any CPU.Build.0 = Release|Any CPU
		{DF4B31BC-0816-4FBE-BB06-974318265B2A}.Debug|Any CPU.ActiveCfg = Debug|Any CPU
		{DF4B31BC-0816-4FBE-BB06-974318265B2A}.Debug|Any CPU.Build.0 = Debug|Any CPU
		{DF4B31BC-0816-4FBE-BB06-974318265B2A}.Release|Any CPU.ActiveCfg = Release|Any CPU
		{DF4B31BC-0816-4FBE-BB06-974318265B2A}.Release|Any CPU.Build.0 = Release|Any CPU
		{90CB5DC4-C040-45C7-8900-9688B26405BC}.Debug|Any CPU.ActiveCfg = Debug|Any CPU
		{90CB5DC4-C040-45C7-8900-9688B26405BC}.Debug|Any CPU.Build.0 = Debug|Any CPU
		{90CB5DC4-C040-45C7-8900-9688B26405BC}.Release|Any CPU.ActiveCfg = Release|Any CPU
		{90CB5DC4-C040-45C7-8900-9688B26405BC}.Release|Any CPU.Build.0 = Release|Any CPU
		{E60895E5-79C4-447D-88B7-85CB5BA336A4}.Debug|Any CPU.ActiveCfg = Debug|Any CPU
		{E60895E5-79C4-447D-88B7-85CB5BA336A4}.Debug|Any CPU.Build.0 = Debug|Any CPU
		{E60895E5-79C4-447D-88B7-85CB5BA336A4}.Release|Any CPU.ActiveCfg = Release|Any CPU
		{E60895E5-79C4-447D-88B7-85CB5BA336A4}.Release|Any CPU.Build.0 = Release|Any CPU
		{527F645C-C1FC-406E-8479-81386C8ECF13}.Debug|Any CPU.ActiveCfg = Debug|Any CPU
		{527F645C-C1FC-406E-8479-81386C8ECF13}.Debug|Any CPU.Build.0 = Debug|Any CPU
		{527F645C-C1FC-406E-8479-81386C8ECF13}.Release|Any CPU.ActiveCfg = Release|Any CPU
		{527F645C-C1FC-406E-8479-81386C8ECF13}.Release|Any CPU.Build.0 = Release|Any CPU
		{C5BB573D-3030-4BCB-88B7-F6A85C32766C}.Debug|Any CPU.ActiveCfg = Debug|Any CPU
		{C5BB573D-3030-4BCB-88B7-F6A85C32766C}.Debug|Any CPU.Build.0 = Debug|Any CPU
		{C5BB573D-3030-4BCB-88B7-F6A85C32766C}.Release|Any CPU.ActiveCfg = Release|Any CPU
		{C5BB573D-3030-4BCB-88B7-F6A85C32766C}.Release|Any CPU.Build.0 = Release|Any CPU
		{EBF6129F-7735-42A4-882A-D0B442C2473F}.Debug|Any CPU.ActiveCfg = Debug|Any CPU
		{EBF6129F-7735-42A4-882A-D0B442C2473F}.Debug|Any CPU.Build.0 = Debug|Any CPU
		{EBF6129F-7735-42A4-882A-D0B442C2473F}.Release|Any CPU.ActiveCfg = Release|Any CPU
		{EBF6129F-7735-42A4-882A-D0B442C2473F}.Release|Any CPU.Build.0 = Release|Any CPU
		{94D59D44-DC95-48A7-9069-12B6D919E063}.Debug|Any CPU.ActiveCfg = Debug|Any CPU
		{94D59D44-DC95-48A7-9069-12B6D919E063}.Debug|Any CPU.Build.0 = Debug|Any CPU
		{94D59D44-DC95-48A7-9069-12B6D919E063}.Release|Any CPU.ActiveCfg = Release|Any CPU
		{94D59D44-DC95-48A7-9069-12B6D919E063}.Release|Any CPU.Build.0 = Release|Any CPU
		{ABC55259-331A-463D-A1AD-C39FFBC538CC}.Debug|Any CPU.ActiveCfg = Debug|Any CPU
		{ABC55259-331A-463D-A1AD-C39FFBC538CC}.Debug|Any CPU.Build.0 = Debug|Any CPU
		{ABC55259-331A-463D-A1AD-C39FFBC538CC}.Release|Any CPU.ActiveCfg = Release|Any CPU
		{ABC55259-331A-463D-A1AD-C39FFBC538CC}.Release|Any CPU.Build.0 = Release|Any CPU
		{3410DF84-63E5-4C56-B599-4D4F5A12A869}.Debug|Any CPU.ActiveCfg = Debug|Any CPU
		{3410DF84-63E5-4C56-B599-4D4F5A12A869}.Debug|Any CPU.Build.0 = Debug|Any CPU
		{3410DF84-63E5-4C56-B599-4D4F5A12A869}.Release|Any CPU.ActiveCfg = Release|Any CPU
		{3410DF84-63E5-4C56-B599-4D4F5A12A869}.Release|Any CPU.Build.0 = Release|Any CPU
		{93CBAB10-6DCF-4553-8549-48CF1875952C}.Debug|Any CPU.ActiveCfg = Debug|Any CPU
		{93CBAB10-6DCF-4553-8549-48CF1875952C}.Debug|Any CPU.Build.0 = Debug|Any CPU
		{93CBAB10-6DCF-4553-8549-48CF1875952C}.Release|Any CPU.ActiveCfg = Release|Any CPU
		{93CBAB10-6DCF-4553-8549-48CF1875952C}.Release|Any CPU.Build.0 = Release|Any CPU
		{FC8D3DF1-6937-4291-943E-BA818D8BA96A}.Debug|Any CPU.ActiveCfg = Debug|Any CPU
		{FC8D3DF1-6937-4291-943E-BA818D8BA96A}.Debug|Any CPU.Build.0 = Debug|Any CPU
		{FC8D3DF1-6937-4291-943E-BA818D8BA96A}.Release|Any CPU.ActiveCfg = Release|Any CPU
		{FC8D3DF1-6937-4291-943E-BA818D8BA96A}.Release|Any CPU.Build.0 = Release|Any CPU
		{1E48A9D2-E5DF-4A10-B525-31585CE50011}.Debug|Any CPU.ActiveCfg = Debug|Any CPU
		{1E48A9D2-E5DF-4A10-B525-31585CE50011}.Debug|Any CPU.Build.0 = Debug|Any CPU
		{1E48A9D2-E5DF-4A10-B525-31585CE50011}.Release|Any CPU.ActiveCfg = Release|Any CPU
		{1E48A9D2-E5DF-4A10-B525-31585CE50011}.Release|Any CPU.Build.0 = Release|Any CPU
		{6B489FD4-240E-4412-9FB1-CBD02F2B08E1}.Debug|Any CPU.ActiveCfg = Debug|Any CPU
		{6B489FD4-240E-4412-9FB1-CBD02F2B08E1}.Debug|Any CPU.Build.0 = Debug|Any CPU
		{6B489FD4-240E-4412-9FB1-CBD02F2B08E1}.Release|Any CPU.ActiveCfg = Release|Any CPU
		{6B489FD4-240E-4412-9FB1-CBD02F2B08E1}.Release|Any CPU.Build.0 = Release|Any CPU
		{DB20B68F-2B2D-4C60-B48A-D925B7E0CAA0}.Debug|Any CPU.ActiveCfg = Debug|Any CPU
		{DB20B68F-2B2D-4C60-B48A-D925B7E0CAA0}.Debug|Any CPU.Build.0 = Debug|Any CPU
		{DB20B68F-2B2D-4C60-B48A-D925B7E0CAA0}.Release|Any CPU.ActiveCfg = Release|Any CPU
		{DB20B68F-2B2D-4C60-B48A-D925B7E0CAA0}.Release|Any CPU.Build.0 = Release|Any CPU
	EndGlobalSection
	GlobalSection(SolutionProperties) = preSolution
		HideSolutionNode = FALSE
	EndGlobalSection
	GlobalSection(NestedProjects) = preSolution
		{C94ABAFC-C049-451D-94DD-B92A7A04BD91} = {915F14F3-3C73-4851-8F6F-B111F80CF9BF}
		{CC53283A-BC8E-4929-8A31-6156BD79E6F0} = {915F14F3-3C73-4851-8F6F-B111F80CF9BF}
		{82991169-32E4-43FC-B3CA-891610135853} = {915F14F3-3C73-4851-8F6F-B111F80CF9BF}
		{7F13E5F8-3B67-48F4-B7C3-CF41801B3601} = {915F14F3-3C73-4851-8F6F-B111F80CF9BF}
		{BA23BE7D-C164-4C21-8577-376FDDAB9F52} = {915F14F3-3C73-4851-8F6F-B111F80CF9BF}
		{E25469C1-426C-4D9A-97C5-17371DE488A0} = {005226C7-DCC8-44DA-B135-0BD398DB7397}
		{9437E712-3C74-421D-9355-CB5D74FEBDC3} = {E25469C1-426C-4D9A-97C5-17371DE488A0}
		{1365E4A7-CA36-47D6-B22E-8CAECA6A04A7} = {005226C7-DCC8-44DA-B135-0BD398DB7397}
		{B81E4390-AFE3-40F3-9117-116EFD0440BC} = {1365E4A7-CA36-47D6-B22E-8CAECA6A04A7}
		{2882023E-7B48-4DEB-B94D-A841FB7DE8AF} = {FD28348C-7FAF-4774-825E-AD0638BEE55E}
		{FD28348C-7FAF-4774-825E-AD0638BEE55E} = {005226C7-DCC8-44DA-B135-0BD398DB7397}
		{08BF6C04-BDB5-4727-8E56-D33BB227E9F9} = {FD28348C-7FAF-4774-825E-AD0638BEE55E}
		{192E7920-F02C-4AFA-AB71-6863E7E8BCA1} = {FD28348C-7FAF-4774-825E-AD0638BEE55E}
		{7D13E2EE-C2BE-4FA4-8720-3DA77B143C21} = {FD28348C-7FAF-4774-825E-AD0638BEE55E}
		{9A3FA3F2-3981-4168-B147-386ABEBB8D6A} = {005226C7-DCC8-44DA-B135-0BD398DB7397}
		{A2289A31-5688-470B-AD3B-2594BD629405} = {9A3FA3F2-3981-4168-B147-386ABEBB8D6A}
		{A947ADC9-75F0-44A2-BD82-0AED314D77FA} = {9A3FA3F2-3981-4168-B147-386ABEBB8D6A}
		{A719150F-E9DC-4DA6-AF8C-1B7EF5516F0C} = {9A3FA3F2-3981-4168-B147-386ABEBB8D6A}
		{D5FF483C-385C-4D94-B54C-6822D1CE9F4B} = {9A3FA3F2-3981-4168-B147-386ABEBB8D6A}
		{17CA8DA9-8B61-48E6-B707-B03C777F287E} = {005226C7-DCC8-44DA-B135-0BD398DB7397}
		{77452202-045F-441B-9228-1BD2513C73D5} = {17CA8DA9-8B61-48E6-B707-B03C777F287E}
		{BAF6DD1A-FB0A-4F9B-848E-B2A4137A7E1D} = {17CA8DA9-8B61-48E6-B707-B03C777F287E}
		{9F409E86-39C2-4761-91D8-CD474CB80744} = {17CA8DA9-8B61-48E6-B707-B03C777F287E}
		{F6AC8D4A-EDD7-4514-8E8A-5BCB019864DB} = {E400416D-2895-4512-9D17-90681EEC7E0A}
		{37B135B0-DAFE-4616-B25C-1BDF32FC44A2} = {E400416D-2895-4512-9D17-90681EEC7E0A}
		{690203F4-3CD5-4569-88D9-EE831EEA5F5F} = {E400416D-2895-4512-9D17-90681EEC7E0A}
		{52FA176B-EC41-4816-AD82-389EC0528FF5} = {E400416D-2895-4512-9D17-90681EEC7E0A}
		{78040F9E-3501-4A40-82DF-00A597710F35} = {649A3FFA-182F-4E56-9717-E6A9A2BEC545}
		{BD65D04F-08D5-40C1-8C24-77CA0BACB877} = {649A3FFA-182F-4E56-9717-E6A9A2BEC545}
		{321F0270-8344-41A1-A4A3-A87DBFFB4B8F} = {649A3FFA-182F-4E56-9717-E6A9A2BEC545}
		{9FC476A4-63EF-4F17-9983-2795354F3CA1} = {649A3FFA-182F-4E56-9717-E6A9A2BEC545}
		{C367D833-4E60-4CE2-B44C-7308794AD293} = {649A3FFA-182F-4E56-9717-E6A9A2BEC545}
		{F2840BC7-0188-4606-9126-DADD0F5ABF7A} = {649A3FFA-182F-4E56-9717-E6A9A2BEC545}
		{D64C1577-4929-4B60-939E-96DE1534891A} = {649A3FFA-182F-4E56-9717-E6A9A2BEC545}
		{0CE86223-D31D-4315-A1F5-87BA3EE1B844} = {649A3FFA-182F-4E56-9717-E6A9A2BEC545}
		{077AA5F8-8B61-420C-A6B5-0150A66FDB34} = {649A3FFA-182F-4E56-9717-E6A9A2BEC545}
		{36E2735F-CEAB-44C8-A6D1-2CDAFF399751} = {649A3FFA-182F-4E56-9717-E6A9A2BEC545}
		{F5F37D04-9AAE-4F3E-921E-F6400F91C831} = {96A21436-DAEC-4062-B2FC-6117FD58AD4D}
		{772ACF23-26FD-4906-A09B-BAFBAAFFC974} = {96A21436-DAEC-4062-B2FC-6117FD58AD4D}
		{92A400D9-901B-4054-9502-A6E144BA825B} = {96A21436-DAEC-4062-B2FC-6117FD58AD4D}
		{DF4B31BC-0816-4FBE-BB06-974318265B2A} = {96A21436-DAEC-4062-B2FC-6117FD58AD4D}
		{90CB5DC4-C040-45C7-8900-9688B26405BC} = {CCD2960C-23CC-4AB4-B84D-60C7AAA52F4D}
		{E60895E5-79C4-447D-88B7-85CB5BA336A4} = {CCD2960C-23CC-4AB4-B84D-60C7AAA52F4D}
		{527F645C-C1FC-406E-8479-81386C8ECF13} = {CCD2960C-23CC-4AB4-B84D-60C7AAA52F4D}
		{C5BB573D-3030-4BCB-88B7-F6A85C32766C} = {CCD2960C-23CC-4AB4-B84D-60C7AAA52F4D}
		{EBF6129F-7735-42A4-882A-D0B442C2473F} = {96A21436-DAEC-4062-B2FC-6117FD58AD4D}
		{94D59D44-DC95-48A7-9069-12B6D919E063} = {96A21436-DAEC-4062-B2FC-6117FD58AD4D}
		{ABC55259-331A-463D-A1AD-C39FFBC538CC} = {E25469C1-426C-4D9A-97C5-17371DE488A0}
		{3410DF84-63E5-4C56-B599-4D4F5A12A869} = {E25469C1-426C-4D9A-97C5-17371DE488A0}
		{93CBAB10-6DCF-4553-8549-48CF1875952C} = {E25469C1-426C-4D9A-97C5-17371DE488A0}
		{FC8D3DF1-6937-4291-943E-BA818D8BA96A} = {F5F82442-1A04-4473-BE5E-CFFF67394C5C}
		{1E48A9D2-E5DF-4A10-B525-31585CE50011} = {F5F82442-1A04-4473-BE5E-CFFF67394C5C}
		{6B489FD4-240E-4412-9FB1-CBD02F2B08E1} = {E25469C1-426C-4D9A-97C5-17371DE488A0}
		{DB20B68F-2B2D-4C60-B48A-D925B7E0CAA0} = {E25469C1-426C-4D9A-97C5-17371DE488A0}
	EndGlobalSection
	GlobalSection(ExtensibilityGlobals) = postSolution
		SolutionGuid = {4324B3B4-B60B-4E3C-91D8-59576B4E26DD}
	EndGlobalSection
EndGlobal
