
Microsoft Visual Studio Solution File, Format Version 12.00
# Visual Studio Version 17
VisualStudioVersion = 17.0.31919.166
MinimumVisualStudioVersion = 10.0.40219.1
Project("{2150E333-8FDC-42A3-9474-1A3956D46DE8}") = "_Infrastructure", "_Infrastructure", "{915F14F3-3C73-4851-8F6F-B111F80CF9BF}"
EndProject
Project("{2150E333-8FDC-42A3-9474-1A3956D46DE8}") = "_modules", "_modules", "{005226C7-DCC8-44DA-B135-0BD398DB7397}"
EndProject
Project("{2150E333-8FDC-42A3-9474-1A3956D46DE8}") = "oss", "oss", "{FD28348C-7FAF-4774-825E-AD0638BEE55E}"
EndProject
Project("{2150E333-8FDC-42A3-9474-1A3956D46DE8}") = "sms", "sms", "{9A3FA3F2-3981-4168-B147-386ABEBB8D6A}"
EndProject
Project("{2150E333-8FDC-42A3-9474-1A3956D46DE8}") = "wechat", "wechat", "{17CA8DA9-8B61-48E6-B707-B03C777F287E}"
EndProject
Project("{2150E333-8FDC-42A3-9474-1A3956D46DE8}") = "platform", "platform", "{649A3FFA-182F-4E56-9717-E6A9A2BEC545}"
EndProject
Project("{2150E333-8FDC-42A3-9474-1A3956D46DE8}") = "terminal", "terminal", "{96A21436-DAEC-4062-B2FC-6117FD58AD4D}"
EndProject
Project("{2150E333-8FDC-42A3-9474-1A3956D46DE8}") = "test", "test", "{CCD2960C-23CC-4AB4-B84D-60C7AAA52F4D}"
EndProject
Project("{2150E333-8FDC-42A3-9474-1A3956D46DE8}") = "identity", "identity", "{F5F82442-1A04-4473-BE5E-CFFF67394C5C}"
EndProject
Project("{2150E333-8FDC-42A3-9474-1A3956D46DE8}") = "_extensions", "_extensions", "{FE95FE29-C910-457C-8A07-8C5F0A2F87B1}"
EndProject
Project("{9A19103F-16F7-4668-BE54-9A1E7A4F7556}") = "Hugin.Abp.Application", "_extensions\Hugin.Abp.Application\Hugin.Abp.Application.csproj", "{959B256A-707F-48EF-AB6A-CAF7C229B9BB}"
EndProject
Project("{9A19103F-16F7-4668-BE54-9A1E7A4F7556}") = "Hugin.Abp.Domain", "_extensions\Hugin.Abp.Domain\Hugin.Abp.Domain.csproj", "{484A5566-E088-49DE-8FEA-A4F64D053433}"
EndProject
Project("{9A19103F-16F7-4668-BE54-9A1E7A4F7556}") = "Hugin.Abp.EntityFrameworkCore", "_extensions\Hugin.Abp.EntityFrameworkCore\Hugin.Abp.EntityFrameworkCore.csproj", "{6CC2A479-7735-48C3-8DB3-E38BC53C5524}"
EndProject
Project("{9A19103F-16F7-4668-BE54-9A1E7A4F7556}") = "Hugin.Abp.Mvc", "_extensions\Hugin.Abp.Mvc\Hugin.Abp.Mvc.csproj", "{E8545EAE-F0AD-4DC4-A48A-B6EDFF32DC0C}"
EndProject
Project("{9A19103F-16F7-4668-BE54-9A1E7A4F7556}") = "Hugin.Cache.CsRedis", "_extensions\Hugin.Cache.CsRedis\Hugin.Cache.CsRedis.csproj", "{38C43D7A-3011-4EED-AB5B-22DD08363608}"
EndProject
Project("{9A19103F-16F7-4668-BE54-9A1E7A4F7556}") = "Volo.Abp.AspNetCore.MultiStadium", "_extensions\Volo.Abp.AspNetCore.MultiStadium\Volo.Abp.AspNetCore.MultiStadium.csproj", "{56BF20B3-BC8A-441F-B771-35AA9EC69EA7}"
EndProject
Project("{9A19103F-16F7-4668-BE54-9A1E7A4F7556}") = "Volo.Abp.MultiStadium", "_extensions\Volo.Abp.MultiStadium\Volo.Abp.MultiStadium.csproj", "{F6809F0D-F31E-4654-A6E7-14D9AEB759CF}"
EndProject
Project("{9A19103F-16F7-4668-BE54-9A1E7A4F7556}") = "Volo.Abp.OAuth.Gitlab", "_extensions\Volo.Abp.OAuth.Gitlab\Volo.Abp.OAuth.Gitlab.csproj", "{A38FB79C-9469-4814-91AF-29A1372741AA}"
EndProject
Project("{9A19103F-16F7-4668-BE54-9A1E7A4F7556}") = "Hugin.Infrastructure.Cache.CsRedis", "_infrastructure\Hugin.Infrastructure.Cache.CsRedis\Hugin.Infrastructure.Cache.CsRedis.csproj", "{A3D9DC93-184F-4E6B-9980-B35FB6DE7D7A}"
EndProject
Project("{9A19103F-16F7-4668-BE54-9A1E7A4F7556}") = "Hugin.Infrastructure.Cap", "_infrastructure\Hugin.Infrastructure.Cap\Hugin.Infrastructure.Cap.csproj", "{B491517B-43C0-46C0-9BD2-98BB1389EE7F}"
EndProject
Project("{9A19103F-16F7-4668-BE54-9A1E7A4F7556}") = "Hugin.Infrastructure.Common", "_infrastructure\Hugin.Infrastructure.Common\Hugin.Infrastructure.Common.csproj", "{B66C5B3F-4A79-4B27-81E4-46F43DC9F92E}"
EndProject
Project("{9A19103F-16F7-4668-BE54-9A1E7A4F7556}") = "Hugin.Infrastructure.Data", "_infrastructure\Hugin.Infrastructure.Data\Hugin.Infrastructure.Data.csproj", "{06A814BB-6615-4E0F-B091-920C05615070}"
EndProject
Project("{9A19103F-16F7-4668-BE54-9A1E7A4F7556}") = "Hugin.Infrastructure.Exporting.Magicodes", "_infrastructure\Hugin.Infrastructure.Exporting.Magicodes\Hugin.Infrastructure.Exporting.Magicodes.csproj", "{19A2FAE2-2EC5-438F-8936-B32D4039E0E0}"
EndProject
Project("{9A19103F-16F7-4668-BE54-9A1E7A4F7556}") = "Hugin.Infrastructure.Log", "_infrastructure\Hugin.Infrastructure.Log\Hugin.Infrastructure.Log.csproj", "{AE5BEB46-4F50-4177-8A2B-22AD0932222B}"
EndProject
Project("{9A19103F-16F7-4668-BE54-9A1E7A4F7556}") = "Hugin.Infrastructure.Log.Serilog", "_infrastructure\Hugin.Infrastructure.Log.Serilog\Hugin.Infrastructure.Log.Serilog.csproj", "{54033190-9FB5-4DE8-9E36-2CD3801BD771}"
EndProject
Project("{9A19103F-16F7-4668-BE54-9A1E7A4F7556}") = "HostShared", "HostShared\HostShared.csproj", "{FB5B865A-23F7-4E8B-891A-F0CEC7EEBA69}"
EndProject
Project("{9A19103F-16F7-4668-BE54-9A1E7A4F7556}") = "Hugin.Identity.Application.Contracts", "identity\Hugin.Identity.Application.Contracts\Hugin.Identity.Application.Contracts.csproj", "{258E666A-C7A7-406D-822D-2C40B6AB4EF0}"
EndProject
Project("{9A19103F-16F7-4668-BE54-9A1E7A4F7556}") = "Hugin.Identity.HttpApi.Client", "identity\Hugin.Identity.HttpApi.Client\Hugin.Identity.HttpApi.Client.csproj", "{D10EE8AF-766A-4B8E-9A24-BE643F29A0CA}"
EndProject
Project("{9A19103F-16F7-4668-BE54-9A1E7A4F7556}") = "Hugin.IdentityServer", "identity\Hugin.IdentityServer.Host\Hugin.IdentityServer.csproj", "{34D9D5CA-3E9B-409A-8419-391324779FA7}"
EndProject
Project("{9A19103F-16F7-4668-BE54-9A1E7A4F7556}") = "Hugin.Platform.Application", "platform\Hugin.Platform.Application\Hugin.Platform.Application.csproj", "{BCB937E5-8F5B-4E9F-A966-DD2DB4AC57FB}"
EndProject
Project("{9A19103F-16F7-4668-BE54-9A1E7A4F7556}") = "Hugin.Platform.Application.Contracts", "platform\Hugin.Platform.Application.Contracts\Hugin.Platform.Application.Contracts.csproj", "{D55B0BD2-3E29-4D71-915A-FAA45B88499B}"
EndProject
Project("{9A19103F-16F7-4668-BE54-9A1E7A4F7556}") = "Hugin.Platform.BackgroundJob", "platform\Hugin.Platform.BackgroundJob\Hugin.Platform.BackgroundJob.csproj", "{314F288A-5FBB-45FF-8B1E-8318A6EF1130}"
EndProject
Project("{9A19103F-16F7-4668-BE54-9A1E7A4F7556}") = "Hugin.Platform.Cap", "platform\Hugin.Platform.Cap\Hugin.Platform.Cap.csproj", "{670F8DDF-743B-4923-98D9-4A7F69860858}"
EndProject
Project("{9A19103F-16F7-4668-BE54-9A1E7A4F7556}") = "Hugin.Platform.Data", "platform\Hugin.Platform.Data\Hugin.Platform.Data.csproj", "{A2473EA8-98ED-49FD-84AA-6E7E86AC31B4}"
EndProject
Project("{9A19103F-16F7-4668-BE54-9A1E7A4F7556}") = "Hugin.Platform.Domain", "platform\Hugin.Platform.Domain\Hugin.Platform.Domain.csproj", "{FA0C3F57-5EB4-4FDA-8849-89771BEABCFC}"
EndProject
Project("{9A19103F-16F7-4668-BE54-9A1E7A4F7556}") = "Hugin.Platform.Domain.Shared", "platform\Hugin.Platform.Domain.Shared\Hugin.Platform.Domain.Shared.csproj", "{1A4019EB-7267-4016-95E7-3E4570C3B87B}"
EndProject
Project("{9A19103F-16F7-4668-BE54-9A1E7A4F7556}") = "Hugin.Platform.EntityFrameworkCore", "platform\Hugin.Platform.EntityFrameworkCore\Hugin.Platform.EntityFrameworkCore.csproj", "{BEF0DF75-30A2-4716-80DD-A230199D5B8C}"
EndProject
Project("{9A19103F-16F7-4668-BE54-9A1E7A4F7556}") = "Hugin.Platform.HttpApi", "platform\Hugin.Platform.HttpApi\Hugin.Platform.HttpApi.csproj", "{3049EFE0-793E-4E36-902E-A243FF948B9C}"
EndProject
Project("{9A19103F-16F7-4668-BE54-9A1E7A4F7556}") = "Hugin.Platform.HttpApi.Client", "platform\Hugin.Platform.HttpApi.Client\Hugin.Platform.HttpApi.Client.csproj", "{6564C369-43C8-469D-B2B0-0F453A876EF2}"
EndProject
Project("{9A19103F-16F7-4668-BE54-9A1E7A4F7556}") = "Hugin.Platform.Host", "platform\Hugin.Platform.Host\Hugin.Platform.Host.csproj", "{9ACBF82A-F64A-4F4D-AF8E-907042A27565}"
EndProject
Project("{9A19103F-16F7-4668-BE54-9A1E7A4F7556}") = "Hugin.Terminal.Application", "terminal\Hugin.Terminal.Application\Hugin.Terminal.Application.csproj", "{45444169-2ED6-4635-BE43-BCA72966BED9}"
EndProject
Project("{9A19103F-16F7-4668-BE54-9A1E7A4F7556}") = "Hugin.Terminal.Application.Contracts", "terminal\Hugin.Terminal.Application.Contracts\Hugin.Terminal.Application.Contracts.csproj", "{72BD4AFF-F742-4249-9D1E-882F7267885C}"
EndProject
Project("{9A19103F-16F7-4668-BE54-9A1E7A4F7556}") = "Hugin.Terminal.BackgroundJob", "terminal\Hugin.Terminal.BackgroundJob\Hugin.Terminal.BackgroundJob.csproj", "{50DB212E-58F0-41EC-85FD-333500772709}"
EndProject
Project("{9A19103F-16F7-4668-BE54-9A1E7A4F7556}") = "Hugin.Terminal.Cap", "terminal\Hugin.Terminal.Cap\Hugin.Terminal.Cap.csproj", "{164BB235-6E38-4E10-9D46-F7AFDC66AEEB}"
EndProject
Project("{9A19103F-16F7-4668-BE54-9A1E7A4F7556}") = "Hugin.Terminal.Host", "terminal\Hugin.Terminal.Host\Hugin.Terminal.Host.csproj", "{380BAA5C-FB33-44B3-B292-BE720D2DD0F0}"
EndProject
Project("{9A19103F-16F7-4668-BE54-9A1E7A4F7556}") = "Hugin.Terminal.HttpApi", "terminal\Hugin.Terminal.HttpApi\Hugin.Terminal.HttpApi.csproj", "{886E9C0A-C006-4351-863E-2386F0639F3D}"
EndProject
Project("{9A19103F-16F7-4668-BE54-9A1E7A4F7556}") = "Hugin.Terminal.HttpApi.Client", "terminal\Hugin.Terminal.HttpApi.Client\Hugin.Terminal.HttpApi.Client.csproj", "{CE6334EC-4062-4851-ACDE-7BE0B2C20D0D}"
EndProject
Project("{9A19103F-16F7-4668-BE54-9A1E7A4F7556}") = "Hugin.Platform.Application.Tests", "test\Hugin.Platform.Application.Tests\Hugin.Platform.Application.Tests.csproj", "{6BCCAAEA-4B1A-4539-A35C-0BCD1E6BE1C7}"
EndProject
Project("{9A19103F-16F7-4668-BE54-9A1E7A4F7556}") = "Hugin.Platform.Domain.Tests", "test\Hugin.Platform.Domain.Tests\Hugin.Platform.Domain.Tests.csproj", "{DF4761BA-93C7-4FB2-BF6F-21D178CCF2C9}"
EndProject
Project("{9A19103F-16F7-4668-BE54-9A1E7A4F7556}") = "Hugin.Platform.EntityFrameworkCore.Tests", "test\Hugin.Platform.EntityFrameworkCore.Tests\Hugin.Platform.EntityFrameworkCore.Tests.csproj", "{31CB9544-F265-4732-85AE-1ACDEC5FDF94}"
EndProject
Project("{9A19103F-16F7-4668-BE54-9A1E7A4F7556}") = "Hugin.Platform.TestBase", "test\Hugin.Platform.TestBase\Hugin.Platform.TestBase.csproj", "{9922564F-97C7-43CC-8D75-EB6BE10E5420}"
EndProject
Project("{9A19103F-16F7-4668-BE54-9A1E7A4F7556}") = "Hugin.Terminal.Domain", "terminal\Hugin.Terminal.Domain\Hugin.Terminal.Domain.csproj", "{DAAD4BCD-A025-4EEA-A2E9-8725E4DB2D2B}"
EndProject
Project("{9A19103F-16F7-4668-BE54-9A1E7A4F7556}") = "Hugin.Terminal.Domain.Shared", "terminal\Hugin.Terminal.Domain.Shared\Hugin.Terminal.Domain.Shared.csproj", "{02E0C14F-A1C6-455D-9977-8BA623BDF353}"
EndProject
Global
	GlobalSection(SolutionConfigurationPlatforms) = preSolution
		Debug|Any CPU = Debug|Any CPU
		Release|Any CPU = Release|Any CPU
	EndGlobalSection
	GlobalSection(ProjectConfigurationPlatforms) = postSolution
		{959B256A-707F-48EF-AB6A-CAF7C229B9BB}.Debug|Any CPU.ActiveCfg = Debug|Any CPU
		{959B256A-707F-48EF-AB6A-CAF7C229B9BB}.Debug|Any CPU.Build.0 = Debug|Any CPU
		{959B256A-707F-48EF-AB6A-CAF7C229B9BB}.Release|Any CPU.ActiveCfg = Release|Any CPU
		{959B256A-707F-48EF-AB6A-CAF7C229B9BB}.Release|Any CPU.Build.0 = Release|Any CPU
		{484A5566-E088-49DE-8FEA-A4F64D053433}.Debug|Any CPU.ActiveCfg = Debug|Any CPU
		{484A5566-E088-49DE-8FEA-A4F64D053433}.Debug|Any CPU.Build.0 = Debug|Any CPU
		{484A5566-E088-49DE-8FEA-A4F64D053433}.Release|Any CPU.ActiveCfg = Release|Any CPU
		{484A5566-E088-49DE-8FEA-A4F64D053433}.Release|Any CPU.Build.0 = Release|Any CPU
		{6CC2A479-7735-48C3-8DB3-E38BC53C5524}.Debug|Any CPU.ActiveCfg = Debug|Any CPU
		{6CC2A479-7735-48C3-8DB3-E38BC53C5524}.Debug|Any CPU.Build.0 = Debug|Any CPU
		{6CC2A479-7735-48C3-8DB3-E38BC53C5524}.Release|Any CPU.ActiveCfg = Release|Any CPU
		{6CC2A479-7735-48C3-8DB3-E38BC53C5524}.Release|Any CPU.Build.0 = Release|Any CPU
		{E8545EAE-F0AD-4DC4-A48A-B6EDFF32DC0C}.Debug|Any CPU.ActiveCfg = Debug|Any CPU
		{E8545EAE-F0AD-4DC4-A48A-B6EDFF32DC0C}.Debug|Any CPU.Build.0 = Debug|Any CPU
		{E8545EAE-F0AD-4DC4-A48A-B6EDFF32DC0C}.Release|Any CPU.ActiveCfg = Release|Any CPU
		{E8545EAE-F0AD-4DC4-A48A-B6EDFF32DC0C}.Release|Any CPU.Build.0 = Release|Any CPU
		{38C43D7A-3011-4EED-AB5B-22DD08363608}.Debug|Any CPU.ActiveCfg = Debug|Any CPU
		{38C43D7A-3011-4EED-AB5B-22DD08363608}.Debug|Any CPU.Build.0 = Debug|Any CPU
		{38C43D7A-3011-4EED-AB5B-22DD08363608}.Release|Any CPU.ActiveCfg = Release|Any CPU
		{38C43D7A-3011-4EED-AB5B-22DD08363608}.Release|Any CPU.Build.0 = Release|Any CPU
		{56BF20B3-BC8A-441F-B771-35AA9EC69EA7}.Debug|Any CPU.ActiveCfg = Debug|Any CPU
		{56BF20B3-BC8A-441F-B771-35AA9EC69EA7}.Debug|Any CPU.Build.0 = Debug|Any CPU
		{56BF20B3-BC8A-441F-B771-35AA9EC69EA7}.Release|Any CPU.ActiveCfg = Release|Any CPU
		{56BF20B3-BC8A-441F-B771-35AA9EC69EA7}.Release|Any CPU.Build.0 = Release|Any CPU
		{F6809F0D-F31E-4654-A6E7-14D9AEB759CF}.Debug|Any CPU.ActiveCfg = Debug|Any CPU
		{F6809F0D-F31E-4654-A6E7-14D9AEB759CF}.Debug|Any CPU.Build.0 = Debug|Any CPU
		{F6809F0D-F31E-4654-A6E7-14D9AEB759CF}.Release|Any CPU.ActiveCfg = Release|Any CPU
		{F6809F0D-F31E-4654-A6E7-14D9AEB759CF}.Release|Any CPU.Build.0 = Release|Any CPU
		{A38FB79C-9469-4814-91AF-29A1372741AA}.Debug|Any CPU.ActiveCfg = Debug|Any CPU
		{A38FB79C-9469-4814-91AF-29A1372741AA}.Debug|Any CPU.Build.0 = Debug|Any CPU
		{A38FB79C-9469-4814-91AF-29A1372741AA}.Release|Any CPU.ActiveCfg = Release|Any CPU
		{A38FB79C-9469-4814-91AF-29A1372741AA}.Release|Any CPU.Build.0 = Release|Any CPU
		{A3D9DC93-184F-4E6B-9980-B35FB6DE7D7A}.Debug|Any CPU.ActiveCfg = Debug|Any CPU
		{A3D9DC93-184F-4E6B-9980-B35FB6DE7D7A}.Debug|Any CPU.Build.0 = Debug|Any CPU
		{A3D9DC93-184F-4E6B-9980-B35FB6DE7D7A}.Release|Any CPU.ActiveCfg = Release|Any CPU
		{A3D9DC93-184F-4E6B-9980-B35FB6DE7D7A}.Release|Any CPU.Build.0 = Release|Any CPU
		{B491517B-43C0-46C0-9BD2-98BB1389EE7F}.Debug|Any CPU.ActiveCfg = Debug|Any CPU
		{B491517B-43C0-46C0-9BD2-98BB1389EE7F}.Debug|Any CPU.Build.0 = Debug|Any CPU
		{B491517B-43C0-46C0-9BD2-98BB1389EE7F}.Release|Any CPU.ActiveCfg = Release|Any CPU
		{B491517B-43C0-46C0-9BD2-98BB1389EE7F}.Release|Any CPU.Build.0 = Release|Any CPU
		{B66C5B3F-4A79-4B27-81E4-46F43DC9F92E}.Debug|Any CPU.ActiveCfg = Debug|Any CPU
		{B66C5B3F-4A79-4B27-81E4-46F43DC9F92E}.Debug|Any CPU.Build.0 = Debug|Any CPU
		{B66C5B3F-4A79-4B27-81E4-46F43DC9F92E}.Release|Any CPU.ActiveCfg = Release|Any CPU
		{B66C5B3F-4A79-4B27-81E4-46F43DC9F92E}.Release|Any CPU.Build.0 = Release|Any CPU
		{06A814BB-6615-4E0F-B091-920C05615070}.Debug|Any CPU.ActiveCfg = Debug|Any CPU
		{06A814BB-6615-4E0F-B091-920C05615070}.Debug|Any CPU.Build.0 = Debug|Any CPU
		{06A814BB-6615-4E0F-B091-920C05615070}.Release|Any CPU.ActiveCfg = Release|Any CPU
		{06A814BB-6615-4E0F-B091-920C05615070}.Release|Any CPU.Build.0 = Release|Any CPU
		{19A2FAE2-2EC5-438F-8936-B32D4039E0E0}.Debug|Any CPU.ActiveCfg = Debug|Any CPU
		{19A2FAE2-2EC5-438F-8936-B32D4039E0E0}.Debug|Any CPU.Build.0 = Debug|Any CPU
		{19A2FAE2-2EC5-438F-8936-B32D4039E0E0}.Release|Any CPU.ActiveCfg = Release|Any CPU
		{19A2FAE2-2EC5-438F-8936-B32D4039E0E0}.Release|Any CPU.Build.0 = Release|Any CPU
		{AE5BEB46-4F50-4177-8A2B-22AD0932222B}.Debug|Any CPU.ActiveCfg = Debug|Any CPU
		{AE5BEB46-4F50-4177-8A2B-22AD0932222B}.Debug|Any CPU.Build.0 = Debug|Any CPU
		{AE5BEB46-4F50-4177-8A2B-22AD0932222B}.Release|Any CPU.ActiveCfg = Release|Any CPU
		{AE5BEB46-4F50-4177-8A2B-22AD0932222B}.Release|Any CPU.Build.0 = Release|Any CPU
		{54033190-9FB5-4DE8-9E36-2CD3801BD771}.Debug|Any CPU.ActiveCfg = Debug|Any CPU
		{54033190-9FB5-4DE8-9E36-2CD3801BD771}.Debug|Any CPU.Build.0 = Debug|Any CPU
		{54033190-9FB5-4DE8-9E36-2CD3801BD771}.Release|Any CPU.ActiveCfg = Release|Any CPU
		{54033190-9FB5-4DE8-9E36-2CD3801BD771}.Release|Any CPU.Build.0 = Release|Any CPU
		{FB5B865A-23F7-4E8B-891A-F0CEC7EEBA69}.Debug|Any CPU.ActiveCfg = Debug|Any CPU
		{FB5B865A-23F7-4E8B-891A-F0CEC7EEBA69}.Debug|Any CPU.Build.0 = Debug|Any CPU
		{FB5B865A-23F7-4E8B-891A-F0CEC7EEBA69}.Release|Any CPU.ActiveCfg = Release|Any CPU
		{FB5B865A-23F7-4E8B-891A-F0CEC7EEBA69}.Release|Any CPU.Build.0 = Release|Any CPU
		{258E666A-C7A7-406D-822D-2C40B6AB4EF0}.Debug|Any CPU.ActiveCfg = Debug|Any CPU
		{258E666A-C7A7-406D-822D-2C40B6AB4EF0}.Debug|Any CPU.Build.0 = Debug|Any CPU
		{258E666A-C7A7-406D-822D-2C40B6AB4EF0}.Release|Any CPU.ActiveCfg = Release|Any CPU
		{258E666A-C7A7-406D-822D-2C40B6AB4EF0}.Release|Any CPU.Build.0 = Release|Any CPU
		{D10EE8AF-766A-4B8E-9A24-BE643F29A0CA}.Debug|Any CPU.ActiveCfg = Debug|Any CPU
		{D10EE8AF-766A-4B8E-9A24-BE643F29A0CA}.Debug|Any CPU.Build.0 = Debug|Any CPU
		{D10EE8AF-766A-4B8E-9A24-BE643F29A0CA}.Release|Any CPU.ActiveCfg = Release|Any CPU
		{D10EE8AF-766A-4B8E-9A24-BE643F29A0CA}.Release|Any CPU.Build.0 = Release|Any CPU
		{34D9D5CA-3E9B-409A-8419-391324779FA7}.Debug|Any CPU.ActiveCfg = Debug|Any CPU
		{34D9D5CA-3E9B-409A-8419-391324779FA7}.Debug|Any CPU.Build.0 = Debug|Any CPU
		{34D9D5CA-3E9B-409A-8419-391324779FA7}.Release|Any CPU.ActiveCfg = Release|Any CPU
		{34D9D5CA-3E9B-409A-8419-391324779FA7}.Release|Any CPU.Build.0 = Release|Any CPU
		{BCB937E5-8F5B-4E9F-A966-DD2DB4AC57FB}.Debug|Any CPU.ActiveCfg = Debug|Any CPU
		{BCB937E5-8F5B-4E9F-A966-DD2DB4AC57FB}.Debug|Any CPU.Build.0 = Debug|Any CPU
		{BCB937E5-8F5B-4E9F-A966-DD2DB4AC57FB}.Release|Any CPU.ActiveCfg = Release|Any CPU
		{BCB937E5-8F5B-4E9F-A966-DD2DB4AC57FB}.Release|Any CPU.Build.0 = Release|Any CPU
		{D55B0BD2-3E29-4D71-915A-FAA45B88499B}.Debug|Any CPU.ActiveCfg = Debug|Any CPU
		{D55B0BD2-3E29-4D71-915A-FAA45B88499B}.Debug|Any CPU.Build.0 = Debug|Any CPU
		{D55B0BD2-3E29-4D71-915A-FAA45B88499B}.Release|Any CPU.ActiveCfg = Release|Any CPU
		{D55B0BD2-3E29-4D71-915A-FAA45B88499B}.Release|Any CPU.Build.0 = Release|Any CPU
		{314F288A-5FBB-45FF-8B1E-8318A6EF1130}.Debug|Any CPU.ActiveCfg = Debug|Any CPU
		{314F288A-5FBB-45FF-8B1E-8318A6EF1130}.Debug|Any CPU.Build.0 = Debug|Any CPU
		{314F288A-5FBB-45FF-8B1E-8318A6EF1130}.Release|Any CPU.ActiveCfg = Release|Any CPU
		{314F288A-5FBB-45FF-8B1E-8318A6EF1130}.Release|Any CPU.Build.0 = Release|Any CPU
		{670F8DDF-743B-4923-98D9-4A7F69860858}.Debug|Any CPU.ActiveCfg = Debug|Any CPU
		{670F8DDF-743B-4923-98D9-4A7F69860858}.Debug|Any CPU.Build.0 = Debug|Any CPU
		{670F8DDF-743B-4923-98D9-4A7F69860858}.Release|Any CPU.ActiveCfg = Release|Any CPU
		{670F8DDF-743B-4923-98D9-4A7F69860858}.Release|Any CPU.Build.0 = Release|Any CPU
		{A2473EA8-98ED-49FD-84AA-6E7E86AC31B4}.Debug|Any CPU.ActiveCfg = Debug|Any CPU
		{A2473EA8-98ED-49FD-84AA-6E7E86AC31B4}.Debug|Any CPU.Build.0 = Debug|Any CPU
		{A2473EA8-98ED-49FD-84AA-6E7E86AC31B4}.Release|Any CPU.ActiveCfg = Release|Any CPU
		{A2473EA8-98ED-49FD-84AA-6E7E86AC31B4}.Release|Any CPU.Build.0 = Release|Any CPU
		{FA0C3F57-5EB4-4FDA-8849-89771BEABCFC}.Debug|Any CPU.ActiveCfg = Debug|Any CPU
		{FA0C3F57-5EB4-4FDA-8849-89771BEABCFC}.Debug|Any CPU.Build.0 = Debug|Any CPU
		{FA0C3F57-5EB4-4FDA-8849-89771BEABCFC}.Release|Any CPU.ActiveCfg = Release|Any CPU
		{FA0C3F57-5EB4-4FDA-8849-89771BEABCFC}.Release|Any CPU.Build.0 = Release|Any CPU
		{1A4019EB-7267-4016-95E7-3E4570C3B87B}.Debug|Any CPU.ActiveCfg = Debug|Any CPU
		{1A4019EB-7267-4016-95E7-3E4570C3B87B}.Debug|Any CPU.Build.0 = Debug|Any CPU
		{1A4019EB-7267-4016-95E7-3E4570C3B87B}.Release|Any CPU.ActiveCfg = Release|Any CPU
		{1A4019EB-7267-4016-95E7-3E4570C3B87B}.Release|Any CPU.Build.0 = Release|Any CPU
		{BEF0DF75-30A2-4716-80DD-A230199D5B8C}.Debug|Any CPU.ActiveCfg = Debug|Any CPU
		{BEF0DF75-30A2-4716-80DD-A230199D5B8C}.Debug|Any CPU.Build.0 = Debug|Any CPU
		{BEF0DF75-30A2-4716-80DD-A230199D5B8C}.Release|Any CPU.ActiveCfg = Release|Any CPU
		{BEF0DF75-30A2-4716-80DD-A230199D5B8C}.Release|Any CPU.Build.0 = Release|Any CPU
		{3049EFE0-793E-4E36-902E-A243FF948B9C}.Debug|Any CPU.ActiveCfg = Debug|Any CPU
		{3049EFE0-793E-4E36-902E-A243FF948B9C}.Debug|Any CPU.Build.0 = Debug|Any CPU
		{3049EFE0-793E-4E36-902E-A243FF948B9C}.Release|Any CPU.ActiveCfg = Release|Any CPU
		{3049EFE0-793E-4E36-902E-A243FF948B9C}.Release|Any CPU.Build.0 = Release|Any CPU
		{6564C369-43C8-469D-B2B0-0F453A876EF2}.Debug|Any CPU.ActiveCfg = Debug|Any CPU
		{6564C369-43C8-469D-B2B0-0F453A876EF2}.Debug|Any CPU.Build.0 = Debug|Any CPU
		{6564C369-43C8-469D-B2B0-0F453A876EF2}.Release|Any CPU.ActiveCfg = Release|Any CPU
		{6564C369-43C8-469D-B2B0-0F453A876EF2}.Release|Any CPU.Build.0 = Release|Any CPU
		{9ACBF82A-F64A-4F4D-AF8E-907042A27565}.Debug|Any CPU.ActiveCfg = Debug|Any CPU
		{9ACBF82A-F64A-4F4D-AF8E-907042A27565}.Debug|Any CPU.Build.0 = Debug|Any CPU
		{9ACBF82A-F64A-4F4D-AF8E-907042A27565}.Release|Any CPU.ActiveCfg = Release|Any CPU
		{9ACBF82A-F64A-4F4D-AF8E-907042A27565}.Release|Any CPU.Build.0 = Release|Any CPU
		{45444169-2ED6-4635-BE43-BCA72966BED9}.Debug|Any CPU.ActiveCfg = Debug|Any CPU
		{45444169-2ED6-4635-BE43-BCA72966BED9}.Debug|Any CPU.Build.0 = Debug|Any CPU
		{45444169-2ED6-4635-BE43-BCA72966BED9}.Release|Any CPU.ActiveCfg = Release|Any CPU
		{45444169-2ED6-4635-BE43-BCA72966BED9}.Release|Any CPU.Build.0 = Release|Any CPU
		{72BD4AFF-F742-4249-9D1E-882F7267885C}.Debug|Any CPU.ActiveCfg = Debug|Any CPU
		{72BD4AFF-F742-4249-9D1E-882F7267885C}.Debug|Any CPU.Build.0 = Debug|Any CPU
		{72BD4AFF-F742-4249-9D1E-882F7267885C}.Release|Any CPU.ActiveCfg = Release|Any CPU
		{72BD4AFF-F742-4249-9D1E-882F7267885C}.Release|Any CPU.Build.0 = Release|Any CPU
		{50DB212E-58F0-41EC-85FD-333500772709}.Debug|Any CPU.ActiveCfg = Debug|Any CPU
		{50DB212E-58F0-41EC-85FD-333500772709}.Debug|Any CPU.Build.0 = Debug|Any CPU
		{50DB212E-58F0-41EC-85FD-333500772709}.Release|Any CPU.ActiveCfg = Release|Any CPU
		{50DB212E-58F0-41EC-85FD-333500772709}.Release|Any CPU.Build.0 = Release|Any CPU
		{164BB235-6E38-4E10-9D46-F7AFDC66AEEB}.Debug|Any CPU.ActiveCfg = Debug|Any CPU
		{164BB235-6E38-4E10-9D46-F7AFDC66AEEB}.Debug|Any CPU.Build.0 = Debug|Any CPU
		{164BB235-6E38-4E10-9D46-F7AFDC66AEEB}.Release|Any CPU.ActiveCfg = Release|Any CPU
		{164BB235-6E38-4E10-9D46-F7AFDC66AEEB}.Release|Any CPU.Build.0 = Release|Any CPU
		{380BAA5C-FB33-44B3-B292-BE720D2DD0F0}.Debug|Any CPU.ActiveCfg = Debug|Any CPU
		{380BAA5C-FB33-44B3-B292-BE720D2DD0F0}.Debug|Any CPU.Build.0 = Debug|Any CPU
		{380BAA5C-FB33-44B3-B292-BE720D2DD0F0}.Release|Any CPU.ActiveCfg = Release|Any CPU
		{380BAA5C-FB33-44B3-B292-BE720D2DD0F0}.Release|Any CPU.Build.0 = Release|Any CPU
		{886E9C0A-C006-4351-863E-2386F0639F3D}.Debug|Any CPU.ActiveCfg = Debug|Any CPU
		{886E9C0A-C006-4351-863E-2386F0639F3D}.Debug|Any CPU.Build.0 = Debug|Any CPU
		{886E9C0A-C006-4351-863E-2386F0639F3D}.Release|Any CPU.ActiveCfg = Release|Any CPU
		{886E9C0A-C006-4351-863E-2386F0639F3D}.Release|Any CPU.Build.0 = Release|Any CPU
		{CE6334EC-4062-4851-ACDE-7BE0B2C20D0D}.Debug|Any CPU.ActiveCfg = Debug|Any CPU
		{CE6334EC-4062-4851-ACDE-7BE0B2C20D0D}.Debug|Any CPU.Build.0 = Debug|Any CPU
		{CE6334EC-4062-4851-ACDE-7BE0B2C20D0D}.Release|Any CPU.ActiveCfg = Release|Any CPU
		{CE6334EC-4062-4851-ACDE-7BE0B2C20D0D}.Release|Any CPU.Build.0 = Release|Any CPU
		{6BCCAAEA-4B1A-4539-A35C-0BCD1E6BE1C7}.Debug|Any CPU.ActiveCfg = Debug|Any CPU
		{6BCCAAEA-4B1A-4539-A35C-0BCD1E6BE1C7}.Debug|Any CPU.Build.0 = Debug|Any CPU
		{6BCCAAEA-4B1A-4539-A35C-0BCD1E6BE1C7}.Release|Any CPU.ActiveCfg = Release|Any CPU
		{6BCCAAEA-4B1A-4539-A35C-0BCD1E6BE1C7}.Release|Any CPU.Build.0 = Release|Any CPU
		{DF4761BA-93C7-4FB2-BF6F-21D178CCF2C9}.Debug|Any CPU.ActiveCfg = Debug|Any CPU
		{DF4761BA-93C7-4FB2-BF6F-21D178CCF2C9}.Debug|Any CPU.Build.0 = Debug|Any CPU
		{DF4761BA-93C7-4FB2-BF6F-21D178CCF2C9}.Release|Any CPU.ActiveCfg = Release|Any CPU
		{DF4761BA-93C7-4FB2-BF6F-21D178CCF2C9}.Release|Any CPU.Build.0 = Release|Any CPU
		{31CB9544-F265-4732-85AE-1ACDEC5FDF94}.Debug|Any CPU.ActiveCfg = Debug|Any CPU
		{31CB9544-F265-4732-85AE-1ACDEC5FDF94}.Debug|Any CPU.Build.0 = Debug|Any CPU
		{31CB9544-F265-4732-85AE-1ACDEC5FDF94}.Release|Any CPU.ActiveCfg = Release|Any CPU
		{31CB9544-F265-4732-85AE-1ACDEC5FDF94}.Release|Any CPU.Build.0 = Release|Any CPU
		{9922564F-97C7-43CC-8D75-EB6BE10E5420}.Debug|Any CPU.ActiveCfg = Debug|Any CPU
		{9922564F-97C7-43CC-8D75-EB6BE10E5420}.Debug|Any CPU.Build.0 = Debug|Any CPU
		{9922564F-97C7-43CC-8D75-EB6BE10E5420}.Release|Any CPU.ActiveCfg = Release|Any CPU
		{9922564F-97C7-43CC-8D75-EB6BE10E5420}.Release|Any CPU.Build.0 = Release|Any CPU
		{DAAD4BCD-A025-4EEA-A2E9-8725E4DB2D2B}.Debug|Any CPU.ActiveCfg = Debug|Any CPU
		{DAAD4BCD-A025-4EEA-A2E9-8725E4DB2D2B}.Debug|Any CPU.Build.0 = Debug|Any CPU
		{DAAD4BCD-A025-4EEA-A2E9-8725E4DB2D2B}.Release|Any CPU.ActiveCfg = Release|Any CPU
		{DAAD4BCD-A025-4EEA-A2E9-8725E4DB2D2B}.Release|Any CPU.Build.0 = Release|Any CPU
		{02E0C14F-A1C6-455D-9977-8BA623BDF353}.Debug|Any CPU.ActiveCfg = Debug|Any CPU
		{02E0C14F-A1C6-455D-9977-8BA623BDF353}.Debug|Any CPU.Build.0 = Debug|Any CPU
		{02E0C14F-A1C6-455D-9977-8BA623BDF353}.Release|Any CPU.ActiveCfg = Release|Any CPU
		{02E0C14F-A1C6-455D-9977-8BA623BDF353}.Release|Any CPU.Build.0 = Release|Any CPU
	EndGlobalSection
	GlobalSection(SolutionProperties) = preSolution
		HideSolutionNode = FALSE
	EndGlobalSection
	GlobalSection(NestedProjects) = preSolution
		{FD28348C-7FAF-4774-825E-AD0638BEE55E} = {005226C7-DCC8-44DA-B135-0BD398DB7397}
		{9A3FA3F2-3981-4168-B147-386ABEBB8D6A} = {005226C7-DCC8-44DA-B135-0BD398DB7397}
		{17CA8DA9-8B61-48E6-B707-B03C777F287E} = {005226C7-DCC8-44DA-B135-0BD398DB7397}
		{959B256A-707F-48EF-AB6A-CAF7C229B9BB} = {FE95FE29-C910-457C-8A07-8C5F0A2F87B1}
		{484A5566-E088-49DE-8FEA-A4F64D053433} = {FE95FE29-C910-457C-8A07-8C5F0A2F87B1}
		{6CC2A479-7735-48C3-8DB3-E38BC53C5524} = {FE95FE29-C910-457C-8A07-8C5F0A2F87B1}
		{E8545EAE-F0AD-4DC4-A48A-B6EDFF32DC0C} = {FE95FE29-C910-457C-8A07-8C5F0A2F87B1}
		{38C43D7A-3011-4EED-AB5B-22DD08363608} = {FE95FE29-C910-457C-8A07-8C5F0A2F87B1}
		{56BF20B3-BC8A-441F-B771-35AA9EC69EA7} = {FE95FE29-C910-457C-8A07-8C5F0A2F87B1}
		{F6809F0D-F31E-4654-A6E7-14D9AEB759CF} = {FE95FE29-C910-457C-8A07-8C5F0A2F87B1}
		{A38FB79C-9469-4814-91AF-29A1372741AA} = {FE95FE29-C910-457C-8A07-8C5F0A2F87B1}
		{A3D9DC93-184F-4E6B-9980-B35FB6DE7D7A} = {915F14F3-3C73-4851-8F6F-B111F80CF9BF}
		{B491517B-43C0-46C0-9BD2-98BB1389EE7F} = {915F14F3-3C73-4851-8F6F-B111F80CF9BF}
		{B66C5B3F-4A79-4B27-81E4-46F43DC9F92E} = {915F14F3-3C73-4851-8F6F-B111F80CF9BF}
		{06A814BB-6615-4E0F-B091-920C05615070} = {915F14F3-3C73-4851-8F6F-B111F80CF9BF}
		{19A2FAE2-2EC5-438F-8936-B32D4039E0E0} = {915F14F3-3C73-4851-8F6F-B111F80CF9BF}
		{AE5BEB46-4F50-4177-8A2B-22AD0932222B} = {915F14F3-3C73-4851-8F6F-B111F80CF9BF}
		{54033190-9FB5-4DE8-9E36-2CD3801BD771} = {915F14F3-3C73-4851-8F6F-B111F80CF9BF}
		{258E666A-C7A7-406D-822D-2C40B6AB4EF0} = {F5F82442-1A04-4473-BE5E-CFFF67394C5C}
		{D10EE8AF-766A-4B8E-9A24-BE643F29A0CA} = {F5F82442-1A04-4473-BE5E-CFFF67394C5C}
		{34D9D5CA-3E9B-409A-8419-391324779FA7} = {F5F82442-1A04-4473-BE5E-CFFF67394C5C}
		{BCB937E5-8F5B-4E9F-A966-DD2DB4AC57FB} = {649A3FFA-182F-4E56-9717-E6A9A2BEC545}
		{D55B0BD2-3E29-4D71-915A-FAA45B88499B} = {649A3FFA-182F-4E56-9717-E6A9A2BEC545}
		{314F288A-5FBB-45FF-8B1E-8318A6EF1130} = {649A3FFA-182F-4E56-9717-E6A9A2BEC545}
		{670F8DDF-743B-4923-98D9-4A7F69860858} = {649A3FFA-182F-4E56-9717-E6A9A2BEC545}
		{A2473EA8-98ED-49FD-84AA-6E7E86AC31B4} = {649A3FFA-182F-4E56-9717-E6A9A2BEC545}
		{FA0C3F57-5EB4-4FDA-8849-89771BEABCFC} = {649A3FFA-182F-4E56-9717-E6A9A2BEC545}
		{1A4019EB-7267-4016-95E7-3E4570C3B87B} = {649A3FFA-182F-4E56-9717-E6A9A2BEC545}
		{BEF0DF75-30A2-4716-80DD-A230199D5B8C} = {649A3FFA-182F-4E56-9717-E6A9A2BEC545}
		{3049EFE0-793E-4E36-902E-A243FF948B9C} = {649A3FFA-182F-4E56-9717-E6A9A2BEC545}
		{6564C369-43C8-469D-B2B0-0F453A876EF2} = {649A3FFA-182F-4E56-9717-E6A9A2BEC545}
		{9ACBF82A-F64A-4F4D-AF8E-907042A27565} = {649A3FFA-182F-4E56-9717-E6A9A2BEC545}
		{45444169-2ED6-4635-BE43-BCA72966BED9} = {96A21436-DAEC-4062-B2FC-6117FD58AD4D}
		{72BD4AFF-F742-4249-9D1E-882F7267885C} = {96A21436-DAEC-4062-B2FC-6117FD58AD4D}
		{50DB212E-58F0-41EC-85FD-333500772709} = {96A21436-DAEC-4062-B2FC-6117FD58AD4D}
		{164BB235-6E38-4E10-9D46-F7AFDC66AEEB} = {96A21436-DAEC-4062-B2FC-6117FD58AD4D}
		{380BAA5C-FB33-44B3-B292-BE720D2DD0F0} = {96A21436-DAEC-4062-B2FC-6117FD58AD4D}
		{886E9C0A-C006-4351-863E-2386F0639F3D} = {96A21436-DAEC-4062-B2FC-6117FD58AD4D}
		{CE6334EC-4062-4851-ACDE-7BE0B2C20D0D} = {96A21436-DAEC-4062-B2FC-6117FD58AD4D}
		{6BCCAAEA-4B1A-4539-A35C-0BCD1E6BE1C7} = {CCD2960C-23CC-4AB4-B84D-60C7AAA52F4D}
		{DF4761BA-93C7-4FB2-BF6F-21D178CCF2C9} = {CCD2960C-23CC-4AB4-B84D-60C7AAA52F4D}
		{31CB9544-F265-4732-85AE-1ACDEC5FDF94} = {CCD2960C-23CC-4AB4-B84D-60C7AAA52F4D}
		{9922564F-97C7-43CC-8D75-EB6BE10E5420} = {CCD2960C-23CC-4AB4-B84D-60C7AAA52F4D}
		{DAAD4BCD-A025-4EEA-A2E9-8725E4DB2D2B} = {96A21436-DAEC-4062-B2FC-6117FD58AD4D}
		{02E0C14F-A1C6-455D-9977-8BA623BDF353} = {96A21436-DAEC-4062-B2FC-6117FD58AD4D}
	EndGlobalSection
	GlobalSection(ExtensibilityGlobals) = postSolution
		SolutionGuid = {4324B3B4-B60B-4E3C-91D8-59576B4E26DD}
	EndGlobalSection
EndGlobal
