
Microsoft Visual Studio Solution File, Format Version 12.00
# Visual Studio Version 17
VisualStudioVersion = 17.0.31919.166
MinimumVisualStudioVersion = 10.0.40219.1
Project("{2150E333-8FDC-42A3-9474-1A3956D46DE8}") = "_Infrastructure", "_Infrastructure", "{915F14F3-3C73-4851-8F6F-B111F80CF9BF}"
EndProject
Project("{2150E333-8FDC-42A3-9474-1A3956D46DE8}") = "_modules", "_modules", "{005226C7-DCC8-44DA-B135-0BD398DB7397}"
EndProject
Project("{9A19103F-16F7-4668-BE54-9A1E7A4F7556}") = "LG.Oss.Core", "modules\oss\src\LG.Oss.Core\LG.Oss.Core.csproj", "{2882023E-7B48-4DEB-B94D-A841FB7DE8AF}"
EndProject
Project("{2150E333-8FDC-42A3-9474-1A3956D46DE8}") = "oss", "oss", "{FD28348C-7FAF-4774-825E-AD0638BEE55E}"
EndProject
Project("{9A19103F-16F7-4668-BE54-9A1E7A4F7556}") = "LG.Oss.Aliyun", "modules\oss\src\LG.Oss.Aliyun\LG.Oss.Aliyun.csproj", "{08BF6C04-BDB5-4727-8E56-D33BB227E9F9}"
EndProject
Project("{9A19103F-16F7-4668-BE54-9A1E7A4F7556}") = "LG.Oss.Local", "modules\oss\src\LG.Oss.Local\LG.Oss.Local.csproj", "{192E7920-F02C-4AFA-AB71-6863E7E8BCA1}"
EndProject
Project("{9A19103F-16F7-4668-BE54-9A1E7A4F7556}") = "LG.Oss.Test", "modules\oss\test\LG.Oss.Test\LG.Oss.Test.csproj", "{7D13E2EE-C2BE-4FA4-8720-3DA77B143C21}"
EndProject
Project("{2150E333-8FDC-42A3-9474-1A3956D46DE8}") = "sms", "sms", "{9A3FA3F2-3981-4168-B147-386ABEBB8D6A}"
EndProject
Project("{9A19103F-16F7-4668-BE54-9A1E7A4F7556}") = "LG.Sms.Core", "modules\sms\src\LG.Sms.Core\LG.Sms.Core.csproj", "{A2289A31-5688-470B-AD3B-2594BD629405}"
EndProject
Project("{9A19103F-16F7-4668-BE54-9A1E7A4F7556}") = "LG.Sms.Aliyun", "modules\sms\src\LG.Sms.Aliyun\LG.Sms.Aliyun.csproj", "{A947ADC9-75F0-44A2-BD82-0AED314D77FA}"
EndProject
Project("{9A19103F-16F7-4668-BE54-9A1E7A4F7556}") = "LG.Sms.ChinaMobile", "modules\sms\src\LG.Sms.ChinaMobile\LG.Sms.ChinaMobile.csproj", "{A719150F-E9DC-4DA6-AF8C-1B7EF5516F0C}"
EndProject
Project("{9A19103F-16F7-4668-BE54-9A1E7A4F7556}") = "LG.Sms.Test", "modules\sms\test\LG.Sms.Test\LG.Sms.Test.csproj", "{D5FF483C-385C-4D94-B54C-6822D1CE9F4B}"
EndProject
Project("{2150E333-8FDC-42A3-9474-1A3956D46DE8}") = "wechat", "wechat", "{17CA8DA9-8B61-48E6-B707-B03C777F287E}"
EndProject
Project("{9A19103F-16F7-4668-BE54-9A1E7A4F7556}") = "LG.Wechat.Abstractions", "modules\wechat\src\LG.Wechat.Abstractions\LG.Wechat.Abstractions.csproj", "{77452202-045F-441B-9228-1BD2513C73D5}"
EndProject
Project("{9A19103F-16F7-4668-BE54-9A1E7A4F7556}") = "LG.Wechat.Senparc", "modules\wechat\src\LG.Wechat.Senparc\LG.Wechat.Senparc.csproj", "{BAF6DD1A-FB0A-4F9B-848E-B2A4137A7E1D}"
EndProject
Project("{9A19103F-16F7-4668-BE54-9A1E7A4F7556}") = "LG.Wechat.Senparc.HttpApi", "modules\wechat\src\LG.Wechat.Senparc.HttpApi\LG.Wechat.Senparc.HttpApi.csproj", "{9F409E86-39C2-4761-91D8-CD474CB80744}"
EndProject
Project("{9A19103F-16F7-4668-BE54-9A1E7A4F7556}") = "LG.NetCore.HostShared", "host\LG.NetCore.HostShared\LG.NetCore.HostShared.csproj", "{F6AC8D4A-EDD7-4514-8E8A-5BCB019864DB}"
EndProject
Project("{9A19103F-16F7-4668-BE54-9A1E7A4F7556}") = "LG.NetCore.Platform.Host", "host\LG.NetCore.Platform.Host\LG.NetCore.Platform.Host.csproj", "{37B135B0-DAFE-4616-B25C-1BDF32FC44A2}"
EndProject
Project("{9A19103F-16F7-4668-BE54-9A1E7A4F7556}") = "LG.NetCore.IdentityServer", "host\LG.NetCore.IdentityServer.Host\LG.NetCore.IdentityServer.csproj", "{690203F4-3CD5-4569-88D9-EE831EEA5F5F}"
EndProject
Project("{9A19103F-16F7-4668-BE54-9A1E7A4F7556}") = "LG.NetCore.Terminal.Host", "host\LG.NetCore.Terminal.Host\LG.NetCore.Terminal.Host.csproj", "{52FA176B-EC41-4816-AD82-389EC0528FF5}"
EndProject
Project("{2150E333-8FDC-42A3-9474-1A3956D46DE8}") = "platform", "platform", "{649A3FFA-182F-4E56-9717-E6A9A2BEC545}"
EndProject
Project("{9A19103F-16F7-4668-BE54-9A1E7A4F7556}") = "LG.NetCore.Platform.Application", "platform\LG.NetCore.Platform.Application\LG.NetCore.Platform.Application.csproj", "{78040F9E-3501-4A40-82DF-00A597710F35}"
EndProject
Project("{9A19103F-16F7-4668-BE54-9A1E7A4F7556}") = "LG.NetCore.Platform.Application.Contracts", "platform\LG.NetCore.Platform.Application.Contracts\LG.NetCore.Platform.Application.Contracts.csproj", "{BD65D04F-08D5-40C1-8C24-77CA0BACB877}"
EndProject
Project("{9A19103F-16F7-4668-BE54-9A1E7A4F7556}") = "LG.NetCore.Platform.BackgroundJob", "platform\LG.NetCore.Platform.BackgroundJob\LG.NetCore.Platform.BackgroundJob.csproj", "{321F0270-8344-41A1-A4A3-A87DBFFB4B8F}"
EndProject
Project("{9A19103F-16F7-4668-BE54-9A1E7A4F7556}") = "LG.NetCore.Platform.Cap", "platform\LG.NetCore.Platform.Cap\LG.NetCore.Platform.Cap.csproj", "{9FC476A4-63EF-4F17-9983-2795354F3CA1}"
EndProject
Project("{9A19103F-16F7-4668-BE54-9A1E7A4F7556}") = "LG.NetCore.Platform.Data", "platform\LG.NetCore.Platform.Data\LG.NetCore.Platform.Data.csproj", "{C367D833-4E60-4CE2-B44C-7308794AD293}"
EndProject
Project("{9A19103F-16F7-4668-BE54-9A1E7A4F7556}") = "LG.NetCore.Platform.Domain", "platform\LG.NetCore.Platform.Domain\LG.NetCore.Platform.Domain.csproj", "{F2840BC7-0188-4606-9126-DADD0F5ABF7A}"
EndProject
Project("{9A19103F-16F7-4668-BE54-9A1E7A4F7556}") = "LG.NetCore.Platform.Domain.Shared", "platform\LG.NetCore.Platform.Domain.Shared\LG.NetCore.Platform.Domain.Shared.csproj", "{D64C1577-4929-4B60-939E-96DE1534891A}"
EndProject
Project("{9A19103F-16F7-4668-BE54-9A1E7A4F7556}") = "LG.NetCore.Platform.EntityFrameworkCore", "platform\LG.NetCore.Platform.EntityFrameworkCore\LG.NetCore.Platform.EntityFrameworkCore.csproj", "{0CE86223-D31D-4315-A1F5-87BA3EE1B844}"
EndProject
Project("{9A19103F-16F7-4668-BE54-9A1E7A4F7556}") = "LG.NetCore.Platform.HttpApi", "platform\LG.NetCore.Platform.HttpApi\LG.NetCore.Platform.HttpApi.csproj", "{077AA5F8-8B61-420C-A6B5-0150A66FDB34}"
EndProject
Project("{9A19103F-16F7-4668-BE54-9A1E7A4F7556}") = "LG.NetCore.Platform.HttpApi.Client", "platform\LG.NetCore.Platform.HttpApi.Client\LG.NetCore.Platform.HttpApi.Client.csproj", "{36E2735F-CEAB-44C8-A6D1-2CDAFF399751}"
EndProject
Project("{2150E333-8FDC-42A3-9474-1A3956D46DE8}") = "terminal", "terminal", "{96A21436-DAEC-4062-B2FC-6117FD58AD4D}"
EndProject
Project("{9A19103F-16F7-4668-BE54-9A1E7A4F7556}") = "LG.NetCore.Terminal.Application", "terminal\LG.NetCore.Terminal.Application\LG.NetCore.Terminal.Application.csproj", "{F5F37D04-9AAE-4F3E-921E-F6400F91C831}"
EndProject
Project("{9A19103F-16F7-4668-BE54-9A1E7A4F7556}") = "LG.NetCore.Terminal.Application.Contracts", "terminal\LG.NetCore.Terminal.Application.Contracts\LG.NetCore.Terminal.Application.Contracts.csproj", "{772ACF23-26FD-4906-A09B-BAFBAAFFC974}"
EndProject
Project("{9A19103F-16F7-4668-BE54-9A1E7A4F7556}") = "LG.NetCore.Terminal.HttpApi", "terminal\LG.NetCore.Terminal.HttpApi\LG.NetCore.Terminal.HttpApi.csproj", "{92A400D9-901B-4054-9502-A6E144BA825B}"
EndProject
Project("{9A19103F-16F7-4668-BE54-9A1E7A4F7556}") = "LG.NetCore.Terminal.HttpApi.Client", "terminal\LG.NetCore.Terminal.HttpApi.Client\LG.NetCore.Terminal.HttpApi.Client.csproj", "{DF4B31BC-0816-4FBE-BB06-974318265B2A}"
EndProject
Project("{2150E333-8FDC-42A3-9474-1A3956D46DE8}") = "test", "test", "{CCD2960C-23CC-4AB4-B84D-60C7AAA52F4D}"
EndProject
Project("{9A19103F-16F7-4668-BE54-9A1E7A4F7556}") = "LG.NetCore.Platform.Application.Tests", "test\LG.NetCore.Platform.Application.Tests\LG.NetCore.Platform.Application.Tests.csproj", "{90CB5DC4-C040-45C7-8900-9688B26405BC}"
EndProject
Project("{9A19103F-16F7-4668-BE54-9A1E7A4F7556}") = "LG.NetCore.Platform.Domain.Tests", "test\LG.NetCore.Platform.Domain.Tests\LG.NetCore.Platform.Domain.Tests.csproj", "{E60895E5-79C4-447D-88B7-85CB5BA336A4}"
EndProject
Project("{9A19103F-16F7-4668-BE54-9A1E7A4F7556}") = "LG.NetCore.Platform.EntityFrameworkCore.Tests", "test\LG.NetCore.Platform.EntityFrameworkCore.Tests\LG.NetCore.Platform.EntityFrameworkCore.Tests.csproj", "{527F645C-C1FC-406E-8479-81386C8ECF13}"
EndProject
Project("{9A19103F-16F7-4668-BE54-9A1E7A4F7556}") = "LG.NetCore.Platform.TestBase", "test\LG.NetCore.Platform.TestBase\LG.NetCore.Platform.TestBase.csproj", "{C5BB573D-3030-4BCB-88B7-F6A85C32766C}"
EndProject
Project("{9A19103F-16F7-4668-BE54-9A1E7A4F7556}") = "LG.NetCore.Terminal.BackgroundJob", "terminal\LG.NetCore.Terminal.BackgroundJob\LG.NetCore.Terminal.BackgroundJob.csproj", "{EBF6129F-7735-42A4-882A-D0B442C2473F}"
EndProject
Project("{9A19103F-16F7-4668-BE54-9A1E7A4F7556}") = "LG.NetCore.Terminal.Cap", "terminal\LG.NetCore.Terminal.Cap\LG.NetCore.Terminal.Cap.csproj", "{94D59D44-DC95-48A7-9069-12B6D919E063}"
EndProject
Project("{2150E333-8FDC-42A3-9474-1A3956D46DE8}") = "identity", "identity", "{F5F82442-1A04-4473-BE5E-CFFF67394C5C}"
EndProject
Project("{9A19103F-16F7-4668-BE54-9A1E7A4F7556}") = "LG.NetCore.Identity.Application.Contracts", "main\LG.NetCore.Identity.Application.Contracts\LG.NetCore.Identity.Application.Contracts.csproj", "{FC8D3DF1-6937-4291-943E-BA818D8BA96A}"
EndProject
Project("{9A19103F-16F7-4668-BE54-9A1E7A4F7556}") = "LG.NetCore.Identity.HttpApi.Client", "main\LG.NetCore.Identity.HttpApi.Client\LG.NetCore.Identity.HttpApi.Client.csproj", "{1E48A9D2-E5DF-4A10-B525-31585CE50011}"
EndProject
Project("{2150E333-8FDC-42A3-9474-1A3956D46DE8}") = "_extensions", "_extensions", "{FE95FE29-C910-457C-8A07-8C5F0A2F87B1}"
EndProject
Project("{9A19103F-16F7-4668-BE54-9A1E7A4F7556}") = "Hugin.Abp.Application", "_extensions\Hugin.Abp.Application\Hugin.Abp.Application.csproj", "{959B256A-707F-48EF-AB6A-CAF7C229B9BB}"
EndProject
Project("{9A19103F-16F7-4668-BE54-9A1E7A4F7556}") = "Hugin.Abp.Domain", "_extensions\Hugin.Abp.Domain\Hugin.Abp.Domain.csproj", "{484A5566-E088-49DE-8FEA-A4F64D053433}"
EndProject
Project("{9A19103F-16F7-4668-BE54-9A1E7A4F7556}") = "Hugin.Abp.EntityFrameworkCore", "_extensions\Hugin.Abp.EntityFrameworkCore\Hugin.Abp.EntityFrameworkCore.csproj", "{6CC2A479-7735-48C3-8DB3-E38BC53C5524}"
EndProject
Project("{9A19103F-16F7-4668-BE54-9A1E7A4F7556}") = "Hugin.Abp.Mvc", "_extensions\Hugin.Abp.Mvc\Hugin.Abp.Mvc.csproj", "{E8545EAE-F0AD-4DC4-A48A-B6EDFF32DC0C}"
EndProject
Project("{9A19103F-16F7-4668-BE54-9A1E7A4F7556}") = "Hugin.Cache.CsRedis", "_extensions\Hugin.Cache.CsRedis\Hugin.Cache.CsRedis.csproj", "{38C43D7A-3011-4EED-AB5B-22DD08363608}"
EndProject
Project("{9A19103F-16F7-4668-BE54-9A1E7A4F7556}") = "Volo.Abp.AspNetCore.MultiStadium", "_extensions\Volo.Abp.AspNetCore.MultiStadium\Volo.Abp.AspNetCore.MultiStadium.csproj", "{56BF20B3-BC8A-441F-B771-35AA9EC69EA7}"
EndProject
Project("{9A19103F-16F7-4668-BE54-9A1E7A4F7556}") = "Volo.Abp.MultiStadium", "_extensions\Volo.Abp.MultiStadium\Volo.Abp.MultiStadium.csproj", "{F6809F0D-F31E-4654-A6E7-14D9AEB759CF}"
EndProject
Project("{9A19103F-16F7-4668-BE54-9A1E7A4F7556}") = "Volo.Abp.OAuth.Gitlab", "_extensions\Volo.Abp.OAuth.Gitlab\Volo.Abp.OAuth.Gitlab.csproj", "{A38FB79C-9469-4814-91AF-29A1372741AA}"
EndProject
Project("{9A19103F-16F7-4668-BE54-9A1E7A4F7556}") = "Hugin.Infrastructure.Cache.CsRedis", "_infrastructure\Hugin.Infrastructure.Cache.CsRedis\Hugin.Infrastructure.Cache.CsRedis.csproj", "{A3D9DC93-184F-4E6B-9980-B35FB6DE7D7A}"
EndProject
Project("{9A19103F-16F7-4668-BE54-9A1E7A4F7556}") = "Hugin.Infrastructure.Cap", "_infrastructure\Hugin.Infrastructure.Cap\Hugin.Infrastructure.Cap.csproj", "{B491517B-43C0-46C0-9BD2-98BB1389EE7F}"
EndProject
Project("{9A19103F-16F7-4668-BE54-9A1E7A4F7556}") = "Hugin.Infrastructure.Common", "_infrastructure\Hugin.Infrastructure.Common\Hugin.Infrastructure.Common.csproj", "{B66C5B3F-4A79-4B27-81E4-46F43DC9F92E}"
EndProject
Project("{9A19103F-16F7-4668-BE54-9A1E7A4F7556}") = "Hugin.Infrastructure.Data", "_infrastructure\Hugin.Infrastructure.Data\Hugin.Infrastructure.Data.csproj", "{06A814BB-6615-4E0F-B091-920C05615070}"
EndProject
Project("{9A19103F-16F7-4668-BE54-9A1E7A4F7556}") = "Hugin.Infrastructure.Exporting.Magicodes", "_infrastructure\Hugin.Infrastructure.Exporting.Magicodes\Hugin.Infrastructure.Exporting.Magicodes.csproj", "{19A2FAE2-2EC5-438F-8936-B32D4039E0E0}"
EndProject
Project("{9A19103F-16F7-4668-BE54-9A1E7A4F7556}") = "Hugin.Infrastructure.Log", "_infrastructure\Hugin.Infrastructure.Log\Hugin.Infrastructure.Log.csproj", "{AE5BEB46-4F50-4177-8A2B-22AD0932222B}"
EndProject
Project("{9A19103F-16F7-4668-BE54-9A1E7A4F7556}") = "Hugin.Infrastructure.Log.Serilog", "_infrastructure\Hugin.Infrastructure.Log.Serilog\Hugin.Infrastructure.Log.Serilog.csproj", "{54033190-9FB5-4DE8-9E36-2CD3801BD771}"
EndProject
Global
	GlobalSection(SolutionConfigurationPlatforms) = preSolution
		Debug|Any CPU = Debug|Any CPU
		Release|Any CPU = Release|Any CPU
	EndGlobalSection
	GlobalSection(ProjectConfigurationPlatforms) = postSolution
		{2882023E-7B48-4DEB-B94D-A841FB7DE8AF}.Debug|Any CPU.ActiveCfg = Debug|Any CPU
		{2882023E-7B48-4DEB-B94D-A841FB7DE8AF}.Debug|Any CPU.Build.0 = Debug|Any CPU
		{2882023E-7B48-4DEB-B94D-A841FB7DE8AF}.Release|Any CPU.ActiveCfg = Release|Any CPU
		{2882023E-7B48-4DEB-B94D-A841FB7DE8AF}.Release|Any CPU.Build.0 = Release|Any CPU
		{08BF6C04-BDB5-4727-8E56-D33BB227E9F9}.Debug|Any CPU.ActiveCfg = Debug|Any CPU
		{08BF6C04-BDB5-4727-8E56-D33BB227E9F9}.Debug|Any CPU.Build.0 = Debug|Any CPU
		{08BF6C04-BDB5-4727-8E56-D33BB227E9F9}.Release|Any CPU.ActiveCfg = Release|Any CPU
		{08BF6C04-BDB5-4727-8E56-D33BB227E9F9}.Release|Any CPU.Build.0 = Release|Any CPU
		{192E7920-F02C-4AFA-AB71-6863E7E8BCA1}.Debug|Any CPU.ActiveCfg = Debug|Any CPU
		{192E7920-F02C-4AFA-AB71-6863E7E8BCA1}.Debug|Any CPU.Build.0 = Debug|Any CPU
		{192E7920-F02C-4AFA-AB71-6863E7E8BCA1}.Release|Any CPU.ActiveCfg = Release|Any CPU
		{192E7920-F02C-4AFA-AB71-6863E7E8BCA1}.Release|Any CPU.Build.0 = Release|Any CPU
		{7D13E2EE-C2BE-4FA4-8720-3DA77B143C21}.Debug|Any CPU.ActiveCfg = Debug|Any CPU
		{7D13E2EE-C2BE-4FA4-8720-3DA77B143C21}.Debug|Any CPU.Build.0 = Debug|Any CPU
		{7D13E2EE-C2BE-4FA4-8720-3DA77B143C21}.Release|Any CPU.ActiveCfg = Release|Any CPU
		{7D13E2EE-C2BE-4FA4-8720-3DA77B143C21}.Release|Any CPU.Build.0 = Release|Any CPU
		{A2289A31-5688-470B-AD3B-2594BD629405}.Debug|Any CPU.ActiveCfg = Debug|Any CPU
		{A2289A31-5688-470B-AD3B-2594BD629405}.Debug|Any CPU.Build.0 = Debug|Any CPU
		{A2289A31-5688-470B-AD3B-2594BD629405}.Release|Any CPU.ActiveCfg = Release|Any CPU
		{A2289A31-5688-470B-AD3B-2594BD629405}.Release|Any CPU.Build.0 = Release|Any CPU
		{A947ADC9-75F0-44A2-BD82-0AED314D77FA}.Debug|Any CPU.ActiveCfg = Debug|Any CPU
		{A947ADC9-75F0-44A2-BD82-0AED314D77FA}.Debug|Any CPU.Build.0 = Debug|Any CPU
		{A947ADC9-75F0-44A2-BD82-0AED314D77FA}.Release|Any CPU.ActiveCfg = Release|Any CPU
		{A947ADC9-75F0-44A2-BD82-0AED314D77FA}.Release|Any CPU.Build.0 = Release|Any CPU
		{A719150F-E9DC-4DA6-AF8C-1B7EF5516F0C}.Debug|Any CPU.ActiveCfg = Debug|Any CPU
		{A719150F-E9DC-4DA6-AF8C-1B7EF5516F0C}.Debug|Any CPU.Build.0 = Debug|Any CPU
		{A719150F-E9DC-4DA6-AF8C-1B7EF5516F0C}.Release|Any CPU.ActiveCfg = Release|Any CPU
		{A719150F-E9DC-4DA6-AF8C-1B7EF5516F0C}.Release|Any CPU.Build.0 = Release|Any CPU
		{D5FF483C-385C-4D94-B54C-6822D1CE9F4B}.Debug|Any CPU.ActiveCfg = Debug|Any CPU
		{D5FF483C-385C-4D94-B54C-6822D1CE9F4B}.Debug|Any CPU.Build.0 = Debug|Any CPU
		{D5FF483C-385C-4D94-B54C-6822D1CE9F4B}.Release|Any CPU.ActiveCfg = Release|Any CPU
		{D5FF483C-385C-4D94-B54C-6822D1CE9F4B}.Release|Any CPU.Build.0 = Release|Any CPU
		{77452202-045F-441B-9228-1BD2513C73D5}.Debug|Any CPU.ActiveCfg = Debug|Any CPU
		{77452202-045F-441B-9228-1BD2513C73D5}.Debug|Any CPU.Build.0 = Debug|Any CPU
		{77452202-045F-441B-9228-1BD2513C73D5}.Release|Any CPU.ActiveCfg = Release|Any CPU
		{77452202-045F-441B-9228-1BD2513C73D5}.Release|Any CPU.Build.0 = Release|Any CPU
		{BAF6DD1A-FB0A-4F9B-848E-B2A4137A7E1D}.Debug|Any CPU.ActiveCfg = Debug|Any CPU
		{BAF6DD1A-FB0A-4F9B-848E-B2A4137A7E1D}.Debug|Any CPU.Build.0 = Debug|Any CPU
		{BAF6DD1A-FB0A-4F9B-848E-B2A4137A7E1D}.Release|Any CPU.ActiveCfg = Release|Any CPU
		{BAF6DD1A-FB0A-4F9B-848E-B2A4137A7E1D}.Release|Any CPU.Build.0 = Release|Any CPU
		{9F409E86-39C2-4761-91D8-CD474CB80744}.Debug|Any CPU.ActiveCfg = Debug|Any CPU
		{9F409E86-39C2-4761-91D8-CD474CB80744}.Debug|Any CPU.Build.0 = Debug|Any CPU
		{9F409E86-39C2-4761-91D8-CD474CB80744}.Release|Any CPU.ActiveCfg = Release|Any CPU
		{9F409E86-39C2-4761-91D8-CD474CB80744}.Release|Any CPU.Build.0 = Release|Any CPU
		{F6AC8D4A-EDD7-4514-8E8A-5BCB019864DB}.Debug|Any CPU.ActiveCfg = Debug|Any CPU
		{F6AC8D4A-EDD7-4514-8E8A-5BCB019864DB}.Debug|Any CPU.Build.0 = Debug|Any CPU
		{F6AC8D4A-EDD7-4514-8E8A-5BCB019864DB}.Release|Any CPU.ActiveCfg = Release|Any CPU
		{F6AC8D4A-EDD7-4514-8E8A-5BCB019864DB}.Release|Any CPU.Build.0 = Release|Any CPU
		{37B135B0-DAFE-4616-B25C-1BDF32FC44A2}.Debug|Any CPU.ActiveCfg = Debug|Any CPU
		{37B135B0-DAFE-4616-B25C-1BDF32FC44A2}.Debug|Any CPU.Build.0 = Debug|Any CPU
		{37B135B0-DAFE-4616-B25C-1BDF32FC44A2}.Release|Any CPU.ActiveCfg = Release|Any CPU
		{37B135B0-DAFE-4616-B25C-1BDF32FC44A2}.Release|Any CPU.Build.0 = Release|Any CPU
		{690203F4-3CD5-4569-88D9-EE831EEA5F5F}.Debug|Any CPU.ActiveCfg = Debug|Any CPU
		{690203F4-3CD5-4569-88D9-EE831EEA5F5F}.Debug|Any CPU.Build.0 = Debug|Any CPU
		{690203F4-3CD5-4569-88D9-EE831EEA5F5F}.Release|Any CPU.ActiveCfg = Release|Any CPU
		{690203F4-3CD5-4569-88D9-EE831EEA5F5F}.Release|Any CPU.Build.0 = Release|Any CPU
		{52FA176B-EC41-4816-AD82-389EC0528FF5}.Debug|Any CPU.ActiveCfg = Debug|Any CPU
		{52FA176B-EC41-4816-AD82-389EC0528FF5}.Debug|Any CPU.Build.0 = Debug|Any CPU
		{52FA176B-EC41-4816-AD82-389EC0528FF5}.Release|Any CPU.ActiveCfg = Release|Any CPU
		{52FA176B-EC41-4816-AD82-389EC0528FF5}.Release|Any CPU.Build.0 = Release|Any CPU
		{78040F9E-3501-4A40-82DF-00A597710F35}.Debug|Any CPU.ActiveCfg = Debug|Any CPU
		{78040F9E-3501-4A40-82DF-00A597710F35}.Debug|Any CPU.Build.0 = Debug|Any CPU
		{78040F9E-3501-4A40-82DF-00A597710F35}.Release|Any CPU.ActiveCfg = Release|Any CPU
		{78040F9E-3501-4A40-82DF-00A597710F35}.Release|Any CPU.Build.0 = Release|Any CPU
		{BD65D04F-08D5-40C1-8C24-77CA0BACB877}.Debug|Any CPU.ActiveCfg = Debug|Any CPU
		{BD65D04F-08D5-40C1-8C24-77CA0BACB877}.Debug|Any CPU.Build.0 = Debug|Any CPU
		{BD65D04F-08D5-40C1-8C24-77CA0BACB877}.Release|Any CPU.ActiveCfg = Release|Any CPU
		{BD65D04F-08D5-40C1-8C24-77CA0BACB877}.Release|Any CPU.Build.0 = Release|Any CPU
		{321F0270-8344-41A1-A4A3-A87DBFFB4B8F}.Debug|Any CPU.ActiveCfg = Debug|Any CPU
		{321F0270-8344-41A1-A4A3-A87DBFFB4B8F}.Debug|Any CPU.Build.0 = Debug|Any CPU
		{321F0270-8344-41A1-A4A3-A87DBFFB4B8F}.Release|Any CPU.ActiveCfg = Release|Any CPU
		{321F0270-8344-41A1-A4A3-A87DBFFB4B8F}.Release|Any CPU.Build.0 = Release|Any CPU
		{9FC476A4-63EF-4F17-9983-2795354F3CA1}.Debug|Any CPU.ActiveCfg = Debug|Any CPU
		{9FC476A4-63EF-4F17-9983-2795354F3CA1}.Debug|Any CPU.Build.0 = Debug|Any CPU
		{9FC476A4-63EF-4F17-9983-2795354F3CA1}.Release|Any CPU.ActiveCfg = Release|Any CPU
		{9FC476A4-63EF-4F17-9983-2795354F3CA1}.Release|Any CPU.Build.0 = Release|Any CPU
		{C367D833-4E60-4CE2-B44C-7308794AD293}.Debug|Any CPU.ActiveCfg = Debug|Any CPU
		{C367D833-4E60-4CE2-B44C-7308794AD293}.Debug|Any CPU.Build.0 = Debug|Any CPU
		{C367D833-4E60-4CE2-B44C-7308794AD293}.Release|Any CPU.ActiveCfg = Release|Any CPU
		{C367D833-4E60-4CE2-B44C-7308794AD293}.Release|Any CPU.Build.0 = Release|Any CPU
		{F2840BC7-0188-4606-9126-DADD0F5ABF7A}.Debug|Any CPU.ActiveCfg = Debug|Any CPU
		{F2840BC7-0188-4606-9126-DADD0F5ABF7A}.Debug|Any CPU.Build.0 = Debug|Any CPU
		{F2840BC7-0188-4606-9126-DADD0F5ABF7A}.Release|Any CPU.ActiveCfg = Release|Any CPU
		{F2840BC7-0188-4606-9126-DADD0F5ABF7A}.Release|Any CPU.Build.0 = Release|Any CPU
		{D64C1577-4929-4B60-939E-96DE1534891A}.Debug|Any CPU.ActiveCfg = Debug|Any CPU
		{D64C1577-4929-4B60-939E-96DE1534891A}.Debug|Any CPU.Build.0 = Debug|Any CPU
		{D64C1577-4929-4B60-939E-96DE1534891A}.Release|Any CPU.ActiveCfg = Release|Any CPU
		{D64C1577-4929-4B60-939E-96DE1534891A}.Release|Any CPU.Build.0 = Release|Any CPU
		{0CE86223-D31D-4315-A1F5-87BA3EE1B844}.Debug|Any CPU.ActiveCfg = Debug|Any CPU
		{0CE86223-D31D-4315-A1F5-87BA3EE1B844}.Debug|Any CPU.Build.0 = Debug|Any CPU
		{0CE86223-D31D-4315-A1F5-87BA3EE1B844}.Release|Any CPU.ActiveCfg = Release|Any CPU
		{0CE86223-D31D-4315-A1F5-87BA3EE1B844}.Release|Any CPU.Build.0 = Release|Any CPU
		{077AA5F8-8B61-420C-A6B5-0150A66FDB34}.Debug|Any CPU.ActiveCfg = Debug|Any CPU
		{077AA5F8-8B61-420C-A6B5-0150A66FDB34}.Debug|Any CPU.Build.0 = Debug|Any CPU
		{077AA5F8-8B61-420C-A6B5-0150A66FDB34}.Release|Any CPU.ActiveCfg = Release|Any CPU
		{077AA5F8-8B61-420C-A6B5-0150A66FDB34}.Release|Any CPU.Build.0 = Release|Any CPU
		{36E2735F-CEAB-44C8-A6D1-2CDAFF399751}.Debug|Any CPU.ActiveCfg = Debug|Any CPU
		{36E2735F-CEAB-44C8-A6D1-2CDAFF399751}.Debug|Any CPU.Build.0 = Debug|Any CPU
		{36E2735F-CEAB-44C8-A6D1-2CDAFF399751}.Release|Any CPU.ActiveCfg = Release|Any CPU
		{36E2735F-CEAB-44C8-A6D1-2CDAFF399751}.Release|Any CPU.Build.0 = Release|Any CPU
		{F5F37D04-9AAE-4F3E-921E-F6400F91C831}.Debug|Any CPU.ActiveCfg = Debug|Any CPU
		{F5F37D04-9AAE-4F3E-921E-F6400F91C831}.Debug|Any CPU.Build.0 = Debug|Any CPU
		{F5F37D04-9AAE-4F3E-921E-F6400F91C831}.Release|Any CPU.ActiveCfg = Release|Any CPU
		{F5F37D04-9AAE-4F3E-921E-F6400F91C831}.Release|Any CPU.Build.0 = Release|Any CPU
		{772ACF23-26FD-4906-A09B-BAFBAAFFC974}.Debug|Any CPU.ActiveCfg = Debug|Any CPU
		{772ACF23-26FD-4906-A09B-BAFBAAFFC974}.Debug|Any CPU.Build.0 = Debug|Any CPU
		{772ACF23-26FD-4906-A09B-BAFBAAFFC974}.Release|Any CPU.ActiveCfg = Release|Any CPU
		{772ACF23-26FD-4906-A09B-BAFBAAFFC974}.Release|Any CPU.Build.0 = Release|Any CPU
		{92A400D9-901B-4054-9502-A6E144BA825B}.Debug|Any CPU.ActiveCfg = Debug|Any CPU
		{92A400D9-901B-4054-9502-A6E144BA825B}.Debug|Any CPU.Build.0 = Debug|Any CPU
		{92A400D9-901B-4054-9502-A6E144BA825B}.Release|Any CPU.ActiveCfg = Release|Any CPU
		{92A400D9-901B-4054-9502-A6E144BA825B}.Release|Any CPU.Build.0 = Release|Any CPU
		{DF4B31BC-0816-4FBE-BB06-974318265B2A}.Debug|Any CPU.ActiveCfg = Debug|Any CPU
		{DF4B31BC-0816-4FBE-BB06-974318265B2A}.Debug|Any CPU.Build.0 = Debug|Any CPU
		{DF4B31BC-0816-4FBE-BB06-974318265B2A}.Release|Any CPU.ActiveCfg = Release|Any CPU
		{DF4B31BC-0816-4FBE-BB06-974318265B2A}.Release|Any CPU.Build.0 = Release|Any CPU
		{90CB5DC4-C040-45C7-8900-9688B26405BC}.Debug|Any CPU.ActiveCfg = Debug|Any CPU
		{90CB5DC4-C040-45C7-8900-9688B26405BC}.Debug|Any CPU.Build.0 = Debug|Any CPU
		{90CB5DC4-C040-45C7-8900-9688B26405BC}.Release|Any CPU.ActiveCfg = Release|Any CPU
		{90CB5DC4-C040-45C7-8900-9688B26405BC}.Release|Any CPU.Build.0 = Release|Any CPU
		{E60895E5-79C4-447D-88B7-85CB5BA336A4}.Debug|Any CPU.ActiveCfg = Debug|Any CPU
		{E60895E5-79C4-447D-88B7-85CB5BA336A4}.Debug|Any CPU.Build.0 = Debug|Any CPU
		{E60895E5-79C4-447D-88B7-85CB5BA336A4}.Release|Any CPU.ActiveCfg = Release|Any CPU
		{E60895E5-79C4-447D-88B7-85CB5BA336A4}.Release|Any CPU.Build.0 = Release|Any CPU
		{527F645C-C1FC-406E-8479-81386C8ECF13}.Debug|Any CPU.ActiveCfg = Debug|Any CPU
		{527F645C-C1FC-406E-8479-81386C8ECF13}.Debug|Any CPU.Build.0 = Debug|Any CPU
		{527F645C-C1FC-406E-8479-81386C8ECF13}.Release|Any CPU.ActiveCfg = Release|Any CPU
		{527F645C-C1FC-406E-8479-81386C8ECF13}.Release|Any CPU.Build.0 = Release|Any CPU
		{C5BB573D-3030-4BCB-88B7-F6A85C32766C}.Debug|Any CPU.ActiveCfg = Debug|Any CPU
		{C5BB573D-3030-4BCB-88B7-F6A85C32766C}.Debug|Any CPU.Build.0 = Debug|Any CPU
		{C5BB573D-3030-4BCB-88B7-F6A85C32766C}.Release|Any CPU.ActiveCfg = Release|Any CPU
		{C5BB573D-3030-4BCB-88B7-F6A85C32766C}.Release|Any CPU.Build.0 = Release|Any CPU
		{EBF6129F-7735-42A4-882A-D0B442C2473F}.Debug|Any CPU.ActiveCfg = Debug|Any CPU
		{EBF6129F-7735-42A4-882A-D0B442C2473F}.Debug|Any CPU.Build.0 = Debug|Any CPU
		{EBF6129F-7735-42A4-882A-D0B442C2473F}.Release|Any CPU.ActiveCfg = Release|Any CPU
		{EBF6129F-7735-42A4-882A-D0B442C2473F}.Release|Any CPU.Build.0 = Release|Any CPU
		{94D59D44-DC95-48A7-9069-12B6D919E063}.Debug|Any CPU.ActiveCfg = Debug|Any CPU
		{94D59D44-DC95-48A7-9069-12B6D919E063}.Debug|Any CPU.Build.0 = Debug|Any CPU
		{94D59D44-DC95-48A7-9069-12B6D919E063}.Release|Any CPU.ActiveCfg = Release|Any CPU
		{94D59D44-DC95-48A7-9069-12B6D919E063}.Release|Any CPU.Build.0 = Release|Any CPU
		{FC8D3DF1-6937-4291-943E-BA818D8BA96A}.Debug|Any CPU.ActiveCfg = Debug|Any CPU
		{FC8D3DF1-6937-4291-943E-BA818D8BA96A}.Debug|Any CPU.Build.0 = Debug|Any CPU
		{FC8D3DF1-6937-4291-943E-BA818D8BA96A}.Release|Any CPU.ActiveCfg = Release|Any CPU
		{FC8D3DF1-6937-4291-943E-BA818D8BA96A}.Release|Any CPU.Build.0 = Release|Any CPU
		{1E48A9D2-E5DF-4A10-B525-31585CE50011}.Debug|Any CPU.ActiveCfg = Debug|Any CPU
		{1E48A9D2-E5DF-4A10-B525-31585CE50011}.Debug|Any CPU.Build.0 = Debug|Any CPU
		{1E48A9D2-E5DF-4A10-B525-31585CE50011}.Release|Any CPU.ActiveCfg = Release|Any CPU
		{1E48A9D2-E5DF-4A10-B525-31585CE50011}.Release|Any CPU.Build.0 = Release|Any CPU
		{959B256A-707F-48EF-AB6A-CAF7C229B9BB}.Debug|Any CPU.ActiveCfg = Debug|Any CPU
		{959B256A-707F-48EF-AB6A-CAF7C229B9BB}.Debug|Any CPU.Build.0 = Debug|Any CPU
		{959B256A-707F-48EF-AB6A-CAF7C229B9BB}.Release|Any CPU.ActiveCfg = Release|Any CPU
		{959B256A-707F-48EF-AB6A-CAF7C229B9BB}.Release|Any CPU.Build.0 = Release|Any CPU
		{484A5566-E088-49DE-8FEA-A4F64D053433}.Debug|Any CPU.ActiveCfg = Debug|Any CPU
		{484A5566-E088-49DE-8FEA-A4F64D053433}.Debug|Any CPU.Build.0 = Debug|Any CPU
		{484A5566-E088-49DE-8FEA-A4F64D053433}.Release|Any CPU.ActiveCfg = Release|Any CPU
		{484A5566-E088-49DE-8FEA-A4F64D053433}.Release|Any CPU.Build.0 = Release|Any CPU
		{6CC2A479-7735-48C3-8DB3-E38BC53C5524}.Debug|Any CPU.ActiveCfg = Debug|Any CPU
		{6CC2A479-7735-48C3-8DB3-E38BC53C5524}.Debug|Any CPU.Build.0 = Debug|Any CPU
		{6CC2A479-7735-48C3-8DB3-E38BC53C5524}.Release|Any CPU.ActiveCfg = Release|Any CPU
		{6CC2A479-7735-48C3-8DB3-E38BC53C5524}.Release|Any CPU.Build.0 = Release|Any CPU
		{E8545EAE-F0AD-4DC4-A48A-B6EDFF32DC0C}.Debug|Any CPU.ActiveCfg = Debug|Any CPU
		{E8545EAE-F0AD-4DC4-A48A-B6EDFF32DC0C}.Debug|Any CPU.Build.0 = Debug|Any CPU
		{E8545EAE-F0AD-4DC4-A48A-B6EDFF32DC0C}.Release|Any CPU.ActiveCfg = Release|Any CPU
		{E8545EAE-F0AD-4DC4-A48A-B6EDFF32DC0C}.Release|Any CPU.Build.0 = Release|Any CPU
		{38C43D7A-3011-4EED-AB5B-22DD08363608}.Debug|Any CPU.ActiveCfg = Debug|Any CPU
		{38C43D7A-3011-4EED-AB5B-22DD08363608}.Debug|Any CPU.Build.0 = Debug|Any CPU
		{38C43D7A-3011-4EED-AB5B-22DD08363608}.Release|Any CPU.ActiveCfg = Release|Any CPU
		{38C43D7A-3011-4EED-AB5B-22DD08363608}.Release|Any CPU.Build.0 = Release|Any CPU
		{56BF20B3-BC8A-441F-B771-35AA9EC69EA7}.Debug|Any CPU.ActiveCfg = Debug|Any CPU
		{56BF20B3-BC8A-441F-B771-35AA9EC69EA7}.Debug|Any CPU.Build.0 = Debug|Any CPU
		{56BF20B3-BC8A-441F-B771-35AA9EC69EA7}.Release|Any CPU.ActiveCfg = Release|Any CPU
		{56BF20B3-BC8A-441F-B771-35AA9EC69EA7}.Release|Any CPU.Build.0 = Release|Any CPU
		{F6809F0D-F31E-4654-A6E7-14D9AEB759CF}.Debug|Any CPU.ActiveCfg = Debug|Any CPU
		{F6809F0D-F31E-4654-A6E7-14D9AEB759CF}.Debug|Any CPU.Build.0 = Debug|Any CPU
		{F6809F0D-F31E-4654-A6E7-14D9AEB759CF}.Release|Any CPU.ActiveCfg = Release|Any CPU
		{F6809F0D-F31E-4654-A6E7-14D9AEB759CF}.Release|Any CPU.Build.0 = Release|Any CPU
		{A38FB79C-9469-4814-91AF-29A1372741AA}.Debug|Any CPU.ActiveCfg = Debug|Any CPU
		{A38FB79C-9469-4814-91AF-29A1372741AA}.Debug|Any CPU.Build.0 = Debug|Any CPU
		{A38FB79C-9469-4814-91AF-29A1372741AA}.Release|Any CPU.ActiveCfg = Release|Any CPU
		{A38FB79C-9469-4814-91AF-29A1372741AA}.Release|Any CPU.Build.0 = Release|Any CPU
		{A3D9DC93-184F-4E6B-9980-B35FB6DE7D7A}.Debug|Any CPU.ActiveCfg = Debug|Any CPU
		{A3D9DC93-184F-4E6B-9980-B35FB6DE7D7A}.Debug|Any CPU.Build.0 = Debug|Any CPU
		{A3D9DC93-184F-4E6B-9980-B35FB6DE7D7A}.Release|Any CPU.ActiveCfg = Release|Any CPU
		{A3D9DC93-184F-4E6B-9980-B35FB6DE7D7A}.Release|Any CPU.Build.0 = Release|Any CPU
		{B491517B-43C0-46C0-9BD2-98BB1389EE7F}.Debug|Any CPU.ActiveCfg = Debug|Any CPU
		{B491517B-43C0-46C0-9BD2-98BB1389EE7F}.Debug|Any CPU.Build.0 = Debug|Any CPU
		{B491517B-43C0-46C0-9BD2-98BB1389EE7F}.Release|Any CPU.ActiveCfg = Release|Any CPU
		{B491517B-43C0-46C0-9BD2-98BB1389EE7F}.Release|Any CPU.Build.0 = Release|Any CPU
		{B66C5B3F-4A79-4B27-81E4-46F43DC9F92E}.Debug|Any CPU.ActiveCfg = Debug|Any CPU
		{B66C5B3F-4A79-4B27-81E4-46F43DC9F92E}.Debug|Any CPU.Build.0 = Debug|Any CPU
		{B66C5B3F-4A79-4B27-81E4-46F43DC9F92E}.Release|Any CPU.ActiveCfg = Release|Any CPU
		{B66C5B3F-4A79-4B27-81E4-46F43DC9F92E}.Release|Any CPU.Build.0 = Release|Any CPU
		{06A814BB-6615-4E0F-B091-920C05615070}.Debug|Any CPU.ActiveCfg = Debug|Any CPU
		{06A814BB-6615-4E0F-B091-920C05615070}.Debug|Any CPU.Build.0 = Debug|Any CPU
		{06A814BB-6615-4E0F-B091-920C05615070}.Release|Any CPU.ActiveCfg = Release|Any CPU
		{06A814BB-6615-4E0F-B091-920C05615070}.Release|Any CPU.Build.0 = Release|Any CPU
		{19A2FAE2-2EC5-438F-8936-B32D4039E0E0}.Debug|Any CPU.ActiveCfg = Debug|Any CPU
		{19A2FAE2-2EC5-438F-8936-B32D4039E0E0}.Debug|Any CPU.Build.0 = Debug|Any CPU
		{19A2FAE2-2EC5-438F-8936-B32D4039E0E0}.Release|Any CPU.ActiveCfg = Release|Any CPU
		{19A2FAE2-2EC5-438F-8936-B32D4039E0E0}.Release|Any CPU.Build.0 = Release|Any CPU
		{AE5BEB46-4F50-4177-8A2B-22AD0932222B}.Debug|Any CPU.ActiveCfg = Debug|Any CPU
		{AE5BEB46-4F50-4177-8A2B-22AD0932222B}.Debug|Any CPU.Build.0 = Debug|Any CPU
		{AE5BEB46-4F50-4177-8A2B-22AD0932222B}.Release|Any CPU.ActiveCfg = Release|Any CPU
		{AE5BEB46-4F50-4177-8A2B-22AD0932222B}.Release|Any CPU.Build.0 = Release|Any CPU
		{54033190-9FB5-4DE8-9E36-2CD3801BD771}.Debug|Any CPU.ActiveCfg = Debug|Any CPU
		{54033190-9FB5-4DE8-9E36-2CD3801BD771}.Debug|Any CPU.Build.0 = Debug|Any CPU
		{54033190-9FB5-4DE8-9E36-2CD3801BD771}.Release|Any CPU.ActiveCfg = Release|Any CPU
		{54033190-9FB5-4DE8-9E36-2CD3801BD771}.Release|Any CPU.Build.0 = Release|Any CPU
	EndGlobalSection
	GlobalSection(SolutionProperties) = preSolution
		HideSolutionNode = FALSE
	EndGlobalSection
	GlobalSection(NestedProjects) = preSolution
		{2882023E-7B48-4DEB-B94D-A841FB7DE8AF} = {FD28348C-7FAF-4774-825E-AD0638BEE55E}
		{FD28348C-7FAF-4774-825E-AD0638BEE55E} = {005226C7-DCC8-44DA-B135-0BD398DB7397}
		{08BF6C04-BDB5-4727-8E56-D33BB227E9F9} = {FD28348C-7FAF-4774-825E-AD0638BEE55E}
		{192E7920-F02C-4AFA-AB71-6863E7E8BCA1} = {FD28348C-7FAF-4774-825E-AD0638BEE55E}
		{7D13E2EE-C2BE-4FA4-8720-3DA77B143C21} = {FD28348C-7FAF-4774-825E-AD0638BEE55E}
		{9A3FA3F2-3981-4168-B147-386ABEBB8D6A} = {005226C7-DCC8-44DA-B135-0BD398DB7397}
		{A2289A31-5688-470B-AD3B-2594BD629405} = {9A3FA3F2-3981-4168-B147-386ABEBB8D6A}
		{A947ADC9-75F0-44A2-BD82-0AED314D77FA} = {9A3FA3F2-3981-4168-B147-386ABEBB8D6A}
		{A719150F-E9DC-4DA6-AF8C-1B7EF5516F0C} = {9A3FA3F2-3981-4168-B147-386ABEBB8D6A}
		{D5FF483C-385C-4D94-B54C-6822D1CE9F4B} = {9A3FA3F2-3981-4168-B147-386ABEBB8D6A}
		{17CA8DA9-8B61-48E6-B707-B03C777F287E} = {005226C7-DCC8-44DA-B135-0BD398DB7397}
		{77452202-045F-441B-9228-1BD2513C73D5} = {17CA8DA9-8B61-48E6-B707-B03C777F287E}
		{BAF6DD1A-FB0A-4F9B-848E-B2A4137A7E1D} = {17CA8DA9-8B61-48E6-B707-B03C777F287E}
		{9F409E86-39C2-4761-91D8-CD474CB80744} = {17CA8DA9-8B61-48E6-B707-B03C777F287E}
		{37B135B0-DAFE-4616-B25C-1BDF32FC44A2} = {649A3FFA-182F-4E56-9717-E6A9A2BEC545}
		{690203F4-3CD5-4569-88D9-EE831EEA5F5F} = {F5F82442-1A04-4473-BE5E-CFFF67394C5C}
		{52FA176B-EC41-4816-AD82-389EC0528FF5} = {96A21436-DAEC-4062-B2FC-6117FD58AD4D}
		{78040F9E-3501-4A40-82DF-00A597710F35} = {649A3FFA-182F-4E56-9717-E6A9A2BEC545}
		{BD65D04F-08D5-40C1-8C24-77CA0BACB877} = {649A3FFA-182F-4E56-9717-E6A9A2BEC545}
		{321F0270-8344-41A1-A4A3-A87DBFFB4B8F} = {649A3FFA-182F-4E56-9717-E6A9A2BEC545}
		{9FC476A4-63EF-4F17-9983-2795354F3CA1} = {649A3FFA-182F-4E56-9717-E6A9A2BEC545}
		{C367D833-4E60-4CE2-B44C-7308794AD293} = {649A3FFA-182F-4E56-9717-E6A9A2BEC545}
		{F2840BC7-0188-4606-9126-DADD0F5ABF7A} = {649A3FFA-182F-4E56-9717-E6A9A2BEC545}
		{D64C1577-4929-4B60-939E-96DE1534891A} = {649A3FFA-182F-4E56-9717-E6A9A2BEC545}
		{0CE86223-D31D-4315-A1F5-87BA3EE1B844} = {649A3FFA-182F-4E56-9717-E6A9A2BEC545}
		{077AA5F8-8B61-420C-A6B5-0150A66FDB34} = {649A3FFA-182F-4E56-9717-E6A9A2BEC545}
		{36E2735F-CEAB-44C8-A6D1-2CDAFF399751} = {649A3FFA-182F-4E56-9717-E6A9A2BEC545}
		{F5F37D04-9AAE-4F3E-921E-F6400F91C831} = {96A21436-DAEC-4062-B2FC-6117FD58AD4D}
		{772ACF23-26FD-4906-A09B-BAFBAAFFC974} = {96A21436-DAEC-4062-B2FC-6117FD58AD4D}
		{92A400D9-901B-4054-9502-A6E144BA825B} = {96A21436-DAEC-4062-B2FC-6117FD58AD4D}
		{DF4B31BC-0816-4FBE-BB06-974318265B2A} = {96A21436-DAEC-4062-B2FC-6117FD58AD4D}
		{90CB5DC4-C040-45C7-8900-9688B26405BC} = {CCD2960C-23CC-4AB4-B84D-60C7AAA52F4D}
		{E60895E5-79C4-447D-88B7-85CB5BA336A4} = {CCD2960C-23CC-4AB4-B84D-60C7AAA52F4D}
		{527F645C-C1FC-406E-8479-81386C8ECF13} = {CCD2960C-23CC-4AB4-B84D-60C7AAA52F4D}
		{C5BB573D-3030-4BCB-88B7-F6A85C32766C} = {CCD2960C-23CC-4AB4-B84D-60C7AAA52F4D}
		{EBF6129F-7735-42A4-882A-D0B442C2473F} = {96A21436-DAEC-4062-B2FC-6117FD58AD4D}
		{94D59D44-DC95-48A7-9069-12B6D919E063} = {96A21436-DAEC-4062-B2FC-6117FD58AD4D}
		{FC8D3DF1-6937-4291-943E-BA818D8BA96A} = {F5F82442-1A04-4473-BE5E-CFFF67394C5C}
		{1E48A9D2-E5DF-4A10-B525-31585CE50011} = {F5F82442-1A04-4473-BE5E-CFFF67394C5C}
		{959B256A-707F-48EF-AB6A-CAF7C229B9BB} = {FE95FE29-C910-457C-8A07-8C5F0A2F87B1}
		{484A5566-E088-49DE-8FEA-A4F64D053433} = {FE95FE29-C910-457C-8A07-8C5F0A2F87B1}
		{6CC2A479-7735-48C3-8DB3-E38BC53C5524} = {FE95FE29-C910-457C-8A07-8C5F0A2F87B1}
		{E8545EAE-F0AD-4DC4-A48A-B6EDFF32DC0C} = {FE95FE29-C910-457C-8A07-8C5F0A2F87B1}
		{38C43D7A-3011-4EED-AB5B-22DD08363608} = {FE95FE29-C910-457C-8A07-8C5F0A2F87B1}
		{56BF20B3-BC8A-441F-B771-35AA9EC69EA7} = {FE95FE29-C910-457C-8A07-8C5F0A2F87B1}
		{F6809F0D-F31E-4654-A6E7-14D9AEB759CF} = {FE95FE29-C910-457C-8A07-8C5F0A2F87B1}
		{A38FB79C-9469-4814-91AF-29A1372741AA} = {FE95FE29-C910-457C-8A07-8C5F0A2F87B1}
		{A3D9DC93-184F-4E6B-9980-B35FB6DE7D7A} = {915F14F3-3C73-4851-8F6F-B111F80CF9BF}
		{B491517B-43C0-46C0-9BD2-98BB1389EE7F} = {915F14F3-3C73-4851-8F6F-B111F80CF9BF}
		{B66C5B3F-4A79-4B27-81E4-46F43DC9F92E} = {915F14F3-3C73-4851-8F6F-B111F80CF9BF}
		{06A814BB-6615-4E0F-B091-920C05615070} = {915F14F3-3C73-4851-8F6F-B111F80CF9BF}
		{19A2FAE2-2EC5-438F-8936-B32D4039E0E0} = {915F14F3-3C73-4851-8F6F-B111F80CF9BF}
		{AE5BEB46-4F50-4177-8A2B-22AD0932222B} = {915F14F3-3C73-4851-8F6F-B111F80CF9BF}
		{54033190-9FB5-4DE8-9E36-2CD3801BD771} = {915F14F3-3C73-4851-8F6F-B111F80CF9BF}
	EndGlobalSection
	GlobalSection(ExtensibilityGlobals) = postSolution
		SolutionGuid = {4324B3B4-B60B-4E3C-91D8-59576B4E26DD}
	EndGlobalSection
EndGlobal
